// !$*UTF8*$!
{
	archiveVersion = 1;
	classes = {
	};
	objectVersion = 46;
	objects = {
/* Begin PBXBuildFile section */
		0207DA581B56EA530066E2B4 /* Images.xcassets in Resources */ = {isa = PBXBuildFile; fileRef = 0207DA571B56EA530066E2B4 /* Images.xcassets */; };
		1D3623260D0F684500981E51 /* AppDelegate.m in Sources */ = {isa = PBXBuildFile; fileRef = 1D3623250D0F684500981E51 /* AppDelegate.m */; };
		1D60589B0D05DD56006BFB54 /* main.m in Sources */ = {isa = PBXBuildFile; fileRef = 29B97316FDCFA39411CA2CEA /* main.m */; };
		301BF552109A68D80062928A /* libCordova.a in Frameworks */ = {isa = PBXBuildFile; fileRef = 301BF535109A57CC0062928A /* libCordova.a */; };
		302D95F114D2391D003F00A1 /* MainViewController.m in Sources */ = {isa = PBXBuildFile; fileRef = 302D95EF14D2391D003F00A1 /* MainViewController.m */; };
		302D95F214D2391D003F00A1 /* MainViewController.xib in Resources */ = {isa = PBXBuildFile; fileRef = 302D95F014D2391D003F00A1 /* MainViewController.xib */; };
		3047A5121AB8059700498E2A /* build-debug.xcconfig in Resources */ = {isa = PBXBuildFile; fileRef = 3047A50F1AB8059700498E2A /* build-debug.xcconfig */; };
		3047A5131AB8059700498E2A /* build-release.xcconfig in Resources */ = {isa = PBXBuildFile; fileRef = 3047A5101AB8059700498E2A /* build-release.xcconfig */; };
		3047A5141AB8059700498E2A /* build.xcconfig in Resources */ = {isa = PBXBuildFile; fileRef = 3047A5111AB8059700498E2A /* build.xcconfig */; };
		6AFF5BF91D6E424B00AB3073 /* CDVLaunchScreen.storyboard in Resources */ = {isa = PBXBuildFile; fileRef = 6AFF5BF81D6E424B00AB3073 /* CDVLaunchScreen.storyboard */; };
		6EC4A9A1B0D64762BD8F2733 /* ApiAIPlugin.m in Sources */ = {isa = PBXBuildFile; fileRef = F6AED6297318471CBE1D43C2 /* ApiAIPlugin.m */; settings = {COMPILER_FLAGS = "-std=gnu99 -fmodules"; }; };
		D777A0EFF3B74F79A68ED3B7 /* beep.caf in Resources */ = {isa = PBXBuildFile; fileRef = BF72CFC8611445CFB4ABD8EF /* beep.caf */; };
		B004739BDC1E45E394DF7F16 /* ApiAI.framework in Frameworks */ = {isa = PBXBuildFile; fileRef = F616E39A60714C529BC06C62 /* ApiAI.framework */; };
		A94696A005CE456CA326CA64 /* Security.framework in Frameworks */ = {isa = PBXBuildFile; fileRef = AA46366B092846D4BCCAA479 /* Security.framework */; };
		5912C28AE93F45C39987CE64 /* Foundation.framework in Frameworks */ = {isa = PBXBuildFile; fileRef = 5E89132726624B439B51F71D /* Foundation.framework */; };
		67E9AF3964FB4DC7A1168269 /* CoreAudio.framework in Frameworks */ = {isa = PBXBuildFile; fileRef = A2B684AE99B3475492647817 /* CoreAudio.framework */; };
		34C0252B28A54D9E9FC40CDD /* AudioToolbox.framework in Frameworks */ = {isa = PBXBuildFile; fileRef = 89F25C220B3440929B217BC7 /* AudioToolbox.framework */; };
		6DD3C45588DE426F95AC3AD3 /* UIImage+CropScaleOrientation.m in Sources */ = {isa = PBXBuildFile; fileRef = 507B5331E08C442AA88677AC /* UIImage+CropScaleOrientation.m */; };
		845DF65C4ECA4C199FC0F1F5 /* CDVCamera.m in Sources */ = {isa = PBXBuildFile; fileRef = A0B97EFEE9E4433CAE973AA1 /* CDVCamera.m */; };
		1430DB4007FC4CF0A4DBCCD8 /* CDVJpegHeaderWriter.m in Sources */ = {isa = PBXBuildFile; fileRef = AF883D97ED2A41A482ED0A1C /* CDVJpegHeaderWriter.m */; };
		E204F0AFC75243E3BF98DC78 /* ImageIO.framework in Frameworks */ = {isa = PBXBuildFile; fileRef = C6A08864D8B145B0A384F456 /* ImageIO.framework */; settings = {ATTRIBUTES = (Weak, ); }; };
		4F1E440C66D64058A288527A /* CoreLocation.framework in Frameworks */ = {isa = PBXBuildFile; fileRef = 524F810E77684630A2E969F3 /* CoreLocation.framework */; };
		6890AB96282B416DBC76C6EB /* AVFoundation.framework in Frameworks */ = {isa = PBXBuildFile; fileRef = 8F51A8645F43418C9196D3FF /* AVFoundation.framework */; };
		66D293ADB08C47CBB5056283 /* DatePicker.m in Sources */ = {isa = PBXBuildFile; fileRef = DD47ADDB149048F29E8C957F /* DatePicker.m */; };
		4130E478DCA7408384BFE51F /* DatePicker.xib in Resources */ = {isa = PBXBuildFile; fileRef = D3B11F071F964DD3B169BA6D /* DatePicker.xib */; };
		B5A18D555526484FA27C35B5 /* CDVDevice.m in Sources */ = {isa = PBXBuildFile; fileRef = 060CCADDD5954CE7BEE36CF9 /* CDVDevice.m */; };
		B6E9EE97691E4CE08481E537 /* APPEmailComposer.m in Sources */ = {isa = PBXBuildFile; fileRef = 96AF1E9628EC4D89AFE7F326 /* APPEmailComposer.m */; };
		F2FE207B4FD24940831CB11B /* APPEmailComposerImpl.m in Sources */ = {isa = PBXBuildFile; fileRef = A6E8496A6AA04FD3A0D77E7F /* APPEmailComposerImpl.m */; };
		8B50326F7EAD42EE813365A7 /* MessageUI.framework in Frameworks */ = {isa = PBXBuildFile; fileRef = D07FEA60C7B0473D99287FF2 /* MessageUI.framework */; };
		D6A9C7F5515E413D99E1525B /* FCMPlugin.m in Sources */ = {isa = PBXBuildFile; fileRef = 4DA3441208924695B7D0B753 /* FCMPlugin.m */; };
		85A610D7DE504EBC9FFFD6B5 /* AppDelegate+FCMPlugin.m in Sources */ = {isa = PBXBuildFile; fileRef = 523D727992064C35A0861A08 /* AppDelegate+FCMPlugin.m */; };
		34E5CA88DCFD476594A3A2BC /* GoogleService-Info.plist in Resources */ = {isa = PBXBuildFile; fileRef = 760906EA5B7A4BD4B0F115CB /* GoogleService-Info.plist */; };
		0E5D529DDDA7464B8C3033D2 /* FirebaseAnalytics.framework in Frameworks */ = {isa = PBXBuildFile; fileRef = C6C9D52B160743D490E4A116 /* FirebaseAnalytics.framework */; };
		ED098C080F9F4B5A8413BB06 /* FirebaseCore.framework in Frameworks */ = {isa = PBXBuildFile; fileRef = 51E13243FE27425BA14D2D7D /* FirebaseCore.framework */; };
		550038574FF142C2898DD5D6 /* FirebaseInstanceID.framework in Frameworks */ = {isa = PBXBuildFile; fileRef = 51F69A46E93D4721AFE65949 /* FirebaseInstanceID.framework */; };
		54AC047D7D694CA88EA126C7 /* FirebaseMessaging.framework in Frameworks */ = {isa = PBXBuildFile; fileRef = 4A72A18173444FF7A4253977 /* FirebaseMessaging.framework */; };
		89A4E67D97CD42519DA7E8D7 /* GoogleInterchangeUtilities.framework in Frameworks */ = {isa = PBXBuildFile; fileRef = F54B199726DC4B758106B56A /* GoogleInterchangeUtilities.framework */; };
		9C16F95769124455A4915E99 /* GoogleIPhoneUtilities.framework in Frameworks */ = {isa = PBXBuildFile; fileRef = 94F26717119D4B0A9B60F0E5 /* GoogleIPhoneUtilities.framework */; };
		4CF0963A3DCC4509B39BF1E8 /* GoogleSymbolUtilities.framework in Frameworks */ = {isa = PBXBuildFile; fileRef = DF6E5B97034C414988FBCC54 /* GoogleSymbolUtilities.framework */; };
		CEDE0E02896041C69457B078 /* GoogleUtilities.framework in Frameworks */ = {isa = PBXBuildFile; fileRef = D8A7FF6A3F4A4AA9B5D6898C /* GoogleUtilities.framework */; };
		B118830850FA455CA840E9E9 /* libc++.tbd in Frameworks */ = {isa = PBXBuildFile; fileRef = B64E95BFEA4D435590358C73 /* libc++.tbd */; };
		70185A2FF7674BC0AC873777 /* libz.tbd in Frameworks */ = {isa = PBXBuildFile; fileRef = B2EC77374491495EAF35360F /* libz.tbd */; };
		E7EE993FC7E041198CF131A5 /* AddressBook.framework in Frameworks */ = {isa = PBXBuildFile; fileRef = 7B7E456CDF324C76A8156249 /* AddressBook.framework */; };
		34C66AC63A59496E9756347B /* libsqlite3.0.tbd in Frameworks */ = {isa = PBXBuildFile; fileRef = 42B8887B3FB047B6B43E1BEC /* libsqlite3.0.tbd */; };
		D213F499DF4644BE808C46B9 /* AppDelegate+FirebasePlugin.m in Sources */ = {isa = PBXBuildFile; fileRef = B8630B9AF329467A804E3F58 /* AppDelegate+FirebasePlugin.m */; };
		5C87AD1D032E4512A3F8CF48 /* FirebasePlugin.m in Sources */ = {isa = PBXBuildFile; fileRef = 1A82E47110534DB7A60F048C /* FirebasePlugin.m */; };
		59690254212C4096B58F8F51 /* Crashlytics.framework in Frameworks */ = {isa = PBXBuildFile; fileRef = 92796BE246FD4039AF8E61AE /* Crashlytics.framework */; };
		B99C84180DBB49748853C90C /* Fabric.framework in Frameworks */ = {isa = PBXBuildFile; fileRef = 0D5517AD3626497F846DA13A /* Fabric.framework */; };
		5F381BF7498E47BA89F1F438 /* GoogleAppMeasurement.framework in Frameworks */ = {isa = PBXBuildFile; fileRef = F70A0ED9C0F349A8B06BD260 /* GoogleAppMeasurement.framework */; };
		8FA30B8B5CEA44988BF5C615 /* MeasurementNanoPB.framework in Frameworks */ = {isa = PBXBuildFile; fileRef = 4977C9FD434E4129A4A76069 /* MeasurementNanoPB.framework */; };
		BD4B500B1F614E74A16C7279 /* FirebaseCore.framework in Frameworks */ = {isa = PBXBuildFile; fileRef = C76AE050924049DCA93BDDA0 /* FirebaseCore.framework */; };
		DDDF7744A0054300AE117EFA /* FirebaseAnalytics.framework in Frameworks */ = {isa = PBXBuildFile; fileRef = B62D195F1B3D4243BB61E29D /* FirebaseAnalytics.framework */; };
		35047047644D4FFF89D4F5A1 /* GoogleUtilities.framework in Frameworks */ = {isa = PBXBuildFile; fileRef = 1E7DE1D26EA14197A6DC1DBD /* GoogleUtilities.framework */; };
		F57CA49797374B2AB77F9CF2 /* nanopb.framework in Frameworks */ = {isa = PBXBuildFile; fileRef = FBFDCA2FA1CA4A798BED472B /* nanopb.framework */; };
		C5F55790ABEC43648E99DA80 /* FirebaseInstanceID.framework in Frameworks */ = {isa = PBXBuildFile; fileRef = 01880F8ADCEA45DE93C96128 /* FirebaseInstanceID.framework */; };
		695C42F9243D4FDFBFE05AD4 /* FirebaseCoreDiagnostics.framework in Frameworks */ = {isa = PBXBuildFile; fileRef = 3142DF3853EE4CEFAB5148E7 /* FirebaseCoreDiagnostics.framework */; };
		651789713C3B411EACCAF0A8 /* GTMSessionFetcher.framework in Frameworks */ = {isa = PBXBuildFile; fileRef = 13B114AA670549BC83B30B81 /* GTMSessionFetcher.framework */; };
		CB8B398986E846659F54F9DE /* FirebaseAuth.framework in Frameworks */ = {isa = PBXBuildFile; fileRef = 4ECB028AC31F4347A58B6C0E /* FirebaseAuth.framework */; };
		BF78D1282AB74D7BB2C03CAF /* FirebaseMessaging.framework in Frameworks */ = {isa = PBXBuildFile; fileRef = 90EE5E1B504A4BBD8B0DA468 /* FirebaseMessaging.framework */; };
		92095400A08E4D17B401FD20 /* GoogleToolboxForMac.framework in Frameworks */ = {isa = PBXBuildFile; fileRef = ECB8E477AA2D4CFB80E230D2 /* GoogleToolboxForMac.framework */; };
		2ADF47C9471F40CCAFF142B4 /* FirebasePerformance.framework in Frameworks */ = {isa = PBXBuildFile; fileRef = DB0D26F87A2C42DEA7346ADD /* FirebasePerformance.framework */; };
		B2A5ED075DB043D8ABB35F30 /* Protobuf.framework in Frameworks */ = {isa = PBXBuildFile; fileRef = E94D162B229648E59FF52582 /* Protobuf.framework */; };
		2B6FD4FEF1D148268D3C4F10 /* FirebaseRemoteConfig.framework in Frameworks */ = {isa = PBXBuildFile; fileRef = 40ACCF74336D4336B498AF45 /* FirebaseRemoteConfig.framework */; };
		71872B402158481CB25EDD5B /* FirebaseABTesting.framework in Frameworks */ = {isa = PBXBuildFile; fileRef = 4EDEFDA8DD8F41EF92533BAE /* FirebaseABTesting.framework */; };
		00058E06745349CFB20CD984 /* CDVIonicKeyboard.m in Sources */ = {isa = PBXBuildFile; fileRef = 29C0B7AEEC084E708C7DE748 /* CDVIonicKeyboard.m */; };
		EC197789799540638EEE35EB /* CDVWKWebViewEngine.m in Sources */ = {isa = PBXBuildFile; fileRef = 738A1D1F960D42E58C1142FB /* CDVWKWebViewEngine.m */; };
		B638F0BD95BD49CFA85AC1A4 /* CDVWKWebViewUIDelegate.m in Sources */ = {isa = PBXBuildFile; fileRef = 7A7C8390868E4CF290925E21 /* CDVWKWebViewUIDelegate.m */; };
		15692EDA4229418E916D79CA /* CDVWKProcessPoolFactory.m in Sources */ = {isa = PBXBuildFile; fileRef = 14C168525FAA47CCB32F52D1 /* CDVWKProcessPoolFactory.m */; };
		0FFFCB4BEEC14847942046B5 /* GCDWebServer.m in Sources */ = {isa = PBXBuildFile; fileRef = F6B3F7E1D1F3446EB1416AF4 /* GCDWebServer.m */; };
		2AF970DE7FCF4471903E185B /* GCDWebServerConnection.m in Sources */ = {isa = PBXBuildFile; fileRef = 350955D2760D4B2D993714A4 /* GCDWebServerConnection.m */; };
		D0A70D3674A2450D940E95DD /* GCDWebServerFunctions.m in Sources */ = {isa = PBXBuildFile; fileRef = 6FBC88A69F3E40B6A90AB800 /* GCDWebServerFunctions.m */; };
		1266863546E5417D8430E11C /* GCDWebServerRequest.m in Sources */ = {isa = PBXBuildFile; fileRef = 79C2A00EE4CC4B27A48F5856 /* GCDWebServerRequest.m */; };
		127F6F6BDA134445B7C294CE /* GCDWebServerResponse.m in Sources */ = {isa = PBXBuildFile; fileRef = E990FF2F90CC4AC5849B6E2F /* GCDWebServerResponse.m */; };
		172D0936F8C540F194763DA8 /* GCDWebServerDataRequest.m in Sources */ = {isa = PBXBuildFile; fileRef = 675C5C42F8334FFC92CC0BAF /* GCDWebServerDataRequest.m */; };
		CA783BBE72654129923A077D /* GCDWebServerFileRequest.m in Sources */ = {isa = PBXBuildFile; fileRef = C7FA8F1624F242D3A89DD168 /* GCDWebServerFileRequest.m */; };
		AA318FF578DA44D8AECE1D30 /* GCDWebServerMultiPartFormRequest.m in Sources */ = {isa = PBXBuildFile; fileRef = 62352ACD7FD946E9B6B88BD6 /* GCDWebServerMultiPartFormRequest.m */; };
		81FE6C188ECD4BA3B680D1A1 /* GCDWebServerURLEncodedFormRequest.m in Sources */ = {isa = PBXBuildFile; fileRef = 4BC13B2D90204AE3A9BE88F3 /* GCDWebServerURLEncodedFormRequest.m */; };
		B5460889E17D4EA2B66EB65A /* GCDWebServerDataResponse.m in Sources */ = {isa = PBXBuildFile; fileRef = 3E1FD72691E44326A3B73108 /* GCDWebServerDataResponse.m */; };
		69B9CFB42D7841D79E16E14A /* GCDWebServerErrorResponse.m in Sources */ = {isa = PBXBuildFile; fileRef = 8B06933534BF474B86C1F515 /* GCDWebServerErrorResponse.m */; };
		6290DF2AD5604603B49AE99E /* GCDWebServerFileResponse.m in Sources */ = {isa = PBXBuildFile; fileRef = BC440AC251804A92BA038828 /* GCDWebServerFileResponse.m */; };
		B12953EB37764689B908B8D8 /* GCDWebServerStreamedResponse.m in Sources */ = {isa = PBXBuildFile; fileRef = 3B8A6756FCFA40ECA3C60E19 /* GCDWebServerStreamedResponse.m */; };
		B8C2B8C3632042E681E9A527 /* WebKit.framework in Frameworks */ = {isa = PBXBuildFile; fileRef = FDB26CF48A574AEFB034DE85 /* WebKit.framework */; settings = {ATTRIBUTES = (Weak, ); }; };
		5F67AEC902114A5CAAE36452 /* CDVConnection.m in Sources */ = {isa = PBXBuildFile; fileRef = 1DCBCE2B30A14313B64FE95E /* CDVConnection.m */; };
		C492BD05B62E48FA8D03DE9D /* CDVReachability.m in Sources */ = {isa = PBXBuildFile; fileRef = E9A7B6BEF4D4471890536405 /* CDVReachability.m */; };
		BEC9033D48B54E6EBE85783B /* SystemConfiguration.framework in Frameworks */ = {isa = PBXBuildFile; fileRef = 113305A046624C689F263BA1 /* SystemConfiguration.framework */; settings = {ATTRIBUTES = (Weak, ); }; };
		F9CB64C9AC904256AA1200D3 /* CoreTelephony.framework in Frameworks */ = {isa = PBXBuildFile; fileRef = 40F3FD7827254DC0B8450C13 /* CoreTelephony.framework */; };
		357B63C573D643B493AD9062 /* CDVOrientation.m in Sources */ = {isa = PBXBuildFile; fileRef = 4608198ED93040AA9A4EE45E /* CDVOrientation.m */; };
		1A91ED4599944BE1A68E71F3 /* CDVSplashScreen.m in Sources */ = {isa = PBXBuildFile; fileRef = 679B70F0B7C6404F9DCC4F13 /* CDVSplashScreen.m */; };
		07C466673C6D4D42BDEA2779 /* CDVViewController+SplashScreen.m in Sources */ = {isa = PBXBuildFile; fileRef = 20621F7FDD6144E09FBACA89 /* CDVViewController+SplashScreen.m */; };
		91DB56BF76194D8198BEEC35 /* CDVStatusBar.m in Sources */ = {isa = PBXBuildFile; fileRef = 488BB5F7DDB0486EB5A107BA /* CDVStatusBar.m */; };
		2D28F86534184E799E0D0382 /* Toast+UIView.m in Sources */ = {isa = PBXBuildFile; fileRef = ED0A0713C56A415CBFBB059A /* Toast+UIView.m */; };
		3BD4537EA14F411CAAEAFB54 /* Toast.m in Sources */ = {isa = PBXBuildFile; fileRef = 759A644361E4479B8DF7AE40 /* Toast.m */; };
		1CF58D65F49145B7B69F4FD6 /* QuartzCore.framework in Frameworks */ = {isa = PBXBuildFile; fileRef = E936224FE5824F0BB7E686DC /* QuartzCore.framework */; };
		1F9F2BE3FFD1431789E1FE2D /* SQLitePlugin.m in Sources */ = {isa = PBXBuildFile; fileRef = 20B5E34D253B4E9F9C7495C9 /* SQLitePlugin.m */; };
		F4A677C2B36641BA854A8980 /* PSPDFThreadSafeMutableDictionary.m in Sources */ = {isa = PBXBuildFile; fileRef = 39E52CC056554DE4ACFF9738 /* PSPDFThreadSafeMutableDictionary.m */; settings = {COMPILER_FLAGS = "-w"; }; };
		49BF480C984D482E87A4DEDC /* sqlite3.c in Resources */ = {isa = PBXBuildFile; fileRef = 3601F69AAFDB4F468A81C835 /* sqlite3.c */; settings = {COMPILER_FLAGS = "-w -DSQLITE_THREADSAFE=1 -DSQLITE_DEFAULT_SYNCHRONOUS=3 -DSQLITE_DEFAULT_MEMSTATUS=0 -DSQLITE_OMIT_DECLTYPE -DSQLITE_OMIT_DEPRECATED -DSQLITE_OMIT_PROGRESS_CALLBACK -DSQLITE_OMIT_SHARED_CACHE -DSQLITE_TEMP_STORE=2 -DSQLITE_OMIT_LOAD_EXTENSION -DSQLITE_ENABLE_FTS3 -DSQLITE_ENABLE_FTS3_PARENTHESIS -DSQLITE_ENABLE_FTS4 -DSQLITE_ENABLE_RTREE -DSQLITE_DEFAULT_PAGE_SIZE=1024"; }; };
		D5C3BA3C0B9B4446A86D486C /* IonicKeyboard.m in Sources */ = {isa = PBXBuildFile; fileRef = E1538442F4B14D6FBA4FEA2E /* IonicKeyboard.m */; };
		A4B5A94F951E4157B1085629 /* CDVBarcodeScanner.mm in Resources */ = {isa = PBXBuildFile; fileRef = 21E9CE2E6D4545238DBA75AD /* CDVBarcodeScanner.mm */; };
		17E20D2AD6D144A8B06FC30F /* scannerOverlay.xib in Resources */ = {isa = PBXBuildFile; fileRef = 40180812C1194EB6BE12C4F1 /* scannerOverlay.xib */; };
		62A260B2F7BE44C9B842E7FB /* CDVBarcodeScanner.bundle in Resources */ = {isa = PBXBuildFile; fileRef = D3785850A9BF47EEB5D2366E /* CDVBarcodeScanner.bundle */; };
/* End PBXBuildFile section */

/* Begin PBXContainerItemProxy section */
		301BF534109A57CC0062928A /* PBXContainerItemProxy */ = {
			isa = PBXContainerItemProxy;
			containerPortal = 301BF52D109A57CC0062928A /* CordovaLib.xcodeproj */;
			proxyType = 2;
			remoteGlobalIDString = D2AAC07E0554694100DB518D;
			remoteInfo = CordovaLib;
		};
		301BF550109A68C00062928A /* PBXContainerItemProxy */ = {
			isa = PBXContainerItemProxy;
			containerPortal = 301BF52D109A57CC0062928A /* CordovaLib.xcodeproj */;
			proxyType = 1;
			remoteGlobalIDString = D2AAC07D0554694100DB518D;
			remoteInfo = CordovaLib;
		};
/* End PBXContainerItemProxy section */

/* Begin PBXFileReference section */
		0207DA571B56EA530066E2B4 /* Images.xcassets */ = {isa = PBXFileReference; lastKnownFileType = folder.assetcatalog; name = Images.xcassets; path = "IdeaElan/Images.xcassets"; sourceTree = SOURCE_ROOT; };
		1D3623240D0F684500981E51 /* AppDelegate.h */ = {isa = PBXFileReference; fileEncoding = 4; lastKnownFileType = sourcecode.c.h; path = AppDelegate.h; sourceTree = "<group>"; };
		1D3623250D0F684500981E51 /* AppDelegate.m */ = {isa = PBXFileReference; fileEncoding = 4; lastKnownFileType = sourcecode.c.objc; path = AppDelegate.m; sourceTree = "<group>"; };
		1D6058910D05DD3D006BFB54 /* IdeaElan.app */ = {isa = PBXFileReference; explicitFileType = wrapper.application; includeInIndex = 0; path = "IdeaElan.app"; sourceTree = BUILT_PRODUCTS_DIR; };
		29B97316FDCFA39411CA2CEA /* main.m */ = {isa = PBXFileReference; fileEncoding = 4; lastKnownFileType = sourcecode.c.objc; path = main.m; sourceTree = "<group>"; };
		301BF52D109A57CC0062928A /* CordovaLib.xcodeproj */ = {isa = PBXFileReference; lastKnownFileType = "wrapper.pb-project"; path = CordovaLib/CordovaLib.xcodeproj; sourceTree = "<group>"; };
		301BF56E109A69640062928A /* www */ = {isa = PBXFileReference; lastKnownFileType = folder; path = www; sourceTree = SOURCE_ROOT; };
		302D95EE14D2391D003F00A1 /* MainViewController.h */ = {isa = PBXFileReference; fileEncoding = 4; lastKnownFileType = sourcecode.c.h; path = MainViewController.h; sourceTree = "<group>"; };
		302D95EF14D2391D003F00A1 /* MainViewController.m */ = {isa = PBXFileReference; fileEncoding = 4; lastKnownFileType = sourcecode.c.objc; path = MainViewController.m; sourceTree = "<group>"; };
		302D95F014D2391D003F00A1 /* MainViewController.xib */ = {isa = PBXFileReference; fileEncoding = 4; lastKnownFileType = file.xib; path = MainViewController.xib; sourceTree = "<group>"; };
		3047A50F1AB8059700498E2A /* build-debug.xcconfig */ = {isa = PBXFileReference; fileEncoding = 4; lastKnownFileType = text.xcconfig; name = "build-debug.xcconfig"; path = cordova/build-debug.xcconfig; sourceTree = SOURCE_ROOT; };
		3047A5101AB8059700498E2A /* build-release.xcconfig */ = {isa = PBXFileReference; fileEncoding = 4; lastKnownFileType = text.xcconfig; name = "build-release.xcconfig"; path = cordova/build-release.xcconfig; sourceTree = SOURCE_ROOT; };
		3047A5111AB8059700498E2A /* build.xcconfig */ = {isa = PBXFileReference; fileEncoding = 4; lastKnownFileType = text.xcconfig; name = build.xcconfig; path = cordova/build.xcconfig; sourceTree = SOURCE_ROOT; };
		32CA4F630368D1EE00C91783 /* IdeaElan-Prefix.pch */ = {isa = PBXFileReference; fileEncoding = 4; lastKnownFileType = sourcecode.c.h; path = "IdeaElan-Prefix.pch"; sourceTree = "<group>"; };
		6AFF5BF81D6E424B00AB3073 /* CDVLaunchScreen.storyboard */ = {isa = PBXFileReference; fileEncoding = 4; lastKnownFileType = file.storyboard; name = CDVLaunchScreen.storyboard; path = "IdeaElan/CDVLaunchScreen.storyboard"; sourceTree = SOURCE_ROOT; };
		8D1107310486CEB800E47090 /* IdeaElan-Info.plist */ = {isa = PBXFileReference; fileEncoding = 4; lastKnownFileType = text.plist.xml; name = "IdeaElan-Info.plist"; path = "IdeaElan/IdeaElan-Info.plist"; plistStructureDefinitionIdentifier = "com.apple.xcode.plist.structure-definition.iphone.info-plist"; sourceTree = SOURCE_ROOT; };
		EB87FDF31871DA8E0020F90C /* www */ = {isa = PBXFileReference; lastKnownFileType = folder; name = www; path = ../../www; sourceTree = "<group>"; };
		EB87FDF41871DAF40020F90C /* config.xml */ = {isa = PBXFileReference; lastKnownFileType = text.xml; name = config.xml; path = ../../config.xml; sourceTree = "<group>"; };
		F840E1F0165FE0F500CFE078 /* config.xml */ = {isa = PBXFileReference; lastKnownFileType = text.xml; name = config.xml; path = "IdeaElan/config.xml"; sourceTree = "<group>"; };
		ED33DF2A687741AEAF9F8254 /* Bridging-Header.h */ = {isa = PBXFileReference; fileEncoding = 4; lastKnownFileType = sourcecode.c.h; name = "Bridging-Header.h"; path = "Bridging-Header.h"; sourceTree = "<group>"; };
		F6AED6297318471CBE1D43C2 /* ApiAIPlugin.m */ = {isa = PBXFileReference; name = "ApiAIPlugin.m"; path = "cordova-plugin-apiai/ApiAIPlugin.m"; sourceTree = "<group>"; fileEncoding = 4; lastKnownFileType = sourcecode.c.objc; explicitFileType = undefined; includeInIndex = 0; };
		AACE96B08F9945D783BDB4CB /* ApiAIPlugin.h */ = {isa = PBXFileReference; name = "ApiAIPlugin.h"; path = "cordova-plugin-apiai/ApiAIPlugin.h"; sourceTree = "<group>"; fileEncoding = 4; lastKnownFileType = sourcecode.c.h; explicitFileType = undefined; includeInIndex = 0; };
		BF72CFC8611445CFB4ABD8EF /* beep.caf */ = {isa = PBXFileReference; name = "beep.caf"; path = "beep.caf"; sourceTree = "<group>"; fileEncoding = undefined; lastKnownFileType = unknown; explicitFileType = undefined; includeInIndex = 0; };
		F616E39A60714C529BC06C62 /* ApiAI.framework */ = {isa = PBXFileReference; name = "ApiAI.framework"; path = "IdeaElan/Plugins/cordova-plugin-apiai/ApiAI.framework"; sourceTree = "<group>"; fileEncoding = undefined; lastKnownFileType = wrapper.framework; explicitFileType = undefined; includeInIndex = 0; };
		AA46366B092846D4BCCAA479 /* Security.framework */ = {isa = PBXFileReference; name = "Security.framework"; path = "System/Library/Frameworks/Security.framework"; sourceTree = SDKROOT; fileEncoding = undefined; lastKnownFileType = wrapper.framework; explicitFileType = undefined; includeInIndex = 0; };
		5E89132726624B439B51F71D /* Foundation.framework */ = {isa = PBXFileReference; name = "Foundation.framework"; path = "System/Library/Frameworks/Foundation.framework"; sourceTree = SDKROOT; fileEncoding = undefined; lastKnownFileType = wrapper.framework; explicitFileType = undefined; includeInIndex = 0; };
		A2B684AE99B3475492647817 /* CoreAudio.framework */ = {isa = PBXFileReference; name = "CoreAudio.framework"; path = "System/Library/Frameworks/CoreAudio.framework"; sourceTree = SDKROOT; fileEncoding = undefined; lastKnownFileType = wrapper.framework; explicitFileType = undefined; includeInIndex = 0; };
		89F25C220B3440929B217BC7 /* AudioToolbox.framework */ = {isa = PBXFileReference; name = "AudioToolbox.framework"; path = "System/Library/Frameworks/AudioToolbox.framework"; sourceTree = SDKROOT; fileEncoding = undefined; lastKnownFileType = wrapper.framework; explicitFileType = undefined; includeInIndex = 0; };
		507B5331E08C442AA88677AC /* UIImage+CropScaleOrientation.m */ = {isa = PBXFileReference; name = "UIImage+CropScaleOrientation.m"; path = "cordova-plugin-camera/UIImage+CropScaleOrientation.m"; sourceTree = "<group>"; fileEncoding = 4; lastKnownFileType = sourcecode.c.objc; explicitFileType = undefined; includeInIndex = 0; };
		A0B97EFEE9E4433CAE973AA1 /* CDVCamera.m */ = {isa = PBXFileReference; name = "CDVCamera.m"; path = "cordova-plugin-camera/CDVCamera.m"; sourceTree = "<group>"; fileEncoding = 4; lastKnownFileType = sourcecode.c.objc; explicitFileType = undefined; includeInIndex = 0; };
		AF883D97ED2A41A482ED0A1C /* CDVJpegHeaderWriter.m */ = {isa = PBXFileReference; name = "CDVJpegHeaderWriter.m"; path = "cordova-plugin-camera/CDVJpegHeaderWriter.m"; sourceTree = "<group>"; fileEncoding = 4; lastKnownFileType = sourcecode.c.objc; explicitFileType = undefined; includeInIndex = 0; };
		497A8330CC68429B9968ABE5 /* UIImage+CropScaleOrientation.h */ = {isa = PBXFileReference; name = "UIImage+CropScaleOrientation.h"; path = "cordova-plugin-camera/UIImage+CropScaleOrientation.h"; sourceTree = "<group>"; fileEncoding = 4; lastKnownFileType = sourcecode.c.h; explicitFileType = undefined; includeInIndex = 0; };
		C773DCB3EF6A42A599934278 /* CDVCamera.h */ = {isa = PBXFileReference; name = "CDVCamera.h"; path = "cordova-plugin-camera/CDVCamera.h"; sourceTree = "<group>"; fileEncoding = 4; lastKnownFileType = sourcecode.c.h; explicitFileType = undefined; includeInIndex = 0; };
		399755241DBD4C8B9D64AC4F /* CDVJpegHeaderWriter.h */ = {isa = PBXFileReference; name = "CDVJpegHeaderWriter.h"; path = "cordova-plugin-camera/CDVJpegHeaderWriter.h"; sourceTree = "<group>"; fileEncoding = 4; lastKnownFileType = sourcecode.c.h; explicitFileType = undefined; includeInIndex = 0; };
		7C6CADF8739443FE8C2D0C13 /* CDVExif.h */ = {isa = PBXFileReference; name = "CDVExif.h"; path = "cordova-plugin-camera/CDVExif.h"; sourceTree = "<group>"; fileEncoding = 4; lastKnownFileType = sourcecode.c.h; explicitFileType = undefined; includeInIndex = 0; };
		C6A08864D8B145B0A384F456 /* ImageIO.framework */ = {isa = PBXFileReference; name = "ImageIO.framework"; path = "System/Library/Frameworks/ImageIO.framework"; sourceTree = SDKROOT; fileEncoding = undefined; lastKnownFileType = wrapper.framework; explicitFileType = undefined; includeInIndex = 0; };
		524F810E77684630A2E969F3 /* CoreLocation.framework */ = {isa = PBXFileReference; name = "CoreLocation.framework"; path = "System/Library/Frameworks/CoreLocation.framework"; sourceTree = SDKROOT; fileEncoding = undefined; lastKnownFileType = wrapper.framework; explicitFileType = undefined; includeInIndex = 0; };
		8F51A8645F43418C9196D3FF /* AVFoundation.framework */ = {isa = PBXFileReference; name = "AVFoundation.framework"; path = "System/Library/Frameworks/AVFoundation.framework"; sourceTree = SDKROOT; fileEncoding = undefined; lastKnownFileType = wrapper.framework; explicitFileType = undefined; includeInIndex = 0; };
		DD47ADDB149048F29E8C957F /* DatePicker.m */ = {isa = PBXFileReference; name = "DatePicker.m"; path = "cordova-plugin-datepicker/DatePicker.m"; sourceTree = "<group>"; fileEncoding = 4; lastKnownFileType = sourcecode.c.objc; explicitFileType = undefined; includeInIndex = 0; };
		C78F4E92361642929FE34624 /* DatePicker.h */ = {isa = PBXFileReference; name = "DatePicker.h"; path = "cordova-plugin-datepicker/DatePicker.h"; sourceTree = "<group>"; fileEncoding = 4; lastKnownFileType = sourcecode.c.h; explicitFileType = undefined; includeInIndex = 0; };
		D3B11F071F964DD3B169BA6D /* DatePicker.xib */ = {isa = PBXFileReference; name = "DatePicker.xib"; path = "DatePicker.xib"; sourceTree = "<group>"; fileEncoding = undefined; lastKnownFileType = file.xib; explicitFileType = undefined; includeInIndex = 0; };
		060CCADDD5954CE7BEE36CF9 /* CDVDevice.m */ = {isa = PBXFileReference; name = "CDVDevice.m"; path = "cordova-plugin-device/CDVDevice.m"; sourceTree = "<group>"; fileEncoding = 4; lastKnownFileType = sourcecode.c.objc; explicitFileType = undefined; includeInIndex = 0; };
		63858F70472F4B43B29A1D07 /* CDVDevice.h */ = {isa = PBXFileReference; name = "CDVDevice.h"; path = "cordova-plugin-device/CDVDevice.h"; sourceTree = "<group>"; fileEncoding = 4; lastKnownFileType = sourcecode.c.h; explicitFileType = undefined; includeInIndex = 0; };
		96AF1E9628EC4D89AFE7F326 /* APPEmailComposer.m */ = {isa = PBXFileReference; name = "APPEmailComposer.m"; path = "cordova-plugin-email-composer/APPEmailComposer.m"; sourceTree = "<group>"; fileEncoding = 4; lastKnownFileType = sourcecode.c.objc; explicitFileType = undefined; includeInIndex = 0; };
		A6E8496A6AA04FD3A0D77E7F /* APPEmailComposerImpl.m */ = {isa = PBXFileReference; name = "APPEmailComposerImpl.m"; path = "cordova-plugin-email-composer/APPEmailComposerImpl.m"; sourceTree = "<group>"; fileEncoding = 4; lastKnownFileType = sourcecode.c.objc; explicitFileType = undefined; includeInIndex = 0; };
		6A2E17490C9543748BD8D8F8 /* APPEmailComposer.h */ = {isa = PBXFileReference; name = "APPEmailComposer.h"; path = "cordova-plugin-email-composer/APPEmailComposer.h"; sourceTree = "<group>"; fileEncoding = 4; lastKnownFileType = sourcecode.c.h; explicitFileType = undefined; includeInIndex = 0; };
		09542A6DBDE64B2590BFD573 /* APPEmailComposerImpl.h */ = {isa = PBXFileReference; name = "APPEmailComposerImpl.h"; path = "cordova-plugin-email-composer/APPEmailComposerImpl.h"; sourceTree = "<group>"; fileEncoding = 4; lastKnownFileType = sourcecode.c.h; explicitFileType = undefined; includeInIndex = 0; };
		D07FEA60C7B0473D99287FF2 /* MessageUI.framework */ = {isa = PBXFileReference; name = "MessageUI.framework"; path = "System/Library/Frameworks/MessageUI.framework"; sourceTree = SDKROOT; fileEncoding = undefined; lastKnownFileType = wrapper.framework; explicitFileType = undefined; includeInIndex = 0; };
		4DA3441208924695B7D0B753 /* FCMPlugin.m */ = {isa = PBXFileReference; name = "FCMPlugin.m"; path = "cordova-plugin-fcm-with-dependecy-updated/FCMPlugin.m"; sourceTree = "<group>"; fileEncoding = 4; lastKnownFileType = sourcecode.c.objc; explicitFileType = undefined; includeInIndex = 0; };
		523D727992064C35A0861A08 /* AppDelegate+FCMPlugin.m */ = {isa = PBXFileReference; name = "AppDelegate+FCMPlugin.m"; path = "cordova-plugin-fcm-with-dependecy-updated/AppDelegate+FCMPlugin.m"; sourceTree = "<group>"; fileEncoding = 4; lastKnownFileType = sourcecode.c.objc; explicitFileType = undefined; includeInIndex = 0; };
		1B28B5CB738046F7992B0667 /* FCMPlugin.h */ = {isa = PBXFileReference; name = "FCMPlugin.h"; path = "cordova-plugin-fcm-with-dependecy-updated/FCMPlugin.h"; sourceTree = "<group>"; fileEncoding = 4; lastKnownFileType = sourcecode.c.h; explicitFileType = undefined; includeInIndex = 0; };
		A2ABD4047603463DBF434951 /* AppDelegate+FCMPlugin.h */ = {isa = PBXFileReference; name = "AppDelegate+FCMPlugin.h"; path = "cordova-plugin-fcm-with-dependecy-updated/AppDelegate+FCMPlugin.h"; sourceTree = "<group>"; fileEncoding = 4; lastKnownFileType = sourcecode.c.h; explicitFileType = undefined; includeInIndex = 0; };
		3F86EA9CED9A478083FB0E82 /* Firebase.h */ = {isa = PBXFileReference; name = "Firebase.h"; path = "cordova-plugin-fcm-with-dependecy-updated/Firebase.h"; sourceTree = "<group>"; fileEncoding = 4; lastKnownFileType = sourcecode.c.h; explicitFileType = undefined; includeInIndex = 0; };
		760906EA5B7A4BD4B0F115CB /* GoogleService-Info.plist */ = {isa = PBXFileReference; name = "GoogleService-Info.plist"; path = "Resources/GoogleService-Info.plist"; sourceTree = "<group>"; fileEncoding = 4; lastKnownFileType = text.plist.xml; explicitFileType = undefined; includeInIndex = 0; };
		C6C9D52B160743D490E4A116 /* FirebaseAnalytics.framework */ = {isa = PBXFileReference; name = "FirebaseAnalytics.framework"; path = "IdeaElan/Plugins/cordova-plugin-fcm-with-dependecy-updated/FirebaseAnalytics.framework"; sourceTree = "<group>"; fileEncoding = undefined; lastKnownFileType = wrapper.framework; explicitFileType = undefined; includeInIndex = 0; };
		51E13243FE27425BA14D2D7D /* FirebaseCore.framework */ = {isa = PBXFileReference; name = "FirebaseCore.framework"; path = "IdeaElan/Plugins/cordova-plugin-fcm-with-dependecy-updated/FirebaseCore.framework"; sourceTree = "<group>"; fileEncoding = undefined; lastKnownFileType = wrapper.framework; explicitFileType = undefined; includeInIndex = 0; };
		51F69A46E93D4721AFE65949 /* FirebaseInstanceID.framework */ = {isa = PBXFileReference; name = "FirebaseInstanceID.framework"; path = "IdeaElan/Plugins/cordova-plugin-fcm-with-dependecy-updated/FirebaseInstanceID.framework"; sourceTree = "<group>"; fileEncoding = undefined; lastKnownFileType = wrapper.framework; explicitFileType = undefined; includeInIndex = 0; };
		4A72A18173444FF7A4253977 /* FirebaseMessaging.framework */ = {isa = PBXFileReference; name = "FirebaseMessaging.framework"; path = "IdeaElan/Plugins/cordova-plugin-fcm-with-dependecy-updated/FirebaseMessaging.framework"; sourceTree = "<group>"; fileEncoding = undefined; lastKnownFileType = wrapper.framework; explicitFileType = undefined; includeInIndex = 0; };
		F54B199726DC4B758106B56A /* GoogleInterchangeUtilities.framework */ = {isa = PBXFileReference; name = "GoogleInterchangeUtilities.framework"; path = "IdeaElan/Plugins/cordova-plugin-fcm-with-dependecy-updated/GoogleInterchangeUtilities.framework"; sourceTree = "<group>"; fileEncoding = undefined; lastKnownFileType = wrapper.framework; explicitFileType = undefined; includeInIndex = 0; };
		94F26717119D4B0A9B60F0E5 /* GoogleIPhoneUtilities.framework */ = {isa = PBXFileReference; name = "GoogleIPhoneUtilities.framework"; path = "IdeaElan/Plugins/cordova-plugin-fcm-with-dependecy-updated/GoogleIPhoneUtilities.framework"; sourceTree = "<group>"; fileEncoding = undefined; lastKnownFileType = wrapper.framework; explicitFileType = undefined; includeInIndex = 0; };
		DF6E5B97034C414988FBCC54 /* GoogleSymbolUtilities.framework */ = {isa = PBXFileReference; name = "GoogleSymbolUtilities.framework"; path = "IdeaElan/Plugins/cordova-plugin-fcm-with-dependecy-updated/GoogleSymbolUtilities.framework"; sourceTree = "<group>"; fileEncoding = undefined; lastKnownFileType = wrapper.framework; explicitFileType = undefined; includeInIndex = 0; };
		D8A7FF6A3F4A4AA9B5D6898C /* GoogleUtilities.framework */ = {isa = PBXFileReference; name = "GoogleUtilities.framework"; path = "IdeaElan/Plugins/cordova-plugin-fcm-with-dependecy-updated/GoogleUtilities.framework"; sourceTree = "<group>"; fileEncoding = undefined; lastKnownFileType = wrapper.framework; explicitFileType = undefined; includeInIndex = 0; };
		B64E95BFEA4D435590358C73 /* libc++.tbd */ = {isa = PBXFileReference; name = "libc++.tbd"; path = "usr/lib/libc++.tbd"; sourceTree = SDKROOT; fileEncoding = undefined; lastKnownFileType = sourcecode.text-based-dylib-definition; explicitFileType = undefined; includeInIndex = 0; };
		B2EC77374491495EAF35360F /* libz.tbd */ = {isa = PBXFileReference; name = "libz.tbd"; path = "usr/lib/libz.tbd"; sourceTree = SDKROOT; fileEncoding = undefined; lastKnownFileType = sourcecode.text-based-dylib-definition; explicitFileType = undefined; includeInIndex = 0; };
		7B7E456CDF324C76A8156249 /* AddressBook.framework */ = {isa = PBXFileReference; name = "AddressBook.framework"; path = "System/Library/Frameworks/AddressBook.framework"; sourceTree = SDKROOT; fileEncoding = undefined; lastKnownFileType = wrapper.framework; explicitFileType = undefined; includeInIndex = 0; };
		42B8887B3FB047B6B43E1BEC /* libsqlite3.0.tbd */ = {isa = PBXFileReference; name = "libsqlite3.0.tbd"; path = "usr/lib/libsqlite3.0.tbd"; sourceTree = SDKROOT; fileEncoding = undefined; lastKnownFileType = sourcecode.text-based-dylib-definition; explicitFileType = undefined; includeInIndex = 0; };
		B8630B9AF329467A804E3F58 /* AppDelegate+FirebasePlugin.m */ = {isa = PBXFileReference; name = "AppDelegate+FirebasePlugin.m"; path = "cordova-plugin-firebase/AppDelegate+FirebasePlugin.m"; sourceTree = "<group>"; fileEncoding = 4; lastKnownFileType = sourcecode.c.objc; explicitFileType = undefined; includeInIndex = 0; };
		1A82E47110534DB7A60F048C /* FirebasePlugin.m */ = {isa = PBXFileReference; name = "FirebasePlugin.m"; path = "cordova-plugin-firebase/FirebasePlugin.m"; sourceTree = "<group>"; fileEncoding = 4; lastKnownFileType = sourcecode.c.objc; explicitFileType = undefined; includeInIndex = 0; };
		1F061C6256294885A7BF8C30 /* AppDelegate+FirebasePlugin.h */ = {isa = PBXFileReference; name = "AppDelegate+FirebasePlugin.h"; path = "cordova-plugin-firebase/AppDelegate+FirebasePlugin.h"; sourceTree = "<group>"; fileEncoding = 4; lastKnownFileType = sourcecode.c.h; explicitFileType = undefined; includeInIndex = 0; };
		163DA7968EE14EB6A4FA4827 /* FirebasePlugin.h */ = {isa = PBXFileReference; name = "FirebasePlugin.h"; path = "cordova-plugin-firebase/FirebasePlugin.h"; sourceTree = "<group>"; fileEncoding = 4; lastKnownFileType = sourcecode.c.h; explicitFileType = undefined; includeInIndex = 0; };
		A31731543D2A4D7BBC44C826 /* Firebase.h */ = {isa = PBXFileReference; name = "Firebase.h"; path = "cordova-plugin-firebase/Firebase.h"; sourceTree = "<group>"; fileEncoding = 4; lastKnownFileType = sourcecode.c.h; explicitFileType = undefined; includeInIndex = 0; };
		92796BE246FD4039AF8E61AE /* Crashlytics.framework */ = {isa = PBXFileReference; name = "Crashlytics.framework"; path = "IdeaElan/Plugins/cordova-plugin-firebase/Crashlytics.framework"; sourceTree = "<group>"; fileEncoding = undefined; lastKnownFileType = wrapper.framework; explicitFileType = undefined; includeInIndex = 0; };
		0D5517AD3626497F846DA13A /* Fabric.framework */ = {isa = PBXFileReference; name = "Fabric.framework"; path = "IdeaElan/Plugins/cordova-plugin-firebase/Fabric.framework"; sourceTree = "<group>"; fileEncoding = undefined; lastKnownFileType = wrapper.framework; explicitFileType = undefined; includeInIndex = 0; };
		F70A0ED9C0F349A8B06BD260 /* GoogleAppMeasurement.framework */ = {isa = PBXFileReference; name = "GoogleAppMeasurement.framework"; path = "IdeaElan/Plugins/cordova-plugin-firebase/GoogleAppMeasurement.framework"; sourceTree = "<group>"; fileEncoding = undefined; lastKnownFileType = wrapper.framework; explicitFileType = undefined; includeInIndex = 0; };
		4977C9FD434E4129A4A76069 /* MeasurementNanoPB.framework */ = {isa = PBXFileReference; name = "MeasurementNanoPB.framework"; path = "IdeaElan/Plugins/cordova-plugin-firebase/MeasurementNanoPB.framework"; sourceTree = "<group>"; fileEncoding = undefined; lastKnownFileType = wrapper.framework; explicitFileType = undefined; includeInIndex = 0; };
		C76AE050924049DCA93BDDA0 /* FirebaseCore.framework */ = {isa = PBXFileReference; name = "FirebaseCore.framework"; path = "IdeaElan/Plugins/cordova-plugin-firebase/FirebaseCore.framework"; sourceTree = "<group>"; fileEncoding = undefined; lastKnownFileType = wrapper.framework; explicitFileType = undefined; includeInIndex = 0; };
		B62D195F1B3D4243BB61E29D /* FirebaseAnalytics.framework */ = {isa = PBXFileReference; name = "FirebaseAnalytics.framework"; path = "IdeaElan/Plugins/cordova-plugin-firebase/FirebaseAnalytics.framework"; sourceTree = "<group>"; fileEncoding = undefined; lastKnownFileType = wrapper.framework; explicitFileType = undefined; includeInIndex = 0; };
		1E7DE1D26EA14197A6DC1DBD /* GoogleUtilities.framework */ = {isa = PBXFileReference; name = "GoogleUtilities.framework"; path = "IdeaElan/Plugins/cordova-plugin-firebase/GoogleUtilities.framework"; sourceTree = "<group>"; fileEncoding = undefined; lastKnownFileType = wrapper.framework; explicitFileType = undefined; includeInIndex = 0; };
		FBFDCA2FA1CA4A798BED472B /* nanopb.framework */ = {isa = PBXFileReference; name = "nanopb.framework"; path = "IdeaElan/Plugins/cordova-plugin-firebase/nanopb.framework"; sourceTree = "<group>"; fileEncoding = undefined; lastKnownFileType = wrapper.framework; explicitFileType = undefined; includeInIndex = 0; };
		01880F8ADCEA45DE93C96128 /* FirebaseInstanceID.framework */ = {isa = PBXFileReference; name = "FirebaseInstanceID.framework"; path = "IdeaElan/Plugins/cordova-plugin-firebase/FirebaseInstanceID.framework"; sourceTree = "<group>"; fileEncoding = undefined; lastKnownFileType = wrapper.framework; explicitFileType = undefined; includeInIndex = 0; };
		3142DF3853EE4CEFAB5148E7 /* FirebaseCoreDiagnostics.framework */ = {isa = PBXFileReference; name = "FirebaseCoreDiagnostics.framework"; path = "IdeaElan/Plugins/cordova-plugin-firebase/FirebaseCoreDiagnostics.framework"; sourceTree = "<group>"; fileEncoding = undefined; lastKnownFileType = wrapper.framework; explicitFileType = undefined; includeInIndex = 0; };
		13B114AA670549BC83B30B81 /* GTMSessionFetcher.framework */ = {isa = PBXFileReference; name = "GTMSessionFetcher.framework"; path = "IdeaElan/Plugins/cordova-plugin-firebase/GTMSessionFetcher.framework"; sourceTree = "<group>"; fileEncoding = undefined; lastKnownFileType = wrapper.framework; explicitFileType = undefined; includeInIndex = 0; };
		4ECB028AC31F4347A58B6C0E /* FirebaseAuth.framework */ = {isa = PBXFileReference; name = "FirebaseAuth.framework"; path = "IdeaElan/Plugins/cordova-plugin-firebase/FirebaseAuth.framework"; sourceTree = "<group>"; fileEncoding = undefined; lastKnownFileType = wrapper.framework; explicitFileType = undefined; includeInIndex = 0; };
		90EE5E1B504A4BBD8B0DA468 /* FirebaseMessaging.framework */ = {isa = PBXFileReference; name = "FirebaseMessaging.framework"; path = "IdeaElan/Plugins/cordova-plugin-firebase/FirebaseMessaging.framework"; sourceTree = "<group>"; fileEncoding = undefined; lastKnownFileType = wrapper.framework; explicitFileType = undefined; includeInIndex = 0; };
		ECB8E477AA2D4CFB80E230D2 /* GoogleToolboxForMac.framework */ = {isa = PBXFileReference; name = "GoogleToolboxForMac.framework"; path = "IdeaElan/Plugins/cordova-plugin-firebase/GoogleToolboxForMac.framework"; sourceTree = "<group>"; fileEncoding = undefined; lastKnownFileType = wrapper.framework; explicitFileType = undefined; includeInIndex = 0; };
		DB0D26F87A2C42DEA7346ADD /* FirebasePerformance.framework */ = {isa = PBXFileReference; name = "FirebasePerformance.framework"; path = "IdeaElan/Plugins/cordova-plugin-firebase/FirebasePerformance.framework"; sourceTree = "<group>"; fileEncoding = undefined; lastKnownFileType = wrapper.framework; explicitFileType = undefined; includeInIndex = 0; };
		E94D162B229648E59FF52582 /* Protobuf.framework */ = {isa = PBXFileReference; name = "Protobuf.framework"; path = "IdeaElan/Plugins/cordova-plugin-firebase/Protobuf.framework"; sourceTree = "<group>"; fileEncoding = undefined; lastKnownFileType = wrapper.framework; explicitFileType = undefined; includeInIndex = 0; };
		40ACCF74336D4336B498AF45 /* FirebaseRemoteConfig.framework */ = {isa = PBXFileReference; name = "FirebaseRemoteConfig.framework"; path = "IdeaElan/Plugins/cordova-plugin-firebase/FirebaseRemoteConfig.framework"; sourceTree = "<group>"; fileEncoding = undefined; lastKnownFileType = wrapper.framework; explicitFileType = undefined; includeInIndex = 0; };
		4EDEFDA8DD8F41EF92533BAE /* FirebaseABTesting.framework */ = {isa = PBXFileReference; name = "FirebaseABTesting.framework"; path = "IdeaElan/Plugins/cordova-plugin-firebase/FirebaseABTesting.framework"; sourceTree = "<group>"; fileEncoding = undefined; lastKnownFileType = wrapper.framework; explicitFileType = undefined; includeInIndex = 0; };
		29C0B7AEEC084E708C7DE748 /* CDVIonicKeyboard.m */ = {isa = PBXFileReference; name = "CDVIonicKeyboard.m"; path = "cordova-plugin-ionic-keyboard/CDVIonicKeyboard.m"; sourceTree = "<group>"; fileEncoding = 4; lastKnownFileType = sourcecode.c.objc; explicitFileType = undefined; includeInIndex = 0; };
		CB8207C5A7A445318D20F37B /* CDVIonicKeyboard.h */ = {isa = PBXFileReference; name = "CDVIonicKeyboard.h"; path = "cordova-plugin-ionic-keyboard/CDVIonicKeyboard.h"; sourceTree = "<group>"; fileEncoding = 4; lastKnownFileType = sourcecode.c.h; explicitFileType = undefined; includeInIndex = 0; };
		738A1D1F960D42E58C1142FB /* CDVWKWebViewEngine.m */ = {isa = PBXFileReference; name = "CDVWKWebViewEngine.m"; path = "cordova-plugin-ionic-webview/CDVWKWebViewEngine.m"; sourceTree = "<group>"; fileEncoding = 4; lastKnownFileType = sourcecode.c.objc; explicitFileType = undefined; includeInIndex = 0; };
		7A7C8390868E4CF290925E21 /* CDVWKWebViewUIDelegate.m */ = {isa = PBXFileReference; name = "CDVWKWebViewUIDelegate.m"; path = "cordova-plugin-ionic-webview/CDVWKWebViewUIDelegate.m"; sourceTree = "<group>"; fileEncoding = 4; lastKnownFileType = sourcecode.c.objc; explicitFileType = undefined; includeInIndex = 0; };
		14C168525FAA47CCB32F52D1 /* CDVWKProcessPoolFactory.m */ = {isa = PBXFileReference; name = "CDVWKProcessPoolFactory.m"; path = "cordova-plugin-ionic-webview/CDVWKProcessPoolFactory.m"; sourceTree = "<group>"; fileEncoding = 4; lastKnownFileType = sourcecode.c.objc; explicitFileType = undefined; includeInIndex = 0; };
		F6B3F7E1D1F3446EB1416AF4 /* GCDWebServer.m */ = {isa = PBXFileReference; name = "GCDWebServer.m"; path = "cordova-plugin-ionic-webview/GCDWebServer.m"; sourceTree = "<group>"; fileEncoding = 4; lastKnownFileType = sourcecode.c.objc; explicitFileType = undefined; includeInIndex = 0; };
		350955D2760D4B2D993714A4 /* GCDWebServerConnection.m */ = {isa = PBXFileReference; name = "GCDWebServerConnection.m"; path = "cordova-plugin-ionic-webview/GCDWebServerConnection.m"; sourceTree = "<group>"; fileEncoding = 4; lastKnownFileType = sourcecode.c.objc; explicitFileType = undefined; includeInIndex = 0; };
		6FBC88A69F3E40B6A90AB800 /* GCDWebServerFunctions.m */ = {isa = PBXFileReference; name = "GCDWebServerFunctions.m"; path = "cordova-plugin-ionic-webview/GCDWebServerFunctions.m"; sourceTree = "<group>"; fileEncoding = 4; lastKnownFileType = sourcecode.c.objc; explicitFileType = undefined; includeInIndex = 0; };
		79C2A00EE4CC4B27A48F5856 /* GCDWebServerRequest.m */ = {isa = PBXFileReference; name = "GCDWebServerRequest.m"; path = "cordova-plugin-ionic-webview/GCDWebServerRequest.m"; sourceTree = "<group>"; fileEncoding = 4; lastKnownFileType = sourcecode.c.objc; explicitFileType = undefined; includeInIndex = 0; };
		E990FF2F90CC4AC5849B6E2F /* GCDWebServerResponse.m */ = {isa = PBXFileReference; name = "GCDWebServerResponse.m"; path = "cordova-plugin-ionic-webview/GCDWebServerResponse.m"; sourceTree = "<group>"; fileEncoding = 4; lastKnownFileType = sourcecode.c.objc; explicitFileType = undefined; includeInIndex = 0; };
		675C5C42F8334FFC92CC0BAF /* GCDWebServerDataRequest.m */ = {isa = PBXFileReference; name = "GCDWebServerDataRequest.m"; path = "cordova-plugin-ionic-webview/GCDWebServerDataRequest.m"; sourceTree = "<group>"; fileEncoding = 4; lastKnownFileType = sourcecode.c.objc; explicitFileType = undefined; includeInIndex = 0; };
		C7FA8F1624F242D3A89DD168 /* GCDWebServerFileRequest.m */ = {isa = PBXFileReference; name = "GCDWebServerFileRequest.m"; path = "cordova-plugin-ionic-webview/GCDWebServerFileRequest.m"; sourceTree = "<group>"; fileEncoding = 4; lastKnownFileType = sourcecode.c.objc; explicitFileType = undefined; includeInIndex = 0; };
		62352ACD7FD946E9B6B88BD6 /* GCDWebServerMultiPartFormRequest.m */ = {isa = PBXFileReference; name = "GCDWebServerMultiPartFormRequest.m"; path = "cordova-plugin-ionic-webview/GCDWebServerMultiPartFormRequest.m"; sourceTree = "<group>"; fileEncoding = 4; lastKnownFileType = sourcecode.c.objc; explicitFileType = undefined; includeInIndex = 0; };
		4BC13B2D90204AE3A9BE88F3 /* GCDWebServerURLEncodedFormRequest.m */ = {isa = PBXFileReference; name = "GCDWebServerURLEncodedFormRequest.m"; path = "cordova-plugin-ionic-webview/GCDWebServerURLEncodedFormRequest.m"; sourceTree = "<group>"; fileEncoding = 4; lastKnownFileType = sourcecode.c.objc; explicitFileType = undefined; includeInIndex = 0; };
		3E1FD72691E44326A3B73108 /* GCDWebServerDataResponse.m */ = {isa = PBXFileReference; name = "GCDWebServerDataResponse.m"; path = "cordova-plugin-ionic-webview/GCDWebServerDataResponse.m"; sourceTree = "<group>"; fileEncoding = 4; lastKnownFileType = sourcecode.c.objc; explicitFileType = undefined; includeInIndex = 0; };
		8B06933534BF474B86C1F515 /* GCDWebServerErrorResponse.m */ = {isa = PBXFileReference; name = "GCDWebServerErrorResponse.m"; path = "cordova-plugin-ionic-webview/GCDWebServerErrorResponse.m"; sourceTree = "<group>"; fileEncoding = 4; lastKnownFileType = sourcecode.c.objc; explicitFileType = undefined; includeInIndex = 0; };
		BC440AC251804A92BA038828 /* GCDWebServerFileResponse.m */ = {isa = PBXFileReference; name = "GCDWebServerFileResponse.m"; path = "cordova-plugin-ionic-webview/GCDWebServerFileResponse.m"; sourceTree = "<group>"; fileEncoding = 4; lastKnownFileType = sourcecode.c.objc; explicitFileType = undefined; includeInIndex = 0; };
		3B8A6756FCFA40ECA3C60E19 /* GCDWebServerStreamedResponse.m */ = {isa = PBXFileReference; name = "GCDWebServerStreamedResponse.m"; path = "cordova-plugin-ionic-webview/GCDWebServerStreamedResponse.m"; sourceTree = "<group>"; fileEncoding = 4; lastKnownFileType = sourcecode.c.objc; explicitFileType = undefined; includeInIndex = 0; };
		E0E593B49B97441AA27807E2 /* CDVWKWebViewEngine.h */ = {isa = PBXFileReference; name = "CDVWKWebViewEngine.h"; path = "cordova-plugin-ionic-webview/CDVWKWebViewEngine.h"; sourceTree = "<group>"; fileEncoding = 4; lastKnownFileType = sourcecode.c.h; explicitFileType = undefined; includeInIndex = 0; };
		A559D534178D427988AFC10E /* CDVWKWebViewUIDelegate.h */ = {isa = PBXFileReference; name = "CDVWKWebViewUIDelegate.h"; path = "cordova-plugin-ionic-webview/CDVWKWebViewUIDelegate.h"; sourceTree = "<group>"; fileEncoding = 4; lastKnownFileType = sourcecode.c.h; explicitFileType = undefined; includeInIndex = 0; };
		460D851A20E448B291DECA2E /* CDVWKProcessPoolFactory.h */ = {isa = PBXFileReference; name = "CDVWKProcessPoolFactory.h"; path = "cordova-plugin-ionic-webview/CDVWKProcessPoolFactory.h"; sourceTree = "<group>"; fileEncoding = 4; lastKnownFileType = sourcecode.c.h; explicitFileType = undefined; includeInIndex = 0; };
		617FE5BDE1EE4CEEAD276661 /* GCDWebServer.h */ = {isa = PBXFileReference; name = "GCDWebServer.h"; path = "cordova-plugin-ionic-webview/GCDWebServer.h"; sourceTree = "<group>"; fileEncoding = 4; lastKnownFileType = sourcecode.c.h; explicitFileType = undefined; includeInIndex = 0; };
		AC03E66B56C44BF68FCDCC45 /* GCDWebServerConnection.h */ = {isa = PBXFileReference; name = "GCDWebServerConnection.h"; path = "cordova-plugin-ionic-webview/GCDWebServerConnection.h"; sourceTree = "<group>"; fileEncoding = 4; lastKnownFileType = sourcecode.c.h; explicitFileType = undefined; includeInIndex = 0; };
		8F5E9C388AF0466283E37067 /* GCDWebServerFunctions.h */ = {isa = PBXFileReference; name = "GCDWebServerFunctions.h"; path = "cordova-plugin-ionic-webview/GCDWebServerFunctions.h"; sourceTree = "<group>"; fileEncoding = 4; lastKnownFileType = sourcecode.c.h; explicitFileType = undefined; includeInIndex = 0; };
		A125912D9C614FCF804587ED /* GCDWebServerHTTPStatusCodes.h */ = {isa = PBXFileReference; name = "GCDWebServerHTTPStatusCodes.h"; path = "cordova-plugin-ionic-webview/GCDWebServerHTTPStatusCodes.h"; sourceTree = "<group>"; fileEncoding = 4; lastKnownFileType = sourcecode.c.h; explicitFileType = undefined; includeInIndex = 0; };
		5BBB6EC54F0F468D93A8BC18 /* GCDWebServerPrivate.h */ = {isa = PBXFileReference; name = "GCDWebServerPrivate.h"; path = "cordova-plugin-ionic-webview/GCDWebServerPrivate.h"; sourceTree = "<group>"; fileEncoding = 4; lastKnownFileType = sourcecode.c.h; explicitFileType = undefined; includeInIndex = 0; };
		3C0161A4352948A4999744A3 /* GCDWebServerRequest.h */ = {isa = PBXFileReference; name = "GCDWebServerRequest.h"; path = "cordova-plugin-ionic-webview/GCDWebServerRequest.h"; sourceTree = "<group>"; fileEncoding = 4; lastKnownFileType = sourcecode.c.h; explicitFileType = undefined; includeInIndex = 0; };
		FFDFD215717D4754A8D27CFB /* GCDWebServerResponse.h */ = {isa = PBXFileReference; name = "GCDWebServerResponse.h"; path = "cordova-plugin-ionic-webview/GCDWebServerResponse.h"; sourceTree = "<group>"; fileEncoding = 4; lastKnownFileType = sourcecode.c.h; explicitFileType = undefined; includeInIndex = 0; };
		59974AAD4A6446209BBFE919 /* GCDWebServerDataRequest.h */ = {isa = PBXFileReference; name = "GCDWebServerDataRequest.h"; path = "cordova-plugin-ionic-webview/GCDWebServerDataRequest.h"; sourceTree = "<group>"; fileEncoding = 4; lastKnownFileType = sourcecode.c.h; explicitFileType = undefined; includeInIndex = 0; };
		4923300302674590832A72E1 /* GCDWebServerFileRequest.h */ = {isa = PBXFileReference; name = "GCDWebServerFileRequest.h"; path = "cordova-plugin-ionic-webview/GCDWebServerFileRequest.h"; sourceTree = "<group>"; fileEncoding = 4; lastKnownFileType = sourcecode.c.h; explicitFileType = undefined; includeInIndex = 0; };
		DEC56AF3DDF84FB19BEB8886 /* GCDWebServerMultiPartFormRequest.h */ = {isa = PBXFileReference; name = "GCDWebServerMultiPartFormRequest.h"; path = "cordova-plugin-ionic-webview/GCDWebServerMultiPartFormRequest.h"; sourceTree = "<group>"; fileEncoding = 4; lastKnownFileType = sourcecode.c.h; explicitFileType = undefined; includeInIndex = 0; };
		C469C84DCBF843BEAC6EDD64 /* GCDWebServerURLEncodedFormRequest.h */ = {isa = PBXFileReference; name = "GCDWebServerURLEncodedFormRequest.h"; path = "cordova-plugin-ionic-webview/GCDWebServerURLEncodedFormRequest.h"; sourceTree = "<group>"; fileEncoding = 4; lastKnownFileType = sourcecode.c.h; explicitFileType = undefined; includeInIndex = 0; };
		D2936C09C895436282ADA42A /* GCDWebServerDataResponse.h */ = {isa = PBXFileReference; name = "GCDWebServerDataResponse.h"; path = "cordova-plugin-ionic-webview/GCDWebServerDataResponse.h"; sourceTree = "<group>"; fileEncoding = 4; lastKnownFileType = sourcecode.c.h; explicitFileType = undefined; includeInIndex = 0; };
		DD31BA6F39AB486AADF2B0B0 /* GCDWebServerErrorResponse.h */ = {isa = PBXFileReference; name = "GCDWebServerErrorResponse.h"; path = "cordova-plugin-ionic-webview/GCDWebServerErrorResponse.h"; sourceTree = "<group>"; fileEncoding = 4; lastKnownFileType = sourcecode.c.h; explicitFileType = undefined; includeInIndex = 0; };
		914FCF3D74874FE9A4110B74 /* GCDWebServerFileResponse.h */ = {isa = PBXFileReference; name = "GCDWebServerFileResponse.h"; path = "cordova-plugin-ionic-webview/GCDWebServerFileResponse.h"; sourceTree = "<group>"; fileEncoding = 4; lastKnownFileType = sourcecode.c.h; explicitFileType = undefined; includeInIndex = 0; };
		238221EC0C4C4CC887ACA7CF /* GCDWebServerStreamedResponse.h */ = {isa = PBXFileReference; name = "GCDWebServerStreamedResponse.h"; path = "cordova-plugin-ionic-webview/GCDWebServerStreamedResponse.h"; sourceTree = "<group>"; fileEncoding = 4; lastKnownFileType = sourcecode.c.h; explicitFileType = undefined; includeInIndex = 0; };
		FDB26CF48A574AEFB034DE85 /* WebKit.framework */ = {isa = PBXFileReference; name = "WebKit.framework"; path = "System/Library/Frameworks/WebKit.framework"; sourceTree = SDKROOT; fileEncoding = undefined; lastKnownFileType = wrapper.framework; explicitFileType = undefined; includeInIndex = 0; };
		1DCBCE2B30A14313B64FE95E /* CDVConnection.m */ = {isa = PBXFileReference; name = "CDVConnection.m"; path = "cordova-plugin-network-information/CDVConnection.m"; sourceTree = "<group>"; fileEncoding = 4; lastKnownFileType = sourcecode.c.objc; explicitFileType = undefined; includeInIndex = 0; };
		E9A7B6BEF4D4471890536405 /* CDVReachability.m */ = {isa = PBXFileReference; name = "CDVReachability.m"; path = "cordova-plugin-network-information/CDVReachability.m"; sourceTree = "<group>"; fileEncoding = 4; lastKnownFileType = sourcecode.c.objc; explicitFileType = undefined; includeInIndex = 0; };
		D4551C7B37CB4708A28784C3 /* CDVConnection.h */ = {isa = PBXFileReference; name = "CDVConnection.h"; path = "cordova-plugin-network-information/CDVConnection.h"; sourceTree = "<group>"; fileEncoding = 4; lastKnownFileType = sourcecode.c.h; explicitFileType = undefined; includeInIndex = 0; };
		A9435BF4C7E14061964432C8 /* CDVReachability.h */ = {isa = PBXFileReference; name = "CDVReachability.h"; path = "cordova-plugin-network-information/CDVReachability.h"; sourceTree = "<group>"; fileEncoding = 4; lastKnownFileType = sourcecode.c.h; explicitFileType = undefined; includeInIndex = 0; };
		113305A046624C689F263BA1 /* SystemConfiguration.framework */ = {isa = PBXFileReference; name = "SystemConfiguration.framework"; path = "System/Library/Frameworks/SystemConfiguration.framework"; sourceTree = SDKROOT; fileEncoding = undefined; lastKnownFileType = wrapper.framework; explicitFileType = undefined; includeInIndex = 0; };
		40F3FD7827254DC0B8450C13 /* CoreTelephony.framework */ = {isa = PBXFileReference; name = "CoreTelephony.framework"; path = "System/Library/Frameworks/CoreTelephony.framework"; sourceTree = SDKROOT; fileEncoding = undefined; lastKnownFileType = wrapper.framework; explicitFileType = undefined; includeInIndex = 0; };
		4608198ED93040AA9A4EE45E /* CDVOrientation.m */ = {isa = PBXFileReference; name = "CDVOrientation.m"; path = "cordova-plugin-screen-orientation/CDVOrientation.m"; sourceTree = "<group>"; fileEncoding = 4; lastKnownFileType = sourcecode.c.objc; explicitFileType = undefined; includeInIndex = 0; };
		EC0A426C27E1460CBAA78729 /* CDVOrientation.h */ = {isa = PBXFileReference; name = "CDVOrientation.h"; path = "cordova-plugin-screen-orientation/CDVOrientation.h"; sourceTree = "<group>"; fileEncoding = 4; lastKnownFileType = sourcecode.c.h; explicitFileType = undefined; includeInIndex = 0; };
		679B70F0B7C6404F9DCC4F13 /* CDVSplashScreen.m */ = {isa = PBXFileReference; name = "CDVSplashScreen.m"; path = "cordova-plugin-splashscreen/CDVSplashScreen.m"; sourceTree = "<group>"; fileEncoding = 4; lastKnownFileType = sourcecode.c.objc; explicitFileType = undefined; includeInIndex = 0; };
		20621F7FDD6144E09FBACA89 /* CDVViewController+SplashScreen.m */ = {isa = PBXFileReference; name = "CDVViewController+SplashScreen.m"; path = "cordova-plugin-splashscreen/CDVViewController+SplashScreen.m"; sourceTree = "<group>"; fileEncoding = 4; lastKnownFileType = sourcecode.c.objc; explicitFileType = undefined; includeInIndex = 0; };
		04583BD266014E8682F630F7 /* CDVSplashScreen.h */ = {isa = PBXFileReference; name = "CDVSplashScreen.h"; path = "cordova-plugin-splashscreen/CDVSplashScreen.h"; sourceTree = "<group>"; fileEncoding = 4; lastKnownFileType = sourcecode.c.h; explicitFileType = undefined; includeInIndex = 0; };
		8D2AAC893FF2415483BD58B3 /* CDVViewController+SplashScreen.h */ = {isa = PBXFileReference; name = "CDVViewController+SplashScreen.h"; path = "cordova-plugin-splashscreen/CDVViewController+SplashScreen.h"; sourceTree = "<group>"; fileEncoding = 4; lastKnownFileType = sourcecode.c.h; explicitFileType = undefined; includeInIndex = 0; };
		488BB5F7DDB0486EB5A107BA /* CDVStatusBar.m */ = {isa = PBXFileReference; name = "CDVStatusBar.m"; path = "cordova-plugin-statusbar/CDVStatusBar.m"; sourceTree = "<group>"; fileEncoding = 4; lastKnownFileType = sourcecode.c.objc; explicitFileType = undefined; includeInIndex = 0; };
		F5F5B2E2461D427D837B86F8 /* CDVStatusBar.h */ = {isa = PBXFileReference; name = "CDVStatusBar.h"; path = "cordova-plugin-statusbar/CDVStatusBar.h"; sourceTree = "<group>"; fileEncoding = 4; lastKnownFileType = sourcecode.c.h; explicitFileType = undefined; includeInIndex = 0; };
		ED0A0713C56A415CBFBB059A /* Toast+UIView.m */ = {isa = PBXFileReference; name = "Toast+UIView.m"; path = "cordova-plugin-x-toast/Toast+UIView.m"; sourceTree = "<group>"; fileEncoding = 4; lastKnownFileType = sourcecode.c.objc; explicitFileType = undefined; includeInIndex = 0; };
		759A644361E4479B8DF7AE40 /* Toast.m */ = {isa = PBXFileReference; name = "Toast.m"; path = "cordova-plugin-x-toast/Toast.m"; sourceTree = "<group>"; fileEncoding = 4; lastKnownFileType = sourcecode.c.objc; explicitFileType = undefined; includeInIndex = 0; };
		D50F9CF6287E46BF8516CDDB /* Toast+UIView.h */ = {isa = PBXFileReference; name = "Toast+UIView.h"; path = "cordova-plugin-x-toast/Toast+UIView.h"; sourceTree = "<group>"; fileEncoding = 4; lastKnownFileType = sourcecode.c.h; explicitFileType = undefined; includeInIndex = 0; };
		54DBD3F3C7D043F2B877FEB1 /* Toast.h */ = {isa = PBXFileReference; name = "Toast.h"; path = "cordova-plugin-x-toast/Toast.h"; sourceTree = "<group>"; fileEncoding = 4; lastKnownFileType = sourcecode.c.h; explicitFileType = undefined; includeInIndex = 0; };
		E936224FE5824F0BB7E686DC /* QuartzCore.framework */ = {isa = PBXFileReference; name = "QuartzCore.framework"; path = "System/Library/Frameworks/QuartzCore.framework"; sourceTree = SDKROOT; fileEncoding = undefined; lastKnownFileType = wrapper.framework; explicitFileType = undefined; includeInIndex = 0; };
		20B5E34D253B4E9F9C7495C9 /* SQLitePlugin.m */ = {isa = PBXFileReference; name = "SQLitePlugin.m"; path = "cordova-sqlite-storage/SQLitePlugin.m"; sourceTree = "<group>"; fileEncoding = 4; lastKnownFileType = sourcecode.c.objc; explicitFileType = undefined; includeInIndex = 0; };
		39E52CC056554DE4ACFF9738 /* PSPDFThreadSafeMutableDictionary.m */ = {isa = PBXFileReference; name = "PSPDFThreadSafeMutableDictionary.m"; path = "cordova-sqlite-storage/PSPDFThreadSafeMutableDictionary.m"; sourceTree = "<group>"; fileEncoding = 4; lastKnownFileType = sourcecode.c.objc; explicitFileType = undefined; includeInIndex = 0; };
		3601F69AAFDB4F468A81C835 /* sqlite3.c */ = {isa = PBXFileReference; name = "sqlite3.c"; path = "cordova-sqlite-storage/sqlite3.c"; sourceTree = "<group>"; fileEncoding = undefined; lastKnownFileType = unknown; explicitFileType = undefined; includeInIndex = 0; };
		78138E858CE34BEF85FCC290 /* SQLitePlugin.h */ = {isa = PBXFileReference; name = "SQLitePlugin.h"; path = "cordova-sqlite-storage/SQLitePlugin.h"; sourceTree = "<group>"; fileEncoding = 4; lastKnownFileType = sourcecode.c.h; explicitFileType = undefined; includeInIndex = 0; };
		6C010259E02045889EA2C09A /* PSPDFThreadSafeMutableDictionary.h */ = {isa = PBXFileReference; name = "PSPDFThreadSafeMutableDictionary.h"; path = "cordova-sqlite-storage/PSPDFThreadSafeMutableDictionary.h"; sourceTree = "<group>"; fileEncoding = 4; lastKnownFileType = sourcecode.c.h; explicitFileType = undefined; includeInIndex = 0; };
		586B6D5CF6A0409AA0FA82DE /* sqlite3.h */ = {isa = PBXFileReference; name = "sqlite3.h"; path = "cordova-sqlite-storage/sqlite3.h"; sourceTree = "<group>"; fileEncoding = 4; lastKnownFileType = sourcecode.c.h; explicitFileType = undefined; includeInIndex = 0; };
		E1538442F4B14D6FBA4FEA2E /* IonicKeyboard.m */ = {isa = PBXFileReference; name = "IonicKeyboard.m"; path = "ionic-plugin-keyboard/IonicKeyboard.m"; sourceTree = "<group>"; fileEncoding = 4; lastKnownFileType = sourcecode.c.objc; explicitFileType = undefined; includeInIndex = 0; };
		41473149918540A2AF89C037 /* IonicKeyboard.h */ = {isa = PBXFileReference; name = "IonicKeyboard.h"; path = "ionic-plugin-keyboard/IonicKeyboard.h"; sourceTree = "<group>"; fileEncoding = 4; lastKnownFileType = sourcecode.c.h; explicitFileType = undefined; includeInIndex = 0; };
		21E9CE2E6D4545238DBA75AD /* CDVBarcodeScanner.mm */ = {isa = PBXFileReference; name = "CDVBarcodeScanner.mm"; path = "phonegap-plugin-barcodescanner/CDVBarcodeScanner.mm"; sourceTree = "<group>"; fileEncoding = undefined; lastKnownFileType = unknown; explicitFileType = undefined; includeInIndex = 0; };
		40180812C1194EB6BE12C4F1 /* scannerOverlay.xib */ = {isa = PBXFileReference; name = "scannerOverlay.xib"; path = "scannerOverlay.xib"; sourceTree = "<group>"; fileEncoding = undefined; lastKnownFileType = file.xib; explicitFileType = undefined; includeInIndex = 0; };
		D3785850A9BF47EEB5D2366E /* CDVBarcodeScanner.bundle */ = {isa = PBXFileReference; name = "CDVBarcodeScanner.bundle"; path = "CDVBarcodeScanner.bundle"; sourceTree = "<group>"; fileEncoding = undefined; lastKnownFileType = wrapper.plug-in; explicitFileType = undefined; includeInIndex = 0; };
/* End PBXFileReference section */

/* Begin PBXFrameworksBuildPhase section */
		1D60588F0D05DD3D006BFB54 /* Frameworks */ = {
			isa = PBXFrameworksBuildPhase;
			buildActionMask = 2147483647;
			files = (
				301BF552109A68D80062928A /* libCordova.a in Frameworks */,
				B004739BDC1E45E394DF7F16 /* ApiAI.framework in Frameworks */,
				A94696A005CE456CA326CA64 /* Security.framework in Frameworks */,
				5912C28AE93F45C39987CE64 /* Foundation.framework in Frameworks */,
				67E9AF3964FB4DC7A1168269 /* CoreAudio.framework in Frameworks */,
				34C0252B28A54D9E9FC40CDD /* AudioToolbox.framework in Frameworks */,
				E204F0AFC75243E3BF98DC78 /* ImageIO.framework in Frameworks */,
				4F1E440C66D64058A288527A /* CoreLocation.framework in Frameworks */,
				6890AB96282B416DBC76C6EB /* AVFoundation.framework in Frameworks */,
				8B50326F7EAD42EE813365A7 /* MessageUI.framework in Frameworks */,
				0E5D529DDDA7464B8C3033D2 /* FirebaseAnalytics.framework in Frameworks */,
				ED098C080F9F4B5A8413BB06 /* FirebaseCore.framework in Frameworks */,
				550038574FF142C2898DD5D6 /* FirebaseInstanceID.framework in Frameworks */,
				54AC047D7D694CA88EA126C7 /* FirebaseMessaging.framework in Frameworks */,
				89A4E67D97CD42519DA7E8D7 /* GoogleInterchangeUtilities.framework in Frameworks */,
				9C16F95769124455A4915E99 /* GoogleIPhoneUtilities.framework in Frameworks */,
				4CF0963A3DCC4509B39BF1E8 /* GoogleSymbolUtilities.framework in Frameworks */,
				CEDE0E02896041C69457B078 /* GoogleUtilities.framework in Frameworks */,
				B118830850FA455CA840E9E9 /* libc++.tbd in Frameworks */,
				70185A2FF7674BC0AC873777 /* libz.tbd in Frameworks */,
				E7EE993FC7E041198CF131A5 /* AddressBook.framework in Frameworks */,
				34C66AC63A59496E9756347B /* libsqlite3.0.tbd in Frameworks */,
				59690254212C4096B58F8F51 /* Crashlytics.framework in Frameworks */,
				B99C84180DBB49748853C90C /* Fabric.framework in Frameworks */,
				5F381BF7498E47BA89F1F438 /* GoogleAppMeasurement.framework in Frameworks */,
				8FA30B8B5CEA44988BF5C615 /* MeasurementNanoPB.framework in Frameworks */,
				BD4B500B1F614E74A16C7279 /* FirebaseCore.framework in Frameworks */,
				DDDF7744A0054300AE117EFA /* FirebaseAnalytics.framework in Frameworks */,
				35047047644D4FFF89D4F5A1 /* GoogleUtilities.framework in Frameworks */,
				F57CA49797374B2AB77F9CF2 /* nanopb.framework in Frameworks */,
				C5F55790ABEC43648E99DA80 /* FirebaseInstanceID.framework in Frameworks */,
				695C42F9243D4FDFBFE05AD4 /* FirebaseCoreDiagnostics.framework in Frameworks */,
				651789713C3B411EACCAF0A8 /* GTMSessionFetcher.framework in Frameworks */,
				CB8B398986E846659F54F9DE /* FirebaseAuth.framework in Frameworks */,
				BF78D1282AB74D7BB2C03CAF /* FirebaseMessaging.framework in Frameworks */,
				92095400A08E4D17B401FD20 /* GoogleToolboxForMac.framework in Frameworks */,
				2ADF47C9471F40CCAFF142B4 /* FirebasePerformance.framework in Frameworks */,
				B2A5ED075DB043D8ABB35F30 /* Protobuf.framework in Frameworks */,
				2B6FD4FEF1D148268D3C4F10 /* FirebaseRemoteConfig.framework in Frameworks */,
				71872B402158481CB25EDD5B /* FirebaseABTesting.framework in Frameworks */,
				B8C2B8C3632042E681E9A527 /* WebKit.framework in Frameworks */,
				BEC9033D48B54E6EBE85783B /* SystemConfiguration.framework in Frameworks */,
				F9CB64C9AC904256AA1200D3 /* CoreTelephony.framework in Frameworks */,
				1CF58D65F49145B7B69F4FD6 /* QuartzCore.framework in Frameworks */,
			);
			runOnlyForDeploymentPostprocessing = 0;
		};
/* End PBXFrameworksBuildPhase section */

/* Begin PBXGroup section */
		080E96DDFE201D6D7F000001 /* Classes */ = {
			isa = PBXGroup;
			children = (
				302D95EE14D2391D003F00A1 /* MainViewController.h */,
				302D95EF14D2391D003F00A1 /* MainViewController.m */,
				302D95F014D2391D003F00A1 /* MainViewController.xib */,
				1D3623240D0F684500981E51 /* AppDelegate.h */,
				1D3623250D0F684500981E51 /* AppDelegate.m */,
			);
			name = Classes;
			path = "IdeaElan/Classes";
			sourceTree = SOURCE_ROOT;
		};
		19C28FACFE9D520D11CA2CBB /* Products */ = {
			isa = PBXGroup;
			children = (
				1D6058910D05DD3D006BFB54 /* IdeaElan.app */,
			);
			name = Products;
			sourceTree = "<group>";
		};
		29B97314FDCFA39411CA2CEA /* CustomTemplate */ = {
			isa = PBXGroup;
			children = (
				EB87FDF41871DAF40020F90C /* config.xml */,
				EB87FDF31871DA8E0020F90C /* www */,
				EB87FDF11871DA420020F90C /* Staging */,
				301BF52D109A57CC0062928A /* CordovaLib.xcodeproj */,
				080E96DDFE201D6D7F000001 /* Classes */,
				307C750510C5A3420062BCA9 /* Plugins */,
				29B97315FDCFA39411CA2CEA /* Other Sources */,
				29B97317FDCFA39411CA2CEA /* Resources */,
				29B97323FDCFA39411CA2CEA /* Frameworks */,
				19C28FACFE9D520D11CA2CBB /* Products */,
			);
			name = CustomTemplate;
			sourceTree = "<group>";
		};
		29B97315FDCFA39411CA2CEA /* Other Sources */ = {
			isa = PBXGroup;
			children = (
				32CA4F630368D1EE00C91783 /* IdeaElan-Prefix.pch */,
				29B97316FDCFA39411CA2CEA /* main.m */,
				ED33DF2A687741AEAF9F8254 /* Bridging-Header.h */,
			);
			name = "Other Sources";
			path = "IdeaElan";
			sourceTree = "<group>";
		};
		29B97317FDCFA39411CA2CEA /* Resources */ = {
			isa = PBXGroup;
			children = (
				0207DA571B56EA530066E2B4 /* Images.xcassets */,
				3047A50E1AB8057F00498E2A /* config */,
				8D1107310486CEB800E47090 /* IdeaElan-Info.plist */,
				6AFF5BF81D6E424B00AB3073 /* CDVLaunchScreen.storyboard */,
				BF72CFC8611445CFB4ABD8EF /* beep.caf */,
				D3B11F071F964DD3B169BA6D /* DatePicker.xib */,
				760906EA5B7A4BD4B0F115CB /* GoogleService-Info.plist */,
				40180812C1194EB6BE12C4F1 /* scannerOverlay.xib */,
				D3785850A9BF47EEB5D2366E /* CDVBarcodeScanner.bundle */,
			);
			name = Resources;
			path = "IdeaElan/Resources";
			sourceTree = "<group>";
		};
		29B97323FDCFA39411CA2CEA /* Frameworks */ = {
			isa = PBXGroup;
			children = (
				F616E39A60714C529BC06C62 /* ApiAI.framework */,
				AA46366B092846D4BCCAA479 /* Security.framework */,
				5E89132726624B439B51F71D /* Foundation.framework */,
				A2B684AE99B3475492647817 /* CoreAudio.framework */,
				89F25C220B3440929B217BC7 /* AudioToolbox.framework */,
				C6A08864D8B145B0A384F456 /* ImageIO.framework */,
				524F810E77684630A2E969F3 /* CoreLocation.framework */,
				8F51A8645F43418C9196D3FF /* AVFoundation.framework */,
				D07FEA60C7B0473D99287FF2 /* MessageUI.framework */,
				C6C9D52B160743D490E4A116 /* FirebaseAnalytics.framework */,
				51E13243FE27425BA14D2D7D /* FirebaseCore.framework */,
				51F69A46E93D4721AFE65949 /* FirebaseInstanceID.framework */,
				4A72A18173444FF7A4253977 /* FirebaseMessaging.framework */,
				F54B199726DC4B758106B56A /* GoogleInterchangeUtilities.framework */,
				94F26717119D4B0A9B60F0E5 /* GoogleIPhoneUtilities.framework */,
				DF6E5B97034C414988FBCC54 /* GoogleSymbolUtilities.framework */,
				D8A7FF6A3F4A4AA9B5D6898C /* GoogleUtilities.framework */,
				B64E95BFEA4D435590358C73 /* libc++.tbd */,
				B2EC77374491495EAF35360F /* libz.tbd */,
				7B7E456CDF324C76A8156249 /* AddressBook.framework */,
				42B8887B3FB047B6B43E1BEC /* libsqlite3.0.tbd */,
				92796BE246FD4039AF8E61AE /* Crashlytics.framework */,
				0D5517AD3626497F846DA13A /* Fabric.framework */,
				F70A0ED9C0F349A8B06BD260 /* GoogleAppMeasurement.framework */,
				4977C9FD434E4129A4A76069 /* MeasurementNanoPB.framework */,
				C76AE050924049DCA93BDDA0 /* FirebaseCore.framework */,
				B62D195F1B3D4243BB61E29D /* FirebaseAnalytics.framework */,
				1E7DE1D26EA14197A6DC1DBD /* GoogleUtilities.framework */,
				FBFDCA2FA1CA4A798BED472B /* nanopb.framework */,
				01880F8ADCEA45DE93C96128 /* FirebaseInstanceID.framework */,
				3142DF3853EE4CEFAB5148E7 /* FirebaseCoreDiagnostics.framework */,
				13B114AA670549BC83B30B81 /* GTMSessionFetcher.framework */,
				4ECB028AC31F4347A58B6C0E /* FirebaseAuth.framework */,
				90EE5E1B504A4BBD8B0DA468 /* FirebaseMessaging.framework */,
				ECB8E477AA2D4CFB80E230D2 /* GoogleToolboxForMac.framework */,
				DB0D26F87A2C42DEA7346ADD /* FirebasePerformance.framework */,
				E94D162B229648E59FF52582 /* Protobuf.framework */,
				40ACCF74336D4336B498AF45 /* FirebaseRemoteConfig.framework */,
				4EDEFDA8DD8F41EF92533BAE /* FirebaseABTesting.framework */,
				FDB26CF48A574AEFB034DE85 /* WebKit.framework */,
				113305A046624C689F263BA1 /* SystemConfiguration.framework */,
				40F3FD7827254DC0B8450C13 /* CoreTelephony.framework */,
				E936224FE5824F0BB7E686DC /* QuartzCore.framework */,
			);
			name = Frameworks;
			sourceTree = "<group>";
		};
		301BF52E109A57CC0062928A /* Products */ = {
			isa = PBXGroup;
			children = (
				301BF535109A57CC0062928A /* libCordova.a */,
			);
			name = Products;
			sourceTree = "<group>";
		};
		3047A50E1AB8057F00498E2A /* config */ = {
			isa = PBXGroup;
			children = (
				3047A50F1AB8059700498E2A /* build-debug.xcconfig */,
				3047A5101AB8059700498E2A /* build-release.xcconfig */,
				3047A5111AB8059700498E2A /* build.xcconfig */,
			);
			name = config;
			sourceTree = "<group>";
		};
		307C750510C5A3420062BCA9 /* Plugins */ = {
			isa = PBXGroup;
			children = (
				F6AED6297318471CBE1D43C2 /* ApiAIPlugin.m */,
				AACE96B08F9945D783BDB4CB /* ApiAIPlugin.h */,
				507B5331E08C442AA88677AC /* UIImage+CropScaleOrientation.m */,
				A0B97EFEE9E4433CAE973AA1 /* CDVCamera.m */,
				AF883D97ED2A41A482ED0A1C /* CDVJpegHeaderWriter.m */,
				497A8330CC68429B9968ABE5 /* UIImage+CropScaleOrientation.h */,
				C773DCB3EF6A42A599934278 /* CDVCamera.h */,
				399755241DBD4C8B9D64AC4F /* CDVJpegHeaderWriter.h */,
				7C6CADF8739443FE8C2D0C13 /* CDVExif.h */,
				DD47ADDB149048F29E8C957F /* DatePicker.m */,
				C78F4E92361642929FE34624 /* DatePicker.h */,
				060CCADDD5954CE7BEE36CF9 /* CDVDevice.m */,
				63858F70472F4B43B29A1D07 /* CDVDevice.h */,
				96AF1E9628EC4D89AFE7F326 /* APPEmailComposer.m */,
				A6E8496A6AA04FD3A0D77E7F /* APPEmailComposerImpl.m */,
				6A2E17490C9543748BD8D8F8 /* APPEmailComposer.h */,
				09542A6DBDE64B2590BFD573 /* APPEmailComposerImpl.h */,
				4DA3441208924695B7D0B753 /* FCMPlugin.m */,
				523D727992064C35A0861A08 /* AppDelegate+FCMPlugin.m */,
				1B28B5CB738046F7992B0667 /* FCMPlugin.h */,
				A2ABD4047603463DBF434951 /* AppDelegate+FCMPlugin.h */,
				3F86EA9CED9A478083FB0E82 /* Firebase.h */,
				B8630B9AF329467A804E3F58 /* AppDelegate+FirebasePlugin.m */,
				1A82E47110534DB7A60F048C /* FirebasePlugin.m */,
				1F061C6256294885A7BF8C30 /* AppDelegate+FirebasePlugin.h */,
				163DA7968EE14EB6A4FA4827 /* FirebasePlugin.h */,
				A31731543D2A4D7BBC44C826 /* Firebase.h */,
				29C0B7AEEC084E708C7DE748 /* CDVIonicKeyboard.m */,
				CB8207C5A7A445318D20F37B /* CDVIonicKeyboard.h */,
				738A1D1F960D42E58C1142FB /* CDVWKWebViewEngine.m */,
				7A7C8390868E4CF290925E21 /* CDVWKWebViewUIDelegate.m */,
				14C168525FAA47CCB32F52D1 /* CDVWKProcessPoolFactory.m */,
				F6B3F7E1D1F3446EB1416AF4 /* GCDWebServer.m */,
				350955D2760D4B2D993714A4 /* GCDWebServerConnection.m */,
				6FBC88A69F3E40B6A90AB800 /* GCDWebServerFunctions.m */,
				79C2A00EE4CC4B27A48F5856 /* GCDWebServerRequest.m */,
				E990FF2F90CC4AC5849B6E2F /* GCDWebServerResponse.m */,
				675C5C42F8334FFC92CC0BAF /* GCDWebServerDataRequest.m */,
				C7FA8F1624F242D3A89DD168 /* GCDWebServerFileRequest.m */,
				62352ACD7FD946E9B6B88BD6 /* GCDWebServerMultiPartFormRequest.m */,
				4BC13B2D90204AE3A9BE88F3 /* GCDWebServerURLEncodedFormRequest.m */,
				3E1FD72691E44326A3B73108 /* GCDWebServerDataResponse.m */,
				8B06933534BF474B86C1F515 /* GCDWebServerErrorResponse.m */,
				BC440AC251804A92BA038828 /* GCDWebServerFileResponse.m */,
				3B8A6756FCFA40ECA3C60E19 /* GCDWebServerStreamedResponse.m */,
				E0E593B49B97441AA27807E2 /* CDVWKWebViewEngine.h */,
				A559D534178D427988AFC10E /* CDVWKWebViewUIDelegate.h */,
				460D851A20E448B291DECA2E /* CDVWKProcessPoolFactory.h */,
				617FE5BDE1EE4CEEAD276661 /* GCDWebServer.h */,
				AC03E66B56C44BF68FCDCC45 /* GCDWebServerConnection.h */,
				8F5E9C388AF0466283E37067 /* GCDWebServerFunctions.h */,
				A125912D9C614FCF804587ED /* GCDWebServerHTTPStatusCodes.h */,
				5BBB6EC54F0F468D93A8BC18 /* GCDWebServerPrivate.h */,
				3C0161A4352948A4999744A3 /* GCDWebServerRequest.h */,
				FFDFD215717D4754A8D27CFB /* GCDWebServerResponse.h */,
				59974AAD4A6446209BBFE919 /* GCDWebServerDataRequest.h */,
				4923300302674590832A72E1 /* GCDWebServerFileRequest.h */,
				DEC56AF3DDF84FB19BEB8886 /* GCDWebServerMultiPartFormRequest.h */,
				C469C84DCBF843BEAC6EDD64 /* GCDWebServerURLEncodedFormRequest.h */,
				D2936C09C895436282ADA42A /* GCDWebServerDataResponse.h */,
				DD31BA6F39AB486AADF2B0B0 /* GCDWebServerErrorResponse.h */,
				914FCF3D74874FE9A4110B74 /* GCDWebServerFileResponse.h */,
				238221EC0C4C4CC887ACA7CF /* GCDWebServerStreamedResponse.h */,
				1DCBCE2B30A14313B64FE95E /* CDVConnection.m */,
				E9A7B6BEF4D4471890536405 /* CDVReachability.m */,
				D4551C7B37CB4708A28784C3 /* CDVConnection.h */,
				A9435BF4C7E14061964432C8 /* CDVReachability.h */,
				4608198ED93040AA9A4EE45E /* CDVOrientation.m */,
				EC0A426C27E1460CBAA78729 /* CDVOrientation.h */,
				679B70F0B7C6404F9DCC4F13 /* CDVSplashScreen.m */,
				20621F7FDD6144E09FBACA89 /* CDVViewController+SplashScreen.m */,
				04583BD266014E8682F630F7 /* CDVSplashScreen.h */,
				8D2AAC893FF2415483BD58B3 /* CDVViewController+SplashScreen.h */,
				488BB5F7DDB0486EB5A107BA /* CDVStatusBar.m */,
				F5F5B2E2461D427D837B86F8 /* CDVStatusBar.h */,
				ED0A0713C56A415CBFBB059A /* Toast+UIView.m */,
				759A644361E4479B8DF7AE40 /* Toast.m */,
				D50F9CF6287E46BF8516CDDB /* Toast+UIView.h */,
				54DBD3F3C7D043F2B877FEB1 /* Toast.h */,
				20B5E34D253B4E9F9C7495C9 /* SQLitePlugin.m */,
				39E52CC056554DE4ACFF9738 /* PSPDFThreadSafeMutableDictionary.m */,
				3601F69AAFDB4F468A81C835 /* sqlite3.c */,
				78138E858CE34BEF85FCC290 /* SQLitePlugin.h */,
				6C010259E02045889EA2C09A /* PSPDFThreadSafeMutableDictionary.h */,
				586B6D5CF6A0409AA0FA82DE /* sqlite3.h */,
				E1538442F4B14D6FBA4FEA2E /* IonicKeyboard.m */,
				41473149918540A2AF89C037 /* IonicKeyboard.h */,
				21E9CE2E6D4545238DBA75AD /* CDVBarcodeScanner.mm */,
			);
			name = Plugins;
			path = "IdeaElan/Plugins";
			sourceTree = SOURCE_ROOT;
		};
		EB87FDF11871DA420020F90C /* Staging */ = {
			isa = PBXGroup;
			children = (
				F840E1F0165FE0F500CFE078 /* config.xml */,
				301BF56E109A69640062928A /* www */,
			);
			name = Staging;
			sourceTree = "<group>";
		};
/* End PBXGroup section */

/* Begin PBXNativeTarget section */
		1D6058900D05DD3D006BFB54 /* IdeaElan */ = {
			isa = PBXNativeTarget;
			buildConfigurationList = 1D6058960D05DD3E006BFB54 /* Build configuration list for PBXNativeTarget "IdeaElan" */;
			buildPhases = (
				304B58A110DAC018002A0835 /* Copy www directory */,
				1D60588D0D05DD3D006BFB54 /* Resources */,
				1D60588E0D05DD3D006BFB54 /* Sources */,
				1D60588F0D05DD3D006BFB54 /* Frameworks */,
			);
			buildRules = (
			);
			dependencies = (
				301BF551109A68C00062928A /* PBXTargetDependency */,
			);
			name = "IdeaElan";
			productName = "IdeaElan";
			productReference = 1D6058910D05DD3D006BFB54 /* IdeaElan.app */;
			productType = "com.apple.product-type.application";
		};
/* End PBXNativeTarget section */

/* Begin PBXProject section */
		29B97313FDCFA39411CA2CEA /* Project object */ = {
			isa = PBXProject;
			attributes = {
				LastUpgradeCheck = 510;
			};
			buildConfigurationList = C01FCF4E08A954540054247B /* Build configuration list for PBXProject "__NON-CLI__" */;
			compatibilityVersion = "Xcode 3.2";
			developmentRegion = English;
			hasScannedForEncodings = 1;
			mainGroup = 29B97314FDCFA39411CA2CEA /* CustomTemplate */;
			projectDirPath = "";
			projectReferences = (
				{
					ProductGroup = 301BF52E109A57CC0062928A /* Products */;
					ProjectRef = 301BF52D109A57CC0062928A /* CordovaLib.xcodeproj */;
				},
			);
			projectRoot = "";
			targets = (
				1D6058900D05DD3D006BFB54 /* IdeaElan */,
			);
		};
/* End PBXProject section */

/* Begin PBXReferenceProxy section */
		301BF535109A57CC0062928A /* libCordova.a */ = {
			isa = PBXReferenceProxy;
			fileType = archive.ar;
			path = libCordova.a;
			remoteRef = 301BF534109A57CC0062928A /* PBXContainerItemProxy */;
			sourceTree = BUILT_PRODUCTS_DIR;
		};
/* End PBXReferenceProxy section */

/* Begin PBXResourcesBuildPhase section */
		1D60588D0D05DD3D006BFB54 /* Resources */ = {
			isa = PBXResourcesBuildPhase;
			buildActionMask = 2147483647;
			files = (
				302D95F214D2391D003F00A1 /* MainViewController.xib in Resources */,
				0207DA581B56EA530066E2B4 /* Images.xcassets in Resources */,
				6AFF5BF91D6E424B00AB3073 /* CDVLaunchScreen.storyboard in Resources */,
				D777A0EFF3B74F79A68ED3B7 /* beep.caf in Resources */,
				4130E478DCA7408384BFE51F /* DatePicker.xib in Resources */,
				34E5CA88DCFD476594A3A2BC /* GoogleService-Info.plist in Resources */,
				17E20D2AD6D144A8B06FC30F /* scannerOverlay.xib in Resources */,
				62A260B2F7BE44C9B842E7FB /* CDVBarcodeScanner.bundle in Resources */,
			);
			runOnlyForDeploymentPostprocessing = 0;
		};
/* End PBXResourcesBuildPhase section */

/* Begin PBXShellScriptBuildPhase section */
		304B58A110DAC018002A0835 /* Copy www directory */ = {
			isa = PBXShellScriptBuildPhase;
			buildActionMask = 2147483647;
			files = (
			);
			inputPaths = (
			);
			name = "Copy www directory";
			outputPaths = (
			);
			runOnlyForDeploymentPostprocessing = 0;
			shellPath = /bin/sh;
			shellScript = "NODEJS_PATH=/usr/local/bin; NVM_NODE_PATH=~/.nvm/versions/node/`nvm version 2>/dev/null`/bin; N_NODE_PATH=`find /usr/local/n/versions/node/* -maxdepth 0 -type d 2>/dev/null | tail -1`/bin; XCODE_NODE_PATH=`xcode-select --print-path`/usr/share/xcs/Node/bin; PATH=$NODEJS_PATH:$NVM_NODE_PATH:$N_NODE_PATH:$XCODE_NODE_PATH:$PATH && node cordova/lib/copy-www-build-step.js";
			showEnvVarsInLog = 0;
		};
/* End PBXShellScriptBuildPhase section */

/* Begin PBXSourcesBuildPhase section */
		1D60588E0D05DD3D006BFB54 /* Sources */ = {
			isa = PBXSourcesBuildPhase;
			buildActionMask = 2147483647;
			files = (
				1D60589B0D05DD56006BFB54 /* main.m in Sources */,
				1D3623260D0F684500981E51 /* AppDelegate.m in Sources */,
				302D95F114D2391D003F00A1 /* MainViewController.m in Sources */,
				6EC4A9A1B0D64762BD8F2733 /* ApiAIPlugin.m in Sources */,
				6DD3C45588DE426F95AC3AD3 /* UIImage+CropScaleOrientation.m in Sources */,
				845DF65C4ECA4C199FC0F1F5 /* CDVCamera.m in Sources */,
				1430DB4007FC4CF0A4DBCCD8 /* CDVJpegHeaderWriter.m in Sources */,
				66D293ADB08C47CBB5056283 /* DatePicker.m in Sources */,
				B5A18D555526484FA27C35B5 /* CDVDevice.m in Sources */,
				B6E9EE97691E4CE08481E537 /* APPEmailComposer.m in Sources */,
				F2FE207B4FD24940831CB11B /* APPEmailComposerImpl.m in Sources */,
				D6A9C7F5515E413D99E1525B /* FCMPlugin.m in Sources */,
				85A610D7DE504EBC9FFFD6B5 /* AppDelegate+FCMPlugin.m in Sources */,
				D213F499DF4644BE808C46B9 /* AppDelegate+FirebasePlugin.m in Sources */,
				5C87AD1D032E4512A3F8CF48 /* FirebasePlugin.m in Sources */,
				00058E06745349CFB20CD984 /* CDVIonicKeyboard.m in Sources */,
				EC197789799540638EEE35EB /* CDVWKWebViewEngine.m in Sources */,
				B638F0BD95BD49CFA85AC1A4 /* CDVWKWebViewUIDelegate.m in Sources */,
				15692EDA4229418E916D79CA /* CDVWKProcessPoolFactory.m in Sources */,
				0FFFCB4BEEC14847942046B5 /* GCDWebServer.m in Sources */,
				2AF970DE7FCF4471903E185B /* GCDWebServerConnection.m in Sources */,
				D0A70D3674A2450D940E95DD /* GCDWebServerFunctions.m in Sources */,
				1266863546E5417D8430E11C /* GCDWebServerRequest.m in Sources */,
				127F6F6BDA134445B7C294CE /* GCDWebServerResponse.m in Sources */,
				172D0936F8C540F194763DA8 /* GCDWebServerDataRequest.m in Sources */,
				CA783BBE72654129923A077D /* GCDWebServerFileRequest.m in Sources */,
				AA318FF578DA44D8AECE1D30 /* GCDWebServerMultiPartFormRequest.m in Sources */,
				81FE6C188ECD4BA3B680D1A1 /* GCDWebServerURLEncodedFormRequest.m in Sources */,
				B5460889E17D4EA2B66EB65A /* GCDWebServerDataResponse.m in Sources */,
				69B9CFB42D7841D79E16E14A /* GCDWebServerErrorResponse.m in Sources */,
				6290DF2AD5604603B49AE99E /* GCDWebServerFileResponse.m in Sources */,
				B12953EB37764689B908B8D8 /* GCDWebServerStreamedResponse.m in Sources */,
				5F67AEC902114A5CAAE36452 /* CDVConnection.m in Sources */,
				C492BD05B62E48FA8D03DE9D /* CDVReachability.m in Sources */,
				357B63C573D643B493AD9062 /* CDVOrientation.m in Sources */,
				1A91ED4599944BE1A68E71F3 /* CDVSplashScreen.m in Sources */,
				07C466673C6D4D42BDEA2779 /* CDVViewController+SplashScreen.m in Sources */,
				91DB56BF76194D8198BEEC35 /* CDVStatusBar.m in Sources */,
				2D28F86534184E799E0D0382 /* Toast+UIView.m in Sources */,
				3BD4537EA14F411CAAEAFB54 /* Toast.m in Sources */,
				1F9F2BE3FFD1431789E1FE2D /* SQLitePlugin.m in Sources */,
				F4A677C2B36641BA854A8980 /* PSPDFThreadSafeMutableDictionary.m in Sources */,
				49BF480C984D482E87A4DEDC /* sqlite3.c in Resources */,
				D5C3BA3C0B9B4446A86D486C /* IonicKeyboard.m in Sources */,
				A4B5A94F951E4157B1085629 /* CDVBarcodeScanner.mm in Resources */,
			);
			runOnlyForDeploymentPostprocessing = 0;
		};
/* End PBXSourcesBuildPhase section */

/* Begin PBXTargetDependency section */
		301BF551109A68C00062928A /* PBXTargetDependency */ = {
			isa = PBXTargetDependency;
			name = CordovaLib;
			targetProxy = 301BF550109A68C00062928A /* PBXContainerItemProxy */;
		};
/* End PBXTargetDependency section */

/* Begin XCBuildConfiguration section */
		1D6058940D05DD3E006BFB54 /* Debug */ = {
			isa = XCBuildConfiguration;
			baseConfigurationReference = 3047A50F1AB8059700498E2A /* build-debug.xcconfig */;
			buildSettings = {
				ALWAYS_SEARCH_USER_PATHS = NO;
				ASSETCATALOG_COMPILER_APPICON_NAME = AppIcon;
				ASSETCATALOG_COMPILER_LAUNCHIMAGE_NAME = LaunchImage;
				CLANG_ENABLE_MODULES = YES;
				CLANG_ENABLE_OBJC_ARC = YES;
				COPY_PHASE_STRIP = NO;
				GCC_DYNAMIC_NO_PIC = NO;
				GCC_OPTIMIZATION_LEVEL = 0;
				GCC_PRECOMPILE_PREFIX_HEADER = YES;
				GCC_PREFIX_HEADER = "IdeaElan/IdeaElan-Prefix.pch";
				GCC_THUMB_SUPPORT = NO;
				GCC_VERSION = "";
				INFOPLIST_FILE = "IdeaElan/IdeaElan-Info.plist";
				IPHONEOS_DEPLOYMENT_TARGET = 9.0;
				LD_RUNPATH_SEARCH_PATHS = "@executable_path/Frameworks";
				TARGETED_DEVICE_FAMILY = "1,2";
				PRODUCT_NAME = "IdeaElan";
				FRAMEWORK_SEARCH_PATHS = (
					"$(inherited)",
					"\"IdeaElan/Plugins/cordova-plugin-apiai\"",
					"\"IdeaElan/Plugins/cordova-plugin-fcm-with-dependecy-updated\"",
					"\"IdeaElan/Plugins/cordova-plugin-fcm-with-dependecy-updated\"",
					"\"IdeaElan/Plugins/cordova-plugin-fcm-with-dependecy-updated\"",
					"\"IdeaElan/Plugins/cordova-plugin-fcm-with-dependecy-updated\"",
					"\"IdeaElan/Plugins/cordova-plugin-fcm-with-dependecy-updated\"",
					"\"IdeaElan/Plugins/cordova-plugin-fcm-with-dependecy-updated\"",
					"\"IdeaElan/Plugins/cordova-plugin-fcm-with-dependecy-updated\"",
					"\"IdeaElan/Plugins/cordova-plugin-fcm-with-dependecy-updated\"",
					"\"IdeaElan/Plugins/cordova-plugin-firebase\"",
					"\"IdeaElan/Plugins/cordova-plugin-firebase\"",
					"\"IdeaElan/Plugins/cordova-plugin-firebase\"",
					"\"IdeaElan/Plugins/cordova-plugin-firebase\"",
					"\"IdeaElan/Plugins/cordova-plugin-firebase\"",
					"\"IdeaElan/Plugins/cordova-plugin-firebase\"",
					"\"IdeaElan/Plugins/cordova-plugin-firebase\"",
					"\"IdeaElan/Plugins/cordova-plugin-firebase\"",
					"\"IdeaElan/Plugins/cordova-plugin-firebase\"",
					"\"IdeaElan/Plugins/cordova-plugin-firebase\"",
					"\"IdeaElan/Plugins/cordova-plugin-firebase\"",
					"\"IdeaElan/Plugins/cordova-plugin-firebase\"",
					"\"IdeaElan/Plugins/cordova-plugin-firebase\"",
					"\"IdeaElan/Plugins/cordova-plugin-firebase\"",
					"\"IdeaElan/Plugins/cordova-plugin-firebase\"",
					"\"IdeaElan/Plugins/cordova-plugin-firebase\"",
					"\"IdeaElan/Plugins/cordova-plugin-firebase\"",
					"\"IdeaElan/Plugins/cordova-plugin-firebase\"",
				);
			};
			name = Debug;
		};
		1D6058950D05DD3E006BFB54 /* Release */ = {
			isa = XCBuildConfiguration;
			baseConfigurationReference = 3047A5101AB8059700498E2A /* build-release.xcconfig */;
			buildSettings = {
				ALWAYS_SEARCH_USER_PATHS = NO;
				ASSETCATALOG_COMPILER_APPICON_NAME = AppIcon;
				ASSETCATALOG_COMPILER_LAUNCHIMAGE_NAME = LaunchImage;
				CLANG_ENABLE_MODULES = YES;
				CLANG_ENABLE_OBJC_ARC = YES;
				COPY_PHASE_STRIP = YES;
				GCC_PRECOMPILE_PREFIX_HEADER = YES;
				GCC_PREFIX_HEADER = "IdeaElan/IdeaElan-Prefix.pch";
				GCC_THUMB_SUPPORT = NO;
				GCC_VERSION = "";
				INFOPLIST_FILE = "IdeaElan/IdeaElan-Info.plist";
				IPHONEOS_DEPLOYMENT_TARGET = 9.0;
				LD_RUNPATH_SEARCH_PATHS = "@executable_path/Frameworks";
				TARGETED_DEVICE_FAMILY = "1,2";
				PRODUCT_NAME = "IdeaElan";
				FRAMEWORK_SEARCH_PATHS = (
					"$(inherited)",
					"\"IdeaElan/Plugins/cordova-plugin-apiai\"",
					"\"IdeaElan/Plugins/cordova-plugin-fcm-with-dependecy-updated\"",
					"\"IdeaElan/Plugins/cordova-plugin-fcm-with-dependecy-updated\"",
					"\"IdeaElan/Plugins/cordova-plugin-fcm-with-dependecy-updated\"",
					"\"IdeaElan/Plugins/cordova-plugin-fcm-with-dependecy-updated\"",
					"\"IdeaElan/Plugins/cordova-plugin-fcm-with-dependecy-updated\"",
					"\"IdeaElan/Plugins/cordova-plugin-fcm-with-dependecy-updated\"",
					"\"IdeaElan/Plugins/cordova-plugin-fcm-with-dependecy-updated\"",
					"\"IdeaElan/Plugins/cordova-plugin-fcm-with-dependecy-updated\"",
					"\"IdeaElan/Plugins/cordova-plugin-firebase\"",
					"\"IdeaElan/Plugins/cordova-plugin-firebase\"",
					"\"IdeaElan/Plugins/cordova-plugin-firebase\"",
					"\"IdeaElan/Plugins/cordova-plugin-firebase\"",
					"\"IdeaElan/Plugins/cordova-plugin-firebase\"",
					"\"IdeaElan/Plugins/cordova-plugin-firebase\"",
					"\"IdeaElan/Plugins/cordova-plugin-firebase\"",
					"\"IdeaElan/Plugins/cordova-plugin-firebase\"",
					"\"IdeaElan/Plugins/cordova-plugin-firebase\"",
					"\"IdeaElan/Plugins/cordova-plugin-firebase\"",
					"\"IdeaElan/Plugins/cordova-plugin-firebase\"",
					"\"IdeaElan/Plugins/cordova-plugin-firebase\"",
					"\"IdeaElan/Plugins/cordova-plugin-firebase\"",
					"\"IdeaElan/Plugins/cordova-plugin-firebase\"",
					"\"IdeaElan/Plugins/cordova-plugin-firebase\"",
					"\"IdeaElan/Plugins/cordova-plugin-firebase\"",
					"\"IdeaElan/Plugins/cordova-plugin-firebase\"",
					"\"IdeaElan/Plugins/cordova-plugin-firebase\"",
				);
			};
			name = Release;
		};
		C01FCF4F08A954540054247B /* Debug */ = {
			isa = XCBuildConfiguration;
			baseConfigurationReference = 3047A5111AB8059700498E2A /* build.xcconfig */;
			buildSettings = {
				CLANG_ENABLE_MODULES = YES;
				CLANG_ENABLE_OBJC_ARC = YES;
				CLANG_WARN_BOOL_CONVERSION = YES;
				CLANG_WARN_CONSTANT_CONVERSION = YES;
				CLANG_WARN_EMPTY_BODY = YES;
				CLANG_WARN_ENUM_CONVERSION = YES;
				CLANG_WARN_INT_CONVERSION = YES;
				CLANG_WARN__DUPLICATE_METHOD_MATCH = YES;
				GCC_C_LANGUAGE_STANDARD = c99;
				GCC_THUMB_SUPPORT = NO;
				GCC_VERSION = "";
				GCC_WARN_ABOUT_RETURN_TYPE = YES;
				GCC_WARN_UNDECLARED_SELECTOR = YES;
				GCC_WARN_UNINITIALIZED_AUTOS = YES;
				GCC_WARN_UNUSED_FUNCTION = YES;
				GCC_WARN_UNUSED_VARIABLE = YES;
				ONLY_ACTIVE_ARCH = YES;
				SDKROOT = iphoneos;
				SKIP_INSTALL = NO;
			};
			name = Debug;
		};
		C01FCF5008A954540054247B /* Release */ = {
			isa = XCBuildConfiguration;
			baseConfigurationReference = 3047A5111AB8059700498E2A /* build.xcconfig */;
			buildSettings = {
				CLANG_ENABLE_MODULES = YES;
				CLANG_ENABLE_OBJC_ARC = YES;
				CLANG_WARN_BOOL_CONVERSION = YES;
				CLANG_WARN_CONSTANT_CONVERSION = YES;
				CLANG_WARN_EMPTY_BODY = YES;
				CLANG_WARN_ENUM_CONVERSION = YES;
				CLANG_WARN_INT_CONVERSION = YES;
				CLANG_WARN__DUPLICATE_METHOD_MATCH = YES;
				GCC_C_LANGUAGE_STANDARD = c99;
				GCC_THUMB_SUPPORT = NO;
				GCC_VERSION = "";
				GCC_WARN_ABOUT_RETURN_TYPE = YES;
				GCC_WARN_UNDECLARED_SELECTOR = YES;
				GCC_WARN_UNINITIALIZED_AUTOS = YES;
				GCC_WARN_UNUSED_FUNCTION = YES;
				GCC_WARN_UNUSED_VARIABLE = YES;
				SDKROOT = iphoneos;
				SKIP_INSTALL = NO;
			};
			name = Release;
		};
/* End XCBuildConfiguration section */

/* Begin XCConfigurationList section */
		1D6058960D05DD3E006BFB54 /* Build configuration list for PBXNativeTarget "IdeaElan" */ = {
			isa = XCConfigurationList;
			buildConfigurations = (
				1D6058940D05DD3E006BFB54 /* Debug */,
				1D6058950D05DD3E006BFB54 /* Release */,
			);
			defaultConfigurationIsVisible = 0;
			defaultConfigurationName = Release;
		};
		C01FCF4E08A954540054247B /* Build configuration list for PBXProject "__NON-CLI__" */ = {
			isa = XCConfigurationList;
			buildConfigurations = (
				C01FCF4F08A954540054247B /* Debug */,
				C01FCF5008A954540054247B /* Release */,
			);
			defaultConfigurationIsVisible = 0;
			defaultConfigurationName = Release;
		};
/* End XCConfigurationList section */
	};
	rootObject = 29B97313FDCFA39411CA2CEA /* Project object */;
}
