// !$*UTF8*$!
{
	archiveVersion = 1;
	classes = {
	};
	objectVersion = 46;
	objects = {
/* Begin PBXBuildFile section */
		0207DA581B56EA530066E2B4 /* Images.xcassets in Resources */ = {isa = PBXBuildFile; fileRef = 0207DA571B56EA530066E2B4 /* Images.xcassets */; };
		1D3623260D0F684500981E51 /* AppDelegate.m in Sources */ = {isa = PBXBuildFile; fileRef = 1D3623250D0F684500981E51 /* AppDelegate.m */; };
		1D60589B0D05DD56006BFB54 /* main.m in Sources */ = {isa = PBXBuildFile; fileRef = 29B97316FDCFA39411CA2CEA /* main.m */; };
		301BF552109A68D80062928A /* libCordova.a in Frameworks */ = {isa = PBXBuildFile; fileRef = 301BF535109A57CC0062928A /* libCordova.a */; };
		302D95F114D2391D003F00A1 /* MainViewController.m in Sources */ = {isa = PBXBuildFile; fileRef = 302D95EF14D2391D003F00A1 /* MainViewController.m */; };
		302D95F214D2391D003F00A1 /* MainViewController.xib in Resources */ = {isa = PBXBuildFile; fileRef = 302D95F014D2391D003F00A1 /* MainViewController.xib */; };
		3047A5121AB8059700498E2A /* build-debug.xcconfig in Resources */ = {isa = PBXBuildFile; fileRef = 3047A50F1AB8059700498E2A /* build-debug.xcconfig */; };
		3047A5131AB8059700498E2A /* build-release.xcconfig in Resources */ = {isa = PBXBuildFile; fileRef = 3047A5101AB8059700498E2A /* build-release.xcconfig */; };
		3047A5141AB8059700498E2A /* build.xcconfig in Resources */ = {isa = PBXBuildFile; fileRef = 3047A5111AB8059700498E2A /* build.xcconfig */; };
		6AFF5BF91D6E424B00AB3073 /* CDVLaunchScreen.storyboard in Resources */ = {isa = PBXBuildFile; fileRef = 6AFF5BF81D6E424B00AB3073 /* CDVLaunchScreen.storyboard */; };
		C07297B1FFD542DB98C7E976 /* ApiAIPlugin.m in Sources */ = {isa = PBXBuildFile; fileRef = 944B91B3CDC0474194A8C6AF /* ApiAIPlugin.m */; settings = {COMPILER_FLAGS = "-std=gnu99 -fmodules"; }; };
		560F5FEC0DF9464C8C9A70A2 /* beep.caf in Resources */ = {isa = PBXBuildFile; fileRef = 6B6F1214C6154F96BF5E3BDB /* beep.caf */; };
		36AC8EF8BF4F416DB481BA14 /* ApiAI.framework in Frameworks */ = {isa = PBXBuildFile; fileRef = 0B643979E2DA4BEEB6DFBB09 /* ApiAI.framework */; };
		2ADE3D7DE8D7481E8EB28017 /* Security.framework in Frameworks */ = {isa = PBXBuildFile; fileRef = 6915FFF255534C318DF4F9F2 /* Security.framework */; };
		D375451284AB41AE8BBB2476 /* Foundation.framework in Frameworks */ = {isa = PBXBuildFile; fileRef = E36637928E9C49E78E7137C4 /* Foundation.framework */; };
		61E1015777CC4E6BB0B51EAC /* CoreAudio.framework in Frameworks */ = {isa = PBXBuildFile; fileRef = C75CDAFA848F43B4A3E2E09F /* CoreAudio.framework */; };
		3093AD07859C4BB2A38F7F36 /* AudioToolbox.framework in Frameworks */ = {isa = PBXBuildFile; fileRef = 60D3C791637B415B81A5032B /* AudioToolbox.framework */; };
		EAEF74A4B4CB4612916BB2F3 /* Calendar.m in Sources */ = {isa = PBXBuildFile; fileRef = CEC2D0EAA3D24E2DB9F6F456 /* Calendar.m */; };
		976F9764C4094B3783FB450C /* EventKit.framework in Frameworks */ = {isa = PBXBuildFile; fileRef = 7DD77D912A4F448E9B2CE41E /* EventKit.framework */; };
		D70C4C6561B541329E2C497D /* EventKitUI.framework in Frameworks */ = {isa = PBXBuildFile; fileRef = 7A167E9052394C7688CA52D5 /* EventKitUI.framework */; };
		6C2F7FD80A7B46378D2678BD /* UIImage+CropScaleOrientation.m in Sources */ = {isa = PBXBuildFile; fileRef = D63F491BAF8A4EEA9656A69D /* UIImage+CropScaleOrientation.m */; };
		03F3BA6C119043B2A72F3226 /* CDVCamera.m in Sources */ = {isa = PBXBuildFile; fileRef = C3348438D9944CA8897FA775 /* CDVCamera.m */; };
		BC2B4EB92BFD4D24BFEF1396 /* CDVJpegHeaderWriter.m in Sources */ = {isa = PBXBuildFile; fileRef = DA77DDBC63F041CF803229E4 /* CDVJpegHeaderWriter.m */; };
		616BA60F7C73435991E8BDEE /* ImageIO.framework in Frameworks */ = {isa = PBXBuildFile; fileRef = 8A0007E84EB74349B6DC3A27 /* ImageIO.framework */; settings = {ATTRIBUTES = (Weak, ); }; };
		233E412AF5F743D8A37EF682 /* CoreLocation.framework in Frameworks */ = {isa = PBXBuildFile; fileRef = 961F5A649C244B73A98D8EC9 /* CoreLocation.framework */; };
		99E0635EA7FA4C8FBED88765 /* AVFoundation.framework in Frameworks */ = {isa = PBXBuildFile; fileRef = ACF0027FFFBE45A6948499F0 /* AVFoundation.framework */; };
		03C83DEB4F9A44DAB09EBC0D /* DatePicker.m in Sources */ = {isa = PBXBuildFile; fileRef = A3AEA396B4DD40C68E51B4E2 /* DatePicker.m */; };
		4378E766BCFF444B83772DEF /* DatePicker.xib in Resources */ = {isa = PBXBuildFile; fileRef = 5E361D80B0254DA0B3E903E9 /* DatePicker.xib */; };
		AC2FF200C8DF405797950076 /* CDVDevice.m in Sources */ = {isa = PBXBuildFile; fileRef = C59582B262F3470D88566EF1 /* CDVDevice.m */; };
		57552F9F86094C0AAC0CC585 /* APPEmailComposer.m in Sources */ = {isa = PBXBuildFile; fileRef = 57C1C6DD718F42A6877196B3 /* APPEmailComposer.m */; };
		8DBFA8FC2C0E46A2A31BFDC7 /* APPEmailComposerImpl.m in Sources */ = {isa = PBXBuildFile; fileRef = 97E986CAFA1F4F68BD8F04A6 /* APPEmailComposerImpl.m */; };
		E9A86163BD054B15A0B2F909 /* MessageUI.framework in Frameworks */ = {isa = PBXBuildFile; fileRef = D8271201CA77461087D9EED9 /* MessageUI.framework */; };
		BA3A931037E7482FA0B2FA97 /* libz.tbd in Frameworks */ = {isa = PBXBuildFile; fileRef = F27BC19746F74EE7A19EAF53 /* libz.tbd */; };
		BD723066B25D41C7BE1E117D /* AppDelegate+FirebasePlugin.m in Sources */ = {isa = PBXBuildFile; fileRef = 1DC8E78984E145E695F64487 /* AppDelegate+FirebasePlugin.m */; };
		D36502F8E8894C779A6333BF /* FirebasePlugin.m in Sources */ = {isa = PBXBuildFile; fileRef = 9912F836FF064DCE82C91D9C /* FirebasePlugin.m */; };
		A1EEBBFF8E494015BE7542C5 /* Crashlytics.framework in Frameworks */ = {isa = PBXBuildFile; fileRef = BE5D8C41DACB47F3BCA2F133 /* Crashlytics.framework */; };
		39FC6AA48B854A58BAD7170D /* Fabric.framework in Frameworks */ = {isa = PBXBuildFile; fileRef = BBDCDF7C4D9446A29248908E /* Fabric.framework */; };
		067E2C7DC03745F0861FB29A /* GoogleAppMeasurement.framework in Frameworks */ = {isa = PBXBuildFile; fileRef = 77CB8E9EF34443DABD1591B0 /* GoogleAppMeasurement.framework */; };
		4F107921816F402B97C1D478 /* MeasurementNanoPB.framework in Frameworks */ = {isa = PBXBuildFile; fileRef = 4DB1CCAD76F249098852083E /* MeasurementNanoPB.framework */; };
		0E2695BEDCA34CDAA8EC6C8A /* nanopb.framework in Frameworks */ = {isa = PBXBuildFile; fileRef = 067D010CE95748ECB099DD37 /* nanopb.framework */; };
		B6DC0B9653C743318A697DCD /* FirebaseCoreDiagnostics.framework in Frameworks */ = {isa = PBXBuildFile; fileRef = 7826B5EED6BF432393192A03 /* FirebaseCoreDiagnostics.framework */; };
		10E0ADC64D524BE0AF16BC93 /* GTMSessionFetcher.framework in Frameworks */ = {isa = PBXBuildFile; fileRef = 06142FA01A3347048FAFE51C /* GTMSessionFetcher.framework */; };
		3D5AFFE61B4040D6BA67C4FB /* FirebaseAuth.framework in Frameworks */ = {isa = PBXBuildFile; fileRef = 22461C9B6D0A4B74BA249AE2 /* FirebaseAuth.framework */; };
		222060B277D54987B6804093 /* GoogleToolboxForMac.framework in Frameworks */ = {isa = PBXBuildFile; fileRef = D806BD5B80E445EF8C745D84 /* GoogleToolboxForMac.framework */; };
		D37C5067D5824CB28E193897 /* FirebasePerformance.framework in Frameworks */ = {isa = PBXBuildFile; fileRef = D8C0EF8FE1E3478FB9A0CC3B /* FirebasePerformance.framework */; };
		6698CCC2FAD6462682389364 /* Protobuf.framework in Frameworks */ = {isa = PBXBuildFile; fileRef = 7B794D303BAE433B82F108D7 /* Protobuf.framework */; };
		648C18F1706D4D3FB66B8290 /* FirebaseRemoteConfig.framework in Frameworks */ = {isa = PBXBuildFile; fileRef = A683A8A72EBD4C6B8147BEE2 /* FirebaseRemoteConfig.framework */; };
		6DF93F42318D46BDBDCDE275 /* FirebaseABTesting.framework in Frameworks */ = {isa = PBXBuildFile; fileRef = 4103C80B9A864722AF967E72 /* FirebaseABTesting.framework */; };
		1A4905D2F0574BD58CFC0A2E /* CDVIonicKeyboard.m in Sources */ = {isa = PBXBuildFile; fileRef = 84B073654F2448EDB910A4A3 /* CDVIonicKeyboard.m */; };
		B832E14630BA4FD194CAF06C /* CDVWKWebViewEngine.m in Sources */ = {isa = PBXBuildFile; fileRef = 2AC10F333DA446F5A61F2818 /* CDVWKWebViewEngine.m */; };
		F233878064D9432C88A31E6C /* CDVWKWebViewUIDelegate.m in Sources */ = {isa = PBXBuildFile; fileRef = 68E335A849E345D596FD0175 /* CDVWKWebViewUIDelegate.m */; };
		CC1D212E587E433BA5574255 /* CDVWKProcessPoolFactory.m in Sources */ = {isa = PBXBuildFile; fileRef = BF56C1EF86054582BE90AD0D /* CDVWKProcessPoolFactory.m */; };
		9625C2FFBEBB4B89A30AB04D /* GCDWebServer.m in Sources */ = {isa = PBXBuildFile; fileRef = 9E392D23A88E46EDBD34529B /* GCDWebServer.m */; };
		E404C04B807F4DBC825008E9 /* GCDWebServerConnection.m in Sources */ = {isa = PBXBuildFile; fileRef = E99C656039514A3294153A68 /* GCDWebServerConnection.m */; };
		B159C9B10C394ACC9FD6C812 /* GCDWebServerFunctions.m in Sources */ = {isa = PBXBuildFile; fileRef = 417E46A5B2054FC98C10AF49 /* GCDWebServerFunctions.m */; };
		ABFA5C18B110452F8769DDF9 /* GCDWebServerRequest.m in Sources */ = {isa = PBXBuildFile; fileRef = 60D684025F2240A193542F56 /* GCDWebServerRequest.m */; };
		B2B3A23A99E94AF2835BAF19 /* GCDWebServerResponse.m in Sources */ = {isa = PBXBuildFile; fileRef = 6AEE73C2425E4861AEC6EE61 /* GCDWebServerResponse.m */; };
		B3FB0CBA4F7F4ACF87271077 /* GCDWebServerDataRequest.m in Sources */ = {isa = PBXBuildFile; fileRef = 5809BE04F67444C787EAA2A8 /* GCDWebServerDataRequest.m */; };
		D32CB518078341DF9743B91A /* GCDWebServerFileRequest.m in Sources */ = {isa = PBXBuildFile; fileRef = F7D0983E4A0745E2BCA0E903 /* GCDWebServerFileRequest.m */; };
		FF973A39BF1742FD9C298B38 /* GCDWebServerMultiPartFormRequest.m in Sources */ = {isa = PBXBuildFile; fileRef = C44AAE8B23CD48E59014E0DE /* GCDWebServerMultiPartFormRequest.m */; };
		23941DB9E82E4B3F9460CF9A /* GCDWebServerURLEncodedFormRequest.m in Sources */ = {isa = PBXBuildFile; fileRef = D0B98C7E54BF45BF9FA8A123 /* GCDWebServerURLEncodedFormRequest.m */; };
		A10CD8C226E943E1AD357ED2 /* GCDWebServerDataResponse.m in Sources */ = {isa = PBXBuildFile; fileRef = 531E6ED89E2F44E79699E96D /* GCDWebServerDataResponse.m */; };
		F35A1FBF67C1456CBE563381 /* GCDWebServerErrorResponse.m in Sources */ = {isa = PBXBuildFile; fileRef = F8859121A39D4C69A43778B1 /* GCDWebServerErrorResponse.m */; };
		7023A2400D6C4C6288E202DB /* GCDWebServerFileResponse.m in Sources */ = {isa = PBXBuildFile; fileRef = 3611500730F8430C95177B2A /* GCDWebServerFileResponse.m */; };
		0F72A3360AAF42459876ADD3 /* GCDWebServerStreamedResponse.m in Sources */ = {isa = PBXBuildFile; fileRef = 0191670EC243418BB22A035C /* GCDWebServerStreamedResponse.m */; };
		5BA4757F05EB47A3959A0A11 /* WebKit.framework in Frameworks */ = {isa = PBXBuildFile; fileRef = A3D2921DF944477695E6CC9A /* WebKit.framework */; settings = {ATTRIBUTES = (Weak, ); }; };
		FAA4784844924C46B1577340 /* CDVConnection.m in Sources */ = {isa = PBXBuildFile; fileRef = 09A4FF34F9314A2BA658D0E7 /* CDVConnection.m */; };
		5327F752549F4D4982A3E469 /* CDVReachability.m in Sources */ = {isa = PBXBuildFile; fileRef = B9C626AA68F1486B90D59A92 /* CDVReachability.m */; };
		349078A16ACB4449810134A8 /* SystemConfiguration.framework in Frameworks */ = {isa = PBXBuildFile; fileRef = 40CE4E187339426CA4278DD2 /* SystemConfiguration.framework */; settings = {ATTRIBUTES = (Weak, ); }; };
		8EE0281A9DA6422C94EB0AD2 /* CoreTelephony.framework in Frameworks */ = {isa = PBXBuildFile; fileRef = 5EF01FC925F041E993B8851B /* CoreTelephony.framework */; };
		331864DE156D4B5B926EA622 /* CDVOrientation.m in Sources */ = {isa = PBXBuildFile; fileRef = 5EE6EE3A33684ECC81BE972D /* CDVOrientation.m */; };
		CD079846F04B4C45A790CC17 /* CDVSplashScreen.m in Sources */ = {isa = PBXBuildFile; fileRef = 77C24BCF701545AFAD53E9CC /* CDVSplashScreen.m */; };
		73A565EF8D5C423C861BDD64 /* CDVViewController+SplashScreen.m in Sources */ = {isa = PBXBuildFile; fileRef = C5C3596B79C0432DABFC7882 /* CDVViewController+SplashScreen.m */; };
		DEC58AD9EB16435DA032A782 /* CDVStatusBar.m in Sources */ = {isa = PBXBuildFile; fileRef = FD81CED0BD10435F8D7DD2AB /* CDVStatusBar.m */; };
		79DD914A29F44BBAB6FEACD2 /* Toast+UIView.m in Sources */ = {isa = PBXBuildFile; fileRef = 72A3066952364FF0B07C4DA5 /* Toast+UIView.m */; };
		AF087E8EAA3D4CAE96268D6B /* Toast.m in Sources */ = {isa = PBXBuildFile; fileRef = 784A45713B9D40A791FAA545 /* Toast.m */; };
		8CAF4EE8EBDC4AFCB423FCFF /* QuartzCore.framework in Frameworks */ = {isa = PBXBuildFile; fileRef = F6A0DEC558144D27A5D19969 /* QuartzCore.framework */; };
		1890D239C7C64CDA9F9D19C5 /* SQLitePlugin.m in Sources */ = {isa = PBXBuildFile; fileRef = 443CFAA350FB4CA980DA21B0 /* SQLitePlugin.m */; };
		76AF589F83DA47D895D806D6 /* PSPDFThreadSafeMutableDictionary.m in Sources */ = {isa = PBXBuildFile; fileRef = 227F6EC0C61D45869BE13081 /* PSPDFThreadSafeMutableDictionary.m */; settings = {COMPILER_FLAGS = "-w"; }; };
		8E2776E519064C909EB92B08 /* sqlite3.c in Resources */ = {isa = PBXBuildFile; fileRef = 4BE04662DB5F4D4B9FFC288F /* sqlite3.c */; settings = {COMPILER_FLAGS = "-w -DSQLITE_THREADSAFE=1 -DSQLITE_DEFAULT_SYNCHRONOUS=3 -DSQLITE_DEFAULT_MEMSTATUS=0 -DSQLITE_OMIT_DECLTYPE -DSQLITE_OMIT_DEPRECATED -DSQLITE_OMIT_PROGRESS_CALLBACK -DSQLITE_OMIT_SHARED_CACHE -DSQLITE_TEMP_STORE=2 -DSQLITE_OMIT_LOAD_EXTENSION -DSQLITE_ENABLE_FTS3 -DSQLITE_ENABLE_FTS3_PARENTHESIS -DSQLITE_ENABLE_FTS4 -DSQLITE_ENABLE_RTREE -DSQLITE_DEFAULT_PAGE_SIZE=1024"; }; };
		3455205C28C34FD09E35DBD7 /* IonicKeyboard.m in Sources */ = {isa = PBXBuildFile; fileRef = A442F666991E48ED84B940D2 /* IonicKeyboard.m */; };
		D11D1DA65ACF44E486C7247D /* CDVBarcodeScanner.mm in Resources */ = {isa = PBXBuildFile; fileRef = E2D2B6E1AE524CDEA27B31A1 /* CDVBarcodeScanner.mm */; };
		57DFF05D681F4F6CBFD56CBD /* scannerOverlay.xib in Resources */ = {isa = PBXBuildFile; fileRef = AECE0F63CD2D4F0ABA276821 /* scannerOverlay.xib */; };
		B88672D3A14A42058FF8069D /* CDVBarcodeScanner.bundle in Resources */ = {isa = PBXBuildFile; fileRef = 146002D760D24F3E9DCDEBBF /* CDVBarcodeScanner.bundle */; };
		B3224C010CBF422392E43427 /* FCMPlugin.m in Sources */ = {isa = PBXBuildFile; fileRef = 5DCC5F48ACE04EE2A1A634F2 /* FCMPlugin.m */; };
		469339D415C0424BA8E9BED6 /* AppDelegate+FCMPlugin.m in Sources */ = {isa = PBXBuildFile; fileRef = 73FF2B6BDE1B40CDA75EA84B /* AppDelegate+FCMPlugin.m */; };
		1B88B325E26747038F3250E8 /* GoogleService-Info.plist in Resources */ = {isa = PBXBuildFile; fileRef = B053953BCB36408F91253FBA /* GoogleService-Info.plist */; };
		B79B7BC6E73E4DC4B01D1997 /* FirebaseAnalytics.framework in Frameworks */ = {isa = PBXBuildFile; fileRef = 7F677576087A4F2389F1A9FF /* FirebaseAnalytics.framework */; };
		4DE83CED898D41E6ABBB3534 /* FirebaseCore.framework in Frameworks */ = {isa = PBXBuildFile; fileRef = 6B74D028DF5A4B3E94C83971 /* FirebaseCore.framework */; };
		DF0B369097914A6BA3381773 /* FirebaseInstanceID.framework in Frameworks */ = {isa = PBXBuildFile; fileRef = A5CC4584427E41479F350649 /* FirebaseInstanceID.framework */; };
		990471F4200A46BA860322C2 /* FirebaseMessaging.framework in Frameworks */ = {isa = PBXBuildFile; fileRef = 1A92EDE0A8124C69A896D74B /* FirebaseMessaging.framework */; };
		01FDDF6D06D1471A90928930 /* GoogleInterchangeUtilities.framework in Frameworks */ = {isa = PBXBuildFile; fileRef = 379B41D4DD8A414BB24F33A0 /* GoogleInterchangeUtilities.framework */; };
		79E80C59993F4048BBD153DA /* GoogleIPhoneUtilities.framework in Frameworks */ = {isa = PBXBuildFile; fileRef = 26855113383448F194F94126 /* GoogleIPhoneUtilities.framework */; };
		690ADE2E4246472E931EB9BB /* GoogleSymbolUtilities.framework in Frameworks */ = {isa = PBXBuildFile; fileRef = 61858CAD26C5414CBEF3F1E8 /* GoogleSymbolUtilities.framework */; };
		3BFA90D21F4B48B894EA517F /* GoogleUtilities.framework in Frameworks */ = {isa = PBXBuildFile; fileRef = EC8F67A7A27C4051B2266799 /* GoogleUtilities.framework */; };
		F71B307AB4F24C5CAB20DF24 /* libc++.tbd in Frameworks */ = {isa = PBXBuildFile; fileRef = DB0D8E2144804A9CBB961D5B /* libc++.tbd */; };
		6AC2138DB12B49ECA16D1599 /* AddressBook.framework in Frameworks */ = {isa = PBXBuildFile; fileRef = DCACD4F709D74644BD2B270A /* AddressBook.framework */; };
		C19E97619E7644CEA179FC74 /* libsqlite3.0.tbd in Frameworks */ = {isa = PBXBuildFile; fileRef = F143CF14DCF946EB891C4526 /* libsqlite3.0.tbd */; };
/* End PBXBuildFile section */

/* Begin PBXContainerItemProxy section */
		301BF534109A57CC0062928A /* PBXContainerItemProxy */ = {
			isa = PBXContainerItemProxy;
			containerPortal = 301BF52D109A57CC0062928A /* CordovaLib.xcodeproj */;
			proxyType = 2;
			remoteGlobalIDString = D2AAC07E0554694100DB518D;
			remoteInfo = CordovaLib;
		};
		301BF550109A68C00062928A /* PBXContainerItemProxy */ = {
			isa = PBXContainerItemProxy;
			containerPortal = 301BF52D109A57CC0062928A /* CordovaLib.xcodeproj */;
			proxyType = 1;
			remoteGlobalIDString = D2AAC07D0554694100DB518D;
			remoteInfo = CordovaLib;
		};
/* End PBXContainerItemProxy section */

/* Begin PBXFileReference section */
		0207DA571B56EA530066E2B4 /* Images.xcassets */ = {isa = PBXFileReference; lastKnownFileType = folder.assetcatalog; name = Images.xcassets; path = "IdeaElan/Images.xcassets"; sourceTree = SOURCE_ROOT; };
		1D3623240D0F684500981E51 /* AppDelegate.h */ = {isa = PBXFileReference; fileEncoding = 4; lastKnownFileType = sourcecode.c.h; path = AppDelegate.h; sourceTree = "<group>"; };
		1D3623250D0F684500981E51 /* AppDelegate.m */ = {isa = PBXFileReference; fileEncoding = 4; lastKnownFileType = sourcecode.c.objc; path = AppDelegate.m; sourceTree = "<group>"; };
		1D6058910D05DD3D006BFB54 /* IdeaElan.app */ = {isa = PBXFileReference; explicitFileType = wrapper.application; includeInIndex = 0; path = "IdeaElan.app"; sourceTree = BUILT_PRODUCTS_DIR; };
		29B97316FDCFA39411CA2CEA /* main.m */ = {isa = PBXFileReference; fileEncoding = 4; lastKnownFileType = sourcecode.c.objc; path = main.m; sourceTree = "<group>"; };
		301BF52D109A57CC0062928A /* CordovaLib.xcodeproj */ = {isa = PBXFileReference; lastKnownFileType = "wrapper.pb-project"; path = CordovaLib/CordovaLib.xcodeproj; sourceTree = "<group>"; };
		301BF56E109A69640062928A /* www */ = {isa = PBXFileReference; lastKnownFileType = folder; path = www; sourceTree = SOURCE_ROOT; };
		302D95EE14D2391D003F00A1 /* MainViewController.h */ = {isa = PBXFileReference; fileEncoding = 4; lastKnownFileType = sourcecode.c.h; path = MainViewController.h; sourceTree = "<group>"; };
		302D95EF14D2391D003F00A1 /* MainViewController.m */ = {isa = PBXFileReference; fileEncoding = 4; lastKnownFileType = sourcecode.c.objc; path = MainViewController.m; sourceTree = "<group>"; };
		302D95F014D2391D003F00A1 /* MainViewController.xib */ = {isa = PBXFileReference; fileEncoding = 4; lastKnownFileType = file.xib; path = MainViewController.xib; sourceTree = "<group>"; };
		3047A50F1AB8059700498E2A /* build-debug.xcconfig */ = {isa = PBXFileReference; fileEncoding = 4; lastKnownFileType = text.xcconfig; name = "build-debug.xcconfig"; path = cordova/build-debug.xcconfig; sourceTree = SOURCE_ROOT; };
		3047A5101AB8059700498E2A /* build-release.xcconfig */ = {isa = PBXFileReference; fileEncoding = 4; lastKnownFileType = text.xcconfig; name = "build-release.xcconfig"; path = cordova/build-release.xcconfig; sourceTree = SOURCE_ROOT; };
		3047A5111AB8059700498E2A /* build.xcconfig */ = {isa = PBXFileReference; fileEncoding = 4; lastKnownFileType = text.xcconfig; name = build.xcconfig; path = cordova/build.xcconfig; sourceTree = SOURCE_ROOT; };
		32CA4F630368D1EE00C91783 /* IdeaElan-Prefix.pch */ = {isa = PBXFileReference; fileEncoding = 4; lastKnownFileType = sourcecode.c.h; path = "IdeaElan-Prefix.pch"; sourceTree = "<group>"; };
		6AFF5BF81D6E424B00AB3073 /* CDVLaunchScreen.storyboard */ = {isa = PBXFileReference; fileEncoding = 4; lastKnownFileType = file.storyboard; name = CDVLaunchScreen.storyboard; path = "IdeaElan/CDVLaunchScreen.storyboard"; sourceTree = SOURCE_ROOT; };
		8D1107310486CEB800E47090 /* IdeaElan-Info.plist */ = {isa = PBXFileReference; fileEncoding = 4; lastKnownFileType = text.plist.xml; name = "IdeaElan-Info.plist"; path = "IdeaElan/IdeaElan-Info.plist"; plistStructureDefinitionIdentifier = "com.apple.xcode.plist.structure-definition.iphone.info-plist"; sourceTree = SOURCE_ROOT; };
		EB87FDF31871DA8E0020F90C /* www */ = {isa = PBXFileReference; lastKnownFileType = folder; name = www; path = ../../www; sourceTree = "<group>"; };
		EB87FDF41871DAF40020F90C /* config.xml */ = {isa = PBXFileReference; lastKnownFileType = text.xml; name = config.xml; path = ../../config.xml; sourceTree = "<group>"; };
		F840E1F0165FE0F500CFE078 /* config.xml */ = {isa = PBXFileReference; lastKnownFileType = text.xml; name = config.xml; path = "IdeaElan/config.xml"; sourceTree = "<group>"; };
		ED33DF2A687741AEAF9F8254 /* Bridging-Header.h */ = {isa = PBXFileReference; fileEncoding = 4; lastKnownFileType = sourcecode.c.h; name = "Bridging-Header.h"; path = "Bridging-Header.h"; sourceTree = "<group>"; };
		944B91B3CDC0474194A8C6AF /* ApiAIPlugin.m */ = {isa = PBXFileReference; name = "ApiAIPlugin.m"; path = "cordova-plugin-apiai/ApiAIPlugin.m"; sourceTree = "<group>"; fileEncoding = 4; lastKnownFileType = sourcecode.c.objc; explicitFileType = undefined; includeInIndex = 0; };
		5B3FDB1962FA46D79F8E87D2 /* ApiAIPlugin.h */ = {isa = PBXFileReference; name = "ApiAIPlugin.h"; path = "cordova-plugin-apiai/ApiAIPlugin.h"; sourceTree = "<group>"; fileEncoding = 4; lastKnownFileType = sourcecode.c.h; explicitFileType = undefined; includeInIndex = 0; };
		6B6F1214C6154F96BF5E3BDB /* beep.caf */ = {isa = PBXFileReference; name = "beep.caf"; path = "beep.caf"; sourceTree = "<group>"; fileEncoding = undefined; lastKnownFileType = unknown; explicitFileType = undefined; includeInIndex = 0; };
		0B643979E2DA4BEEB6DFBB09 /* ApiAI.framework */ = {isa = PBXFileReference; name = "ApiAI.framework"; path = "IdeaElan/Plugins/cordova-plugin-apiai/ApiAI.framework"; sourceTree = "<group>"; fileEncoding = undefined; lastKnownFileType = wrapper.framework; explicitFileType = undefined; includeInIndex = 0; };
		6915FFF255534C318DF4F9F2 /* Security.framework */ = {isa = PBXFileReference; name = "Security.framework"; path = "System/Library/Frameworks/Security.framework"; sourceTree = SDKROOT; fileEncoding = undefined; lastKnownFileType = wrapper.framework; explicitFileType = undefined; includeInIndex = 0; };
		E36637928E9C49E78E7137C4 /* Foundation.framework */ = {isa = PBXFileReference; name = "Foundation.framework"; path = "System/Library/Frameworks/Foundation.framework"; sourceTree = SDKROOT; fileEncoding = undefined; lastKnownFileType = wrapper.framework; explicitFileType = undefined; includeInIndex = 0; };
		C75CDAFA848F43B4A3E2E09F /* CoreAudio.framework */ = {isa = PBXFileReference; name = "CoreAudio.framework"; path = "System/Library/Frameworks/CoreAudio.framework"; sourceTree = SDKROOT; fileEncoding = undefined; lastKnownFileType = wrapper.framework; explicitFileType = undefined; includeInIndex = 0; };
		60D3C791637B415B81A5032B /* AudioToolbox.framework */ = {isa = PBXFileReference; name = "AudioToolbox.framework"; path = "System/Library/Frameworks/AudioToolbox.framework"; sourceTree = SDKROOT; fileEncoding = undefined; lastKnownFileType = wrapper.framework; explicitFileType = undefined; includeInIndex = 0; };
		CEC2D0EAA3D24E2DB9F6F456 /* Calendar.m */ = {isa = PBXFileReference; name = "Calendar.m"; path = "cordova-plugin-calendar/Calendar.m"; sourceTree = "<group>"; fileEncoding = 4; lastKnownFileType = sourcecode.c.objc; explicitFileType = undefined; includeInIndex = 0; };
		8624A7D783134275B44DBE1A /* Calendar.h */ = {isa = PBXFileReference; name = "Calendar.h"; path = "cordova-plugin-calendar/Calendar.h"; sourceTree = "<group>"; fileEncoding = 4; lastKnownFileType = sourcecode.c.h; explicitFileType = undefined; includeInIndex = 0; };
		7DD77D912A4F448E9B2CE41E /* EventKit.framework */ = {isa = PBXFileReference; name = "EventKit.framework"; path = "System/Library/Frameworks/EventKit.framework"; sourceTree = SDKROOT; fileEncoding = undefined; lastKnownFileType = wrapper.framework; explicitFileType = undefined; includeInIndex = 0; };
		7A167E9052394C7688CA52D5 /* EventKitUI.framework */ = {isa = PBXFileReference; name = "EventKitUI.framework"; path = "System/Library/Frameworks/EventKitUI.framework"; sourceTree = SDKROOT; fileEncoding = undefined; lastKnownFileType = wrapper.framework; explicitFileType = undefined; includeInIndex = 0; };
		D63F491BAF8A4EEA9656A69D /* UIImage+CropScaleOrientation.m */ = {isa = PBXFileReference; name = "UIImage+CropScaleOrientation.m"; path = "cordova-plugin-camera/UIImage+CropScaleOrientation.m"; sourceTree = "<group>"; fileEncoding = 4; lastKnownFileType = sourcecode.c.objc; explicitFileType = undefined; includeInIndex = 0; };
		C3348438D9944CA8897FA775 /* CDVCamera.m */ = {isa = PBXFileReference; name = "CDVCamera.m"; path = "cordova-plugin-camera/CDVCamera.m"; sourceTree = "<group>"; fileEncoding = 4; lastKnownFileType = sourcecode.c.objc; explicitFileType = undefined; includeInIndex = 0; };
		DA77DDBC63F041CF803229E4 /* CDVJpegHeaderWriter.m */ = {isa = PBXFileReference; name = "CDVJpegHeaderWriter.m"; path = "cordova-plugin-camera/CDVJpegHeaderWriter.m"; sourceTree = "<group>"; fileEncoding = 4; lastKnownFileType = sourcecode.c.objc; explicitFileType = undefined; includeInIndex = 0; };
		F58658477A484ECEB4E8A153 /* UIImage+CropScaleOrientation.h */ = {isa = PBXFileReference; name = "UIImage+CropScaleOrientation.h"; path = "cordova-plugin-camera/UIImage+CropScaleOrientation.h"; sourceTree = "<group>"; fileEncoding = 4; lastKnownFileType = sourcecode.c.h; explicitFileType = undefined; includeInIndex = 0; };
		1659BA3817984C67AB3012F5 /* CDVCamera.h */ = {isa = PBXFileReference; name = "CDVCamera.h"; path = "cordova-plugin-camera/CDVCamera.h"; sourceTree = "<group>"; fileEncoding = 4; lastKnownFileType = sourcecode.c.h; explicitFileType = undefined; includeInIndex = 0; };
		788A159846404C1C81261E02 /* CDVJpegHeaderWriter.h */ = {isa = PBXFileReference; name = "CDVJpegHeaderWriter.h"; path = "cordova-plugin-camera/CDVJpegHeaderWriter.h"; sourceTree = "<group>"; fileEncoding = 4; lastKnownFileType = sourcecode.c.h; explicitFileType = undefined; includeInIndex = 0; };
		7FADE2E1077B4C5FA9CB0678 /* CDVExif.h */ = {isa = PBXFileReference; name = "CDVExif.h"; path = "cordova-plugin-camera/CDVExif.h"; sourceTree = "<group>"; fileEncoding = 4; lastKnownFileType = sourcecode.c.h; explicitFileType = undefined; includeInIndex = 0; };
		8A0007E84EB74349B6DC3A27 /* ImageIO.framework */ = {isa = PBXFileReference; name = "ImageIO.framework"; path = "System/Library/Frameworks/ImageIO.framework"; sourceTree = SDKROOT; fileEncoding = undefined; lastKnownFileType = wrapper.framework; explicitFileType = undefined; includeInIndex = 0; };
		961F5A649C244B73A98D8EC9 /* CoreLocation.framework */ = {isa = PBXFileReference; name = "CoreLocation.framework"; path = "System/Library/Frameworks/CoreLocation.framework"; sourceTree = SDKROOT; fileEncoding = undefined; lastKnownFileType = wrapper.framework; explicitFileType = undefined; includeInIndex = 0; };
		ACF0027FFFBE45A6948499F0 /* AVFoundation.framework */ = {isa = PBXFileReference; name = "AVFoundation.framework"; path = "System/Library/Frameworks/AVFoundation.framework"; sourceTree = SDKROOT; fileEncoding = undefined; lastKnownFileType = wrapper.framework; explicitFileType = undefined; includeInIndex = 0; };
		A3AEA396B4DD40C68E51B4E2 /* DatePicker.m */ = {isa = PBXFileReference; name = "DatePicker.m"; path = "cordova-plugin-datepicker/DatePicker.m"; sourceTree = "<group>"; fileEncoding = 4; lastKnownFileType = sourcecode.c.objc; explicitFileType = undefined; includeInIndex = 0; };
		DFF533FDE92C48DD80774FDE /* DatePicker.h */ = {isa = PBXFileReference; name = "DatePicker.h"; path = "cordova-plugin-datepicker/DatePicker.h"; sourceTree = "<group>"; fileEncoding = 4; lastKnownFileType = sourcecode.c.h; explicitFileType = undefined; includeInIndex = 0; };
		5E361D80B0254DA0B3E903E9 /* DatePicker.xib */ = {isa = PBXFileReference; name = "DatePicker.xib"; path = "DatePicker.xib"; sourceTree = "<group>"; fileEncoding = undefined; lastKnownFileType = file.xib; explicitFileType = undefined; includeInIndex = 0; };
		C59582B262F3470D88566EF1 /* CDVDevice.m */ = {isa = PBXFileReference; name = "CDVDevice.m"; path = "cordova-plugin-device/CDVDevice.m"; sourceTree = "<group>"; fileEncoding = 4; lastKnownFileType = sourcecode.c.objc; explicitFileType = undefined; includeInIndex = 0; };
		BFD3DD8788B14F189D101A07 /* CDVDevice.h */ = {isa = PBXFileReference; name = "CDVDevice.h"; path = "cordova-plugin-device/CDVDevice.h"; sourceTree = "<group>"; fileEncoding = 4; lastKnownFileType = sourcecode.c.h; explicitFileType = undefined; includeInIndex = 0; };
		57C1C6DD718F42A6877196B3 /* APPEmailComposer.m */ = {isa = PBXFileReference; name = "APPEmailComposer.m"; path = "cordova-plugin-email-composer/APPEmailComposer.m"; sourceTree = "<group>"; fileEncoding = 4; lastKnownFileType = sourcecode.c.objc; explicitFileType = undefined; includeInIndex = 0; };
		97E986CAFA1F4F68BD8F04A6 /* APPEmailComposerImpl.m */ = {isa = PBXFileReference; name = "APPEmailComposerImpl.m"; path = "cordova-plugin-email-composer/APPEmailComposerImpl.m"; sourceTree = "<group>"; fileEncoding = 4; lastKnownFileType = sourcecode.c.objc; explicitFileType = undefined; includeInIndex = 0; };
		6045256012954087B0CDD7A0 /* APPEmailComposer.h */ = {isa = PBXFileReference; name = "APPEmailComposer.h"; path = "cordova-plugin-email-composer/APPEmailComposer.h"; sourceTree = "<group>"; fileEncoding = 4; lastKnownFileType = sourcecode.c.h; explicitFileType = undefined; includeInIndex = 0; };
		D47ADE8EF4B445D688587958 /* APPEmailComposerImpl.h */ = {isa = PBXFileReference; name = "APPEmailComposerImpl.h"; path = "cordova-plugin-email-composer/APPEmailComposerImpl.h"; sourceTree = "<group>"; fileEncoding = 4; lastKnownFileType = sourcecode.c.h; explicitFileType = undefined; includeInIndex = 0; };
		D8271201CA77461087D9EED9 /* MessageUI.framework */ = {isa = PBXFileReference; name = "MessageUI.framework"; path = "System/Library/Frameworks/MessageUI.framework"; sourceTree = SDKROOT; fileEncoding = undefined; lastKnownFileType = wrapper.framework; explicitFileType = undefined; includeInIndex = 0; };
		F27BC19746F74EE7A19EAF53 /* libz.tbd */ = {isa = PBXFileReference; name = "libz.tbd"; path = "usr/lib/libz.tbd"; sourceTree = SDKROOT; fileEncoding = undefined; lastKnownFileType = sourcecode.text-based-dylib-definition; explicitFileType = undefined; includeInIndex = 0; };
		1DC8E78984E145E695F64487 /* AppDelegate+FirebasePlugin.m */ = {isa = PBXFileReference; name = "AppDelegate+FirebasePlugin.m"; path = "cordova-plugin-firebase/AppDelegate+FirebasePlugin.m"; sourceTree = "<group>"; fileEncoding = 4; lastKnownFileType = sourcecode.c.objc; explicitFileType = undefined; includeInIndex = 0; };
		9912F836FF064DCE82C91D9C /* FirebasePlugin.m */ = {isa = PBXFileReference; name = "FirebasePlugin.m"; path = "cordova-plugin-firebase/FirebasePlugin.m"; sourceTree = "<group>"; fileEncoding = 4; lastKnownFileType = sourcecode.c.objc; explicitFileType = undefined; includeInIndex = 0; };
		2B5E27B04B17467FBB91A862 /* AppDelegate+FirebasePlugin.h */ = {isa = PBXFileReference; name = "AppDelegate+FirebasePlugin.h"; path = "cordova-plugin-firebase/AppDelegate+FirebasePlugin.h"; sourceTree = "<group>"; fileEncoding = 4; lastKnownFileType = sourcecode.c.h; explicitFileType = undefined; includeInIndex = 0; };
		758494A80390424D8D34DEED /* FirebasePlugin.h */ = {isa = PBXFileReference; name = "FirebasePlugin.h"; path = "cordova-plugin-firebase/FirebasePlugin.h"; sourceTree = "<group>"; fileEncoding = 4; lastKnownFileType = sourcecode.c.h; explicitFileType = undefined; includeInIndex = 0; };
		A0433DF33BB54E1BA63963E5 /* Firebase.h */ = {isa = PBXFileReference; name = "Firebase.h"; path = "cordova-plugin-firebase/Firebase.h"; sourceTree = "<group>"; fileEncoding = 4; lastKnownFileType = sourcecode.c.h; explicitFileType = undefined; includeInIndex = 0; };
		BE5D8C41DACB47F3BCA2F133 /* Crashlytics.framework */ = {isa = PBXFileReference; name = "Crashlytics.framework"; path = "IdeaElan/Plugins/cordova-plugin-firebase/Crashlytics.framework"; sourceTree = "<group>"; fileEncoding = undefined; lastKnownFileType = wrapper.framework; explicitFileType = undefined; includeInIndex = 0; };
		BBDCDF7C4D9446A29248908E /* Fabric.framework */ = {isa = PBXFileReference; name = "Fabric.framework"; path = "IdeaElan/Plugins/cordova-plugin-firebase/Fabric.framework"; sourceTree = "<group>"; fileEncoding = undefined; lastKnownFileType = wrapper.framework; explicitFileType = undefined; includeInIndex = 0; };
		77CB8E9EF34443DABD1591B0 /* GoogleAppMeasurement.framework */ = {isa = PBXFileReference; name = "GoogleAppMeasurement.framework"; path = "IdeaElan/Plugins/cordova-plugin-firebase/GoogleAppMeasurement.framework"; sourceTree = "<group>"; fileEncoding = undefined; lastKnownFileType = wrapper.framework; explicitFileType = undefined; includeInIndex = 0; };
		4DB1CCAD76F249098852083E /* MeasurementNanoPB.framework */ = {isa = PBXFileReference; name = "MeasurementNanoPB.framework"; path = "IdeaElan/Plugins/cordova-plugin-firebase/MeasurementNanoPB.framework"; sourceTree = "<group>"; fileEncoding = undefined; lastKnownFileType = wrapper.framework; explicitFileType = undefined; includeInIndex = 0; };
		264A7C146AD04D10AA4F9EC1 /* FirebaseCore.framework */ = {isa = PBXFileReference; name = "FirebaseCore.framework"; path = "IdeaElan/Plugins/cordova-plugin-firebase/FirebaseCore.framework"; sourceTree = "<group>"; fileEncoding = undefined; lastKnownFileType = wrapper.framework; explicitFileType = undefined; includeInIndex = 0; };
		B914F660E9BC4C448BC8529B /* FirebaseAnalytics.framework */ = {isa = PBXFileReference; name = "FirebaseAnalytics.framework"; path = "IdeaElan/Plugins/cordova-plugin-firebase/FirebaseAnalytics.framework"; sourceTree = "<group>"; fileEncoding = undefined; lastKnownFileType = wrapper.framework; explicitFileType = undefined; includeInIndex = 0; };
		CA3A7DA5FA384A5C99643363 /* GoogleUtilities.framework */ = {isa = PBXFileReference; name = "GoogleUtilities.framework"; path = "IdeaElan/Plugins/cordova-plugin-firebase/GoogleUtilities.framework"; sourceTree = "<group>"; fileEncoding = undefined; lastKnownFileType = wrapper.framework; explicitFileType = undefined; includeInIndex = 0; };
		067D010CE95748ECB099DD37 /* nanopb.framework */ = {isa = PBXFileReference; name = "nanopb.framework"; path = "IdeaElan/Plugins/cordova-plugin-firebase/nanopb.framework"; sourceTree = "<group>"; fileEncoding = undefined; lastKnownFileType = wrapper.framework; explicitFileType = undefined; includeInIndex = 0; };
		16E15DE060954650A7D65FE4 /* FirebaseInstanceID.framework */ = {isa = PBXFileReference; name = "FirebaseInstanceID.framework"; path = "IdeaElan/Plugins/cordova-plugin-firebase/FirebaseInstanceID.framework"; sourceTree = "<group>"; fileEncoding = undefined; lastKnownFileType = wrapper.framework; explicitFileType = undefined; includeInIndex = 0; };
		7826B5EED6BF432393192A03 /* FirebaseCoreDiagnostics.framework */ = {isa = PBXFileReference; name = "FirebaseCoreDiagnostics.framework"; path = "IdeaElan/Plugins/cordova-plugin-firebase/FirebaseCoreDiagnostics.framework"; sourceTree = "<group>"; fileEncoding = undefined; lastKnownFileType = wrapper.framework; explicitFileType = undefined; includeInIndex = 0; };
		06142FA01A3347048FAFE51C /* GTMSessionFetcher.framework */ = {isa = PBXFileReference; name = "GTMSessionFetcher.framework"; path = "IdeaElan/Plugins/cordova-plugin-firebase/GTMSessionFetcher.framework"; sourceTree = "<group>"; fileEncoding = undefined; lastKnownFileType = wrapper.framework; explicitFileType = undefined; includeInIndex = 0; };
		22461C9B6D0A4B74BA249AE2 /* FirebaseAuth.framework */ = {isa = PBXFileReference; name = "FirebaseAuth.framework"; path = "IdeaElan/Plugins/cordova-plugin-firebase/FirebaseAuth.framework"; sourceTree = "<group>"; fileEncoding = undefined; lastKnownFileType = wrapper.framework; explicitFileType = undefined; includeInIndex = 0; };
		7F4652667B6343028196B6AE /* FirebaseMessaging.framework */ = {isa = PBXFileReference; name = "FirebaseMessaging.framework"; path = "IdeaElan/Plugins/cordova-plugin-firebase/FirebaseMessaging.framework"; sourceTree = "<group>"; fileEncoding = undefined; lastKnownFileType = wrapper.framework; explicitFileType = undefined; includeInIndex = 0; };
		D806BD5B80E445EF8C745D84 /* GoogleToolboxForMac.framework */ = {isa = PBXFileReference; name = "GoogleToolboxForMac.framework"; path = "IdeaElan/Plugins/cordova-plugin-firebase/GoogleToolboxForMac.framework"; sourceTree = "<group>"; fileEncoding = undefined; lastKnownFileType = wrapper.framework; explicitFileType = undefined; includeInIndex = 0; };
		D8C0EF8FE1E3478FB9A0CC3B /* FirebasePerformance.framework */ = {isa = PBXFileReference; name = "FirebasePerformance.framework"; path = "IdeaElan/Plugins/cordova-plugin-firebase/FirebasePerformance.framework"; sourceTree = "<group>"; fileEncoding = undefined; lastKnownFileType = wrapper.framework; explicitFileType = undefined; includeInIndex = 0; };
		7B794D303BAE433B82F108D7 /* Protobuf.framework */ = {isa = PBXFileReference; name = "Protobuf.framework"; path = "IdeaElan/Plugins/cordova-plugin-firebase/Protobuf.framework"; sourceTree = "<group>"; fileEncoding = undefined; lastKnownFileType = wrapper.framework; explicitFileType = undefined; includeInIndex = 0; };
		A683A8A72EBD4C6B8147BEE2 /* FirebaseRemoteConfig.framework */ = {isa = PBXFileReference; name = "FirebaseRemoteConfig.framework"; path = "IdeaElan/Plugins/cordova-plugin-firebase/FirebaseRemoteConfig.framework"; sourceTree = "<group>"; fileEncoding = undefined; lastKnownFileType = wrapper.framework; explicitFileType = undefined; includeInIndex = 0; };
		4103C80B9A864722AF967E72 /* FirebaseABTesting.framework */ = {isa = PBXFileReference; name = "FirebaseABTesting.framework"; path = "IdeaElan/Plugins/cordova-plugin-firebase/FirebaseABTesting.framework"; sourceTree = "<group>"; fileEncoding = undefined; lastKnownFileType = wrapper.framework; explicitFileType = undefined; includeInIndex = 0; };
		84B073654F2448EDB910A4A3 /* CDVIonicKeyboard.m */ = {isa = PBXFileReference; name = "CDVIonicKeyboard.m"; path = "cordova-plugin-ionic-keyboard/CDVIonicKeyboard.m"; sourceTree = "<group>"; fileEncoding = 4; lastKnownFileType = sourcecode.c.objc; explicitFileType = undefined; includeInIndex = 0; };
		AEDE53DEDCD548D1AACBB869 /* CDVIonicKeyboard.h */ = {isa = PBXFileReference; name = "CDVIonicKeyboard.h"; path = "cordova-plugin-ionic-keyboard/CDVIonicKeyboard.h"; sourceTree = "<group>"; fileEncoding = 4; lastKnownFileType = sourcecode.c.h; explicitFileType = undefined; includeInIndex = 0; };
		2AC10F333DA446F5A61F2818 /* CDVWKWebViewEngine.m */ = {isa = PBXFileReference; name = "CDVWKWebViewEngine.m"; path = "cordova-plugin-ionic-webview/CDVWKWebViewEngine.m"; sourceTree = "<group>"; fileEncoding = 4; lastKnownFileType = sourcecode.c.objc; explicitFileType = undefined; includeInIndex = 0; };
		68E335A849E345D596FD0175 /* CDVWKWebViewUIDelegate.m */ = {isa = PBXFileReference; name = "CDVWKWebViewUIDelegate.m"; path = "cordova-plugin-ionic-webview/CDVWKWebViewUIDelegate.m"; sourceTree = "<group>"; fileEncoding = 4; lastKnownFileType = sourcecode.c.objc; explicitFileType = undefined; includeInIndex = 0; };
		BF56C1EF86054582BE90AD0D /* CDVWKProcessPoolFactory.m */ = {isa = PBXFileReference; name = "CDVWKProcessPoolFactory.m"; path = "cordova-plugin-ionic-webview/CDVWKProcessPoolFactory.m"; sourceTree = "<group>"; fileEncoding = 4; lastKnownFileType = sourcecode.c.objc; explicitFileType = undefined; includeInIndex = 0; };
		9E392D23A88E46EDBD34529B /* GCDWebServer.m */ = {isa = PBXFileReference; name = "GCDWebServer.m"; path = "cordova-plugin-ionic-webview/GCDWebServer.m"; sourceTree = "<group>"; fileEncoding = 4; lastKnownFileType = sourcecode.c.objc; explicitFileType = undefined; includeInIndex = 0; };
		E99C656039514A3294153A68 /* GCDWebServerConnection.m */ = {isa = PBXFileReference; name = "GCDWebServerConnection.m"; path = "cordova-plugin-ionic-webview/GCDWebServerConnection.m"; sourceTree = "<group>"; fileEncoding = 4; lastKnownFileType = sourcecode.c.objc; explicitFileType = undefined; includeInIndex = 0; };
		417E46A5B2054FC98C10AF49 /* GCDWebServerFunctions.m */ = {isa = PBXFileReference; name = "GCDWebServerFunctions.m"; path = "cordova-plugin-ionic-webview/GCDWebServerFunctions.m"; sourceTree = "<group>"; fileEncoding = 4; lastKnownFileType = sourcecode.c.objc; explicitFileType = undefined; includeInIndex = 0; };
		60D684025F2240A193542F56 /* GCDWebServerRequest.m */ = {isa = PBXFileReference; name = "GCDWebServerRequest.m"; path = "cordova-plugin-ionic-webview/GCDWebServerRequest.m"; sourceTree = "<group>"; fileEncoding = 4; lastKnownFileType = sourcecode.c.objc; explicitFileType = undefined; includeInIndex = 0; };
		6AEE73C2425E4861AEC6EE61 /* GCDWebServerResponse.m */ = {isa = PBXFileReference; name = "GCDWebServerResponse.m"; path = "cordova-plugin-ionic-webview/GCDWebServerResponse.m"; sourceTree = "<group>"; fileEncoding = 4; lastKnownFileType = sourcecode.c.objc; explicitFileType = undefined; includeInIndex = 0; };
		5809BE04F67444C787EAA2A8 /* GCDWebServerDataRequest.m */ = {isa = PBXFileReference; name = "GCDWebServerDataRequest.m"; path = "cordova-plugin-ionic-webview/GCDWebServerDataRequest.m"; sourceTree = "<group>"; fileEncoding = 4; lastKnownFileType = sourcecode.c.objc; explicitFileType = undefined; includeInIndex = 0; };
		F7D0983E4A0745E2BCA0E903 /* GCDWebServerFileRequest.m */ = {isa = PBXFileReference; name = "GCDWebServerFileRequest.m"; path = "cordova-plugin-ionic-webview/GCDWebServerFileRequest.m"; sourceTree = "<group>"; fileEncoding = 4; lastKnownFileType = sourcecode.c.objc; explicitFileType = undefined; includeInIndex = 0; };
		C44AAE8B23CD48E59014E0DE /* GCDWebServerMultiPartFormRequest.m */ = {isa = PBXFileReference; name = "GCDWebServerMultiPartFormRequest.m"; path = "cordova-plugin-ionic-webview/GCDWebServerMultiPartFormRequest.m"; sourceTree = "<group>"; fileEncoding = 4; lastKnownFileType = sourcecode.c.objc; explicitFileType = undefined; includeInIndex = 0; };
		D0B98C7E54BF45BF9FA8A123 /* GCDWebServerURLEncodedFormRequest.m */ = {isa = PBXFileReference; name = "GCDWebServerURLEncodedFormRequest.m"; path = "cordova-plugin-ionic-webview/GCDWebServerURLEncodedFormRequest.m"; sourceTree = "<group>"; fileEncoding = 4; lastKnownFileType = sourcecode.c.objc; explicitFileType = undefined; includeInIndex = 0; };
		531E6ED89E2F44E79699E96D /* GCDWebServerDataResponse.m */ = {isa = PBXFileReference; name = "GCDWebServerDataResponse.m"; path = "cordova-plugin-ionic-webview/GCDWebServerDataResponse.m"; sourceTree = "<group>"; fileEncoding = 4; lastKnownFileType = sourcecode.c.objc; explicitFileType = undefined; includeInIndex = 0; };
		F8859121A39D4C69A43778B1 /* GCDWebServerErrorResponse.m */ = {isa = PBXFileReference; name = "GCDWebServerErrorResponse.m"; path = "cordova-plugin-ionic-webview/GCDWebServerErrorResponse.m"; sourceTree = "<group>"; fileEncoding = 4; lastKnownFileType = sourcecode.c.objc; explicitFileType = undefined; includeInIndex = 0; };
		3611500730F8430C95177B2A /* GCDWebServerFileResponse.m */ = {isa = PBXFileReference; name = "GCDWebServerFileResponse.m"; path = "cordova-plugin-ionic-webview/GCDWebServerFileResponse.m"; sourceTree = "<group>"; fileEncoding = 4; lastKnownFileType = sourcecode.c.objc; explicitFileType = undefined; includeInIndex = 0; };
		0191670EC243418BB22A035C /* GCDWebServerStreamedResponse.m */ = {isa = PBXFileReference; name = "GCDWebServerStreamedResponse.m"; path = "cordova-plugin-ionic-webview/GCDWebServerStreamedResponse.m"; sourceTree = "<group>"; fileEncoding = 4; lastKnownFileType = sourcecode.c.objc; explicitFileType = undefined; includeInIndex = 0; };
		33478AF43F2A4F2CB5C6B173 /* CDVWKWebViewEngine.h */ = {isa = PBXFileReference; name = "CDVWKWebViewEngine.h"; path = "cordova-plugin-ionic-webview/CDVWKWebViewEngine.h"; sourceTree = "<group>"; fileEncoding = 4; lastKnownFileType = sourcecode.c.h; explicitFileType = undefined; includeInIndex = 0; };
		BCF9AA56EE504A7988C00901 /* CDVWKWebViewUIDelegate.h */ = {isa = PBXFileReference; name = "CDVWKWebViewUIDelegate.h"; path = "cordova-plugin-ionic-webview/CDVWKWebViewUIDelegate.h"; sourceTree = "<group>"; fileEncoding = 4; lastKnownFileType = sourcecode.c.h; explicitFileType = undefined; includeInIndex = 0; };
		58869344B2554DDCAE8FCD69 /* CDVWKProcessPoolFactory.h */ = {isa = PBXFileReference; name = "CDVWKProcessPoolFactory.h"; path = "cordova-plugin-ionic-webview/CDVWKProcessPoolFactory.h"; sourceTree = "<group>"; fileEncoding = 4; lastKnownFileType = sourcecode.c.h; explicitFileType = undefined; includeInIndex = 0; };
		564A19AA290842308818C766 /* GCDWebServer.h */ = {isa = PBXFileReference; name = "GCDWebServer.h"; path = "cordova-plugin-ionic-webview/GCDWebServer.h"; sourceTree = "<group>"; fileEncoding = 4; lastKnownFileType = sourcecode.c.h; explicitFileType = undefined; includeInIndex = 0; };
		B443CD5B549140F2AA642D65 /* GCDWebServerConnection.h */ = {isa = PBXFileReference; name = "GCDWebServerConnection.h"; path = "cordova-plugin-ionic-webview/GCDWebServerConnection.h"; sourceTree = "<group>"; fileEncoding = 4; lastKnownFileType = sourcecode.c.h; explicitFileType = undefined; includeInIndex = 0; };
		C3561A7F547F4A029FAE17A8 /* GCDWebServerFunctions.h */ = {isa = PBXFileReference; name = "GCDWebServerFunctions.h"; path = "cordova-plugin-ionic-webview/GCDWebServerFunctions.h"; sourceTree = "<group>"; fileEncoding = 4; lastKnownFileType = sourcecode.c.h; explicitFileType = undefined; includeInIndex = 0; };
		4447733FA27F45F5AD1E37F8 /* GCDWebServerHTTPStatusCodes.h */ = {isa = PBXFileReference; name = "GCDWebServerHTTPStatusCodes.h"; path = "cordova-plugin-ionic-webview/GCDWebServerHTTPStatusCodes.h"; sourceTree = "<group>"; fileEncoding = 4; lastKnownFileType = sourcecode.c.h; explicitFileType = undefined; includeInIndex = 0; };
		F31BCB350EB140B1A6B9939D /* GCDWebServerPrivate.h */ = {isa = PBXFileReference; name = "GCDWebServerPrivate.h"; path = "cordova-plugin-ionic-webview/GCDWebServerPrivate.h"; sourceTree = "<group>"; fileEncoding = 4; lastKnownFileType = sourcecode.c.h; explicitFileType = undefined; includeInIndex = 0; };
		57418AE301D94F2188B29590 /* GCDWebServerRequest.h */ = {isa = PBXFileReference; name = "GCDWebServerRequest.h"; path = "cordova-plugin-ionic-webview/GCDWebServerRequest.h"; sourceTree = "<group>"; fileEncoding = 4; lastKnownFileType = sourcecode.c.h; explicitFileType = undefined; includeInIndex = 0; };
		0E98563DE822400EAA814CA0 /* GCDWebServerResponse.h */ = {isa = PBXFileReference; name = "GCDWebServerResponse.h"; path = "cordova-plugin-ionic-webview/GCDWebServerResponse.h"; sourceTree = "<group>"; fileEncoding = 4; lastKnownFileType = sourcecode.c.h; explicitFileType = undefined; includeInIndex = 0; };
		4A95B072297B4601A6CD3DDA /* GCDWebServerDataRequest.h */ = {isa = PBXFileReference; name = "GCDWebServerDataRequest.h"; path = "cordova-plugin-ionic-webview/GCDWebServerDataRequest.h"; sourceTree = "<group>"; fileEncoding = 4; lastKnownFileType = sourcecode.c.h; explicitFileType = undefined; includeInIndex = 0; };
		9BE605FD27604D058BD662B0 /* GCDWebServerFileRequest.h */ = {isa = PBXFileReference; name = "GCDWebServerFileRequest.h"; path = "cordova-plugin-ionic-webview/GCDWebServerFileRequest.h"; sourceTree = "<group>"; fileEncoding = 4; lastKnownFileType = sourcecode.c.h; explicitFileType = undefined; includeInIndex = 0; };
		6F1EAC46F88745C5A3F23D27 /* GCDWebServerMultiPartFormRequest.h */ = {isa = PBXFileReference; name = "GCDWebServerMultiPartFormRequest.h"; path = "cordova-plugin-ionic-webview/GCDWebServerMultiPartFormRequest.h"; sourceTree = "<group>"; fileEncoding = 4; lastKnownFileType = sourcecode.c.h; explicitFileType = undefined; includeInIndex = 0; };
		5AEFFB68037F460E8E87D9DF /* GCDWebServerURLEncodedFormRequest.h */ = {isa = PBXFileReference; name = "GCDWebServerURLEncodedFormRequest.h"; path = "cordova-plugin-ionic-webview/GCDWebServerURLEncodedFormRequest.h"; sourceTree = "<group>"; fileEncoding = 4; lastKnownFileType = sourcecode.c.h; explicitFileType = undefined; includeInIndex = 0; };
		2E74F64BF9904FA1B27AE720 /* GCDWebServerDataResponse.h */ = {isa = PBXFileReference; name = "GCDWebServerDataResponse.h"; path = "cordova-plugin-ionic-webview/GCDWebServerDataResponse.h"; sourceTree = "<group>"; fileEncoding = 4; lastKnownFileType = sourcecode.c.h; explicitFileType = undefined; includeInIndex = 0; };
		91AA240FBA4D4F86990E2CBA /* GCDWebServerErrorResponse.h */ = {isa = PBXFileReference; name = "GCDWebServerErrorResponse.h"; path = "cordova-plugin-ionic-webview/GCDWebServerErrorResponse.h"; sourceTree = "<group>"; fileEncoding = 4; lastKnownFileType = sourcecode.c.h; explicitFileType = undefined; includeInIndex = 0; };
		E21A9EB065734F2EB4DA71EC /* GCDWebServerFileResponse.h */ = {isa = PBXFileReference; name = "GCDWebServerFileResponse.h"; path = "cordova-plugin-ionic-webview/GCDWebServerFileResponse.h"; sourceTree = "<group>"; fileEncoding = 4; lastKnownFileType = sourcecode.c.h; explicitFileType = undefined; includeInIndex = 0; };
		ACBC7ABF86704C78B55C826A /* GCDWebServerStreamedResponse.h */ = {isa = PBXFileReference; name = "GCDWebServerStreamedResponse.h"; path = "cordova-plugin-ionic-webview/GCDWebServerStreamedResponse.h"; sourceTree = "<group>"; fileEncoding = 4; lastKnownFileType = sourcecode.c.h; explicitFileType = undefined; includeInIndex = 0; };
		A3D2921DF944477695E6CC9A /* WebKit.framework */ = {isa = PBXFileReference; name = "WebKit.framework"; path = "System/Library/Frameworks/WebKit.framework"; sourceTree = SDKROOT; fileEncoding = undefined; lastKnownFileType = wrapper.framework; explicitFileType = undefined; includeInIndex = 0; };
		09A4FF34F9314A2BA658D0E7 /* CDVConnection.m */ = {isa = PBXFileReference; name = "CDVConnection.m"; path = "cordova-plugin-network-information/CDVConnection.m"; sourceTree = "<group>"; fileEncoding = 4; lastKnownFileType = sourcecode.c.objc; explicitFileType = undefined; includeInIndex = 0; };
		B9C626AA68F1486B90D59A92 /* CDVReachability.m */ = {isa = PBXFileReference; name = "CDVReachability.m"; path = "cordova-plugin-network-information/CDVReachability.m"; sourceTree = "<group>"; fileEncoding = 4; lastKnownFileType = sourcecode.c.objc; explicitFileType = undefined; includeInIndex = 0; };
		EAE2E2C1CC5E4CDAA0DD64DA /* CDVConnection.h */ = {isa = PBXFileReference; name = "CDVConnection.h"; path = "cordova-plugin-network-information/CDVConnection.h"; sourceTree = "<group>"; fileEncoding = 4; lastKnownFileType = sourcecode.c.h; explicitFileType = undefined; includeInIndex = 0; };
		DFF540F7B15247D6B550BF93 /* CDVReachability.h */ = {isa = PBXFileReference; name = "CDVReachability.h"; path = "cordova-plugin-network-information/CDVReachability.h"; sourceTree = "<group>"; fileEncoding = 4; lastKnownFileType = sourcecode.c.h; explicitFileType = undefined; includeInIndex = 0; };
		40CE4E187339426CA4278DD2 /* SystemConfiguration.framework */ = {isa = PBXFileReference; name = "SystemConfiguration.framework"; path = "System/Library/Frameworks/SystemConfiguration.framework"; sourceTree = SDKROOT; fileEncoding = undefined; lastKnownFileType = wrapper.framework; explicitFileType = undefined; includeInIndex = 0; };
		5EF01FC925F041E993B8851B /* CoreTelephony.framework */ = {isa = PBXFileReference; name = "CoreTelephony.framework"; path = "System/Library/Frameworks/CoreTelephony.framework"; sourceTree = SDKROOT; fileEncoding = undefined; lastKnownFileType = wrapper.framework; explicitFileType = undefined; includeInIndex = 0; };
		5EE6EE3A33684ECC81BE972D /* CDVOrientation.m */ = {isa = PBXFileReference; name = "CDVOrientation.m"; path = "cordova-plugin-screen-orientation/CDVOrientation.m"; sourceTree = "<group>"; fileEncoding = 4; lastKnownFileType = sourcecode.c.objc; explicitFileType = undefined; includeInIndex = 0; };
		5B58167F98374EFE8830390F /* CDVOrientation.h */ = {isa = PBXFileReference; name = "CDVOrientation.h"; path = "cordova-plugin-screen-orientation/CDVOrientation.h"; sourceTree = "<group>"; fileEncoding = 4; lastKnownFileType = sourcecode.c.h; explicitFileType = undefined; includeInIndex = 0; };
		77C24BCF701545AFAD53E9CC /* CDVSplashScreen.m */ = {isa = PBXFileReference; name = "CDVSplashScreen.m"; path = "cordova-plugin-splashscreen/CDVSplashScreen.m"; sourceTree = "<group>"; fileEncoding = 4; lastKnownFileType = sourcecode.c.objc; explicitFileType = undefined; includeInIndex = 0; };
		C5C3596B79C0432DABFC7882 /* CDVViewController+SplashScreen.m */ = {isa = PBXFileReference; name = "CDVViewController+SplashScreen.m"; path = "cordova-plugin-splashscreen/CDVViewController+SplashScreen.m"; sourceTree = "<group>"; fileEncoding = 4; lastKnownFileType = sourcecode.c.objc; explicitFileType = undefined; includeInIndex = 0; };
		621CC7D836394E75983DF434 /* CDVSplashScreen.h */ = {isa = PBXFileReference; name = "CDVSplashScreen.h"; path = "cordova-plugin-splashscreen/CDVSplashScreen.h"; sourceTree = "<group>"; fileEncoding = 4; lastKnownFileType = sourcecode.c.h; explicitFileType = undefined; includeInIndex = 0; };
		6023AACA52C0439E9D2FD4EC /* CDVViewController+SplashScreen.h */ = {isa = PBXFileReference; name = "CDVViewController+SplashScreen.h"; path = "cordova-plugin-splashscreen/CDVViewController+SplashScreen.h"; sourceTree = "<group>"; fileEncoding = 4; lastKnownFileType = sourcecode.c.h; explicitFileType = undefined; includeInIndex = 0; };
		FD81CED0BD10435F8D7DD2AB /* CDVStatusBar.m */ = {isa = PBXFileReference; name = "CDVStatusBar.m"; path = "cordova-plugin-statusbar/CDVStatusBar.m"; sourceTree = "<group>"; fileEncoding = 4; lastKnownFileType = sourcecode.c.objc; explicitFileType = undefined; includeInIndex = 0; };
		83F07DC5B2B74B868DF1FE1D /* CDVStatusBar.h */ = {isa = PBXFileReference; name = "CDVStatusBar.h"; path = "cordova-plugin-statusbar/CDVStatusBar.h"; sourceTree = "<group>"; fileEncoding = 4; lastKnownFileType = sourcecode.c.h; explicitFileType = undefined; includeInIndex = 0; };
		72A3066952364FF0B07C4DA5 /* Toast+UIView.m */ = {isa = PBXFileReference; name = "Toast+UIView.m"; path = "cordova-plugin-x-toast/Toast+UIView.m"; sourceTree = "<group>"; fileEncoding = 4; lastKnownFileType = sourcecode.c.objc; explicitFileType = undefined; includeInIndex = 0; };
		784A45713B9D40A791FAA545 /* Toast.m */ = {isa = PBXFileReference; name = "Toast.m"; path = "cordova-plugin-x-toast/Toast.m"; sourceTree = "<group>"; fileEncoding = 4; lastKnownFileType = sourcecode.c.objc; explicitFileType = undefined; includeInIndex = 0; };
		E83862034028437988F12C37 /* Toast+UIView.h */ = {isa = PBXFileReference; name = "Toast+UIView.h"; path = "cordova-plugin-x-toast/Toast+UIView.h"; sourceTree = "<group>"; fileEncoding = 4; lastKnownFileType = sourcecode.c.h; explicitFileType = undefined; includeInIndex = 0; };
		2CF458C3EF8A471DB67EB390 /* Toast.h */ = {isa = PBXFileReference; name = "Toast.h"; path = "cordova-plugin-x-toast/Toast.h"; sourceTree = "<group>"; fileEncoding = 4; lastKnownFileType = sourcecode.c.h; explicitFileType = undefined; includeInIndex = 0; };
		F6A0DEC558144D27A5D19969 /* QuartzCore.framework */ = {isa = PBXFileReference; name = "QuartzCore.framework"; path = "System/Library/Frameworks/QuartzCore.framework"; sourceTree = SDKROOT; fileEncoding = undefined; lastKnownFileType = wrapper.framework; explicitFileType = undefined; includeInIndex = 0; };
		443CFAA350FB4CA980DA21B0 /* SQLitePlugin.m */ = {isa = PBXFileReference; name = "SQLitePlugin.m"; path = "cordova-sqlite-storage/SQLitePlugin.m"; sourceTree = "<group>"; fileEncoding = 4; lastKnownFileType = sourcecode.c.objc; explicitFileType = undefined; includeInIndex = 0; };
		227F6EC0C61D45869BE13081 /* PSPDFThreadSafeMutableDictionary.m */ = {isa = PBXFileReference; name = "PSPDFThreadSafeMutableDictionary.m"; path = "cordova-sqlite-storage/PSPDFThreadSafeMutableDictionary.m"; sourceTree = "<group>"; fileEncoding = 4; lastKnownFileType = sourcecode.c.objc; explicitFileType = undefined; includeInIndex = 0; };
		4BE04662DB5F4D4B9FFC288F /* sqlite3.c */ = {isa = PBXFileReference; name = "sqlite3.c"; path = "cordova-sqlite-storage/sqlite3.c"; sourceTree = "<group>"; fileEncoding = undefined; lastKnownFileType = unknown; explicitFileType = undefined; includeInIndex = 0; };
		19BA7E40B69E4BCEB581D9E1 /* SQLitePlugin.h */ = {isa = PBXFileReference; name = "SQLitePlugin.h"; path = "cordova-sqlite-storage/SQLitePlugin.h"; sourceTree = "<group>"; fileEncoding = 4; lastKnownFileType = sourcecode.c.h; explicitFileType = undefined; includeInIndex = 0; };
		836B81A7BCFF4FB79D539DF7 /* PSPDFThreadSafeMutableDictionary.h */ = {isa = PBXFileReference; name = "PSPDFThreadSafeMutableDictionary.h"; path = "cordova-sqlite-storage/PSPDFThreadSafeMutableDictionary.h"; sourceTree = "<group>"; fileEncoding = 4; lastKnownFileType = sourcecode.c.h; explicitFileType = undefined; includeInIndex = 0; };
		198E1199E94A4C3F859F2D49 /* sqlite3.h */ = {isa = PBXFileReference; name = "sqlite3.h"; path = "cordova-sqlite-storage/sqlite3.h"; sourceTree = "<group>"; fileEncoding = 4; lastKnownFileType = sourcecode.c.h; explicitFileType = undefined; includeInIndex = 0; };
		A442F666991E48ED84B940D2 /* IonicKeyboard.m */ = {isa = PBXFileReference; name = "IonicKeyboard.m"; path = "ionic-plugin-keyboard/IonicKeyboard.m"; sourceTree = "<group>"; fileEncoding = 4; lastKnownFileType = sourcecode.c.objc; explicitFileType = undefined; includeInIndex = 0; };
		C3E77FB28F4D4008B9EF40C9 /* IonicKeyboard.h */ = {isa = PBXFileReference; name = "IonicKeyboard.h"; path = "ionic-plugin-keyboard/IonicKeyboard.h"; sourceTree = "<group>"; fileEncoding = 4; lastKnownFileType = sourcecode.c.h; explicitFileType = undefined; includeInIndex = 0; };
		E2D2B6E1AE524CDEA27B31A1 /* CDVBarcodeScanner.mm */ = {isa = PBXFileReference; name = "CDVBarcodeScanner.mm"; path = "phonegap-plugin-barcodescanner/CDVBarcodeScanner.mm"; sourceTree = "<group>"; fileEncoding = undefined; lastKnownFileType = unknown; explicitFileType = undefined; includeInIndex = 0; };
		AECE0F63CD2D4F0ABA276821 /* scannerOverlay.xib */ = {isa = PBXFileReference; name = "scannerOverlay.xib"; path = "scannerOverlay.xib"; sourceTree = "<group>"; fileEncoding = undefined; lastKnownFileType = file.xib; explicitFileType = undefined; includeInIndex = 0; };
		146002D760D24F3E9DCDEBBF /* CDVBarcodeScanner.bundle */ = {isa = PBXFileReference; name = "CDVBarcodeScanner.bundle"; path = "CDVBarcodeScanner.bundle"; sourceTree = "<group>"; fileEncoding = undefined; lastKnownFileType = wrapper.plug-in; explicitFileType = undefined; includeInIndex = 0; };
		5DCC5F48ACE04EE2A1A634F2 /* FCMPlugin.m */ = {isa = PBXFileReference; name = "FCMPlugin.m"; path = "cordova-plugin-fcm-with-dependecy-updated/FCMPlugin.m"; sourceTree = "<group>"; fileEncoding = 4; lastKnownFileType = sourcecode.c.objc; explicitFileType = undefined; includeInIndex = 0; };
		73FF2B6BDE1B40CDA75EA84B /* AppDelegate+FCMPlugin.m */ = {isa = PBXFileReference; name = "AppDelegate+FCMPlugin.m"; path = "cordova-plugin-fcm-with-dependecy-updated/AppDelegate+FCMPlugin.m"; sourceTree = "<group>"; fileEncoding = 4; lastKnownFileType = sourcecode.c.objc; explicitFileType = undefined; includeInIndex = 0; };
		297A896B4C8046F4A2B3A34B /* FCMPlugin.h */ = {isa = PBXFileReference; name = "FCMPlugin.h"; path = "cordova-plugin-fcm-with-dependecy-updated/FCMPlugin.h"; sourceTree = "<group>"; fileEncoding = 4; lastKnownFileType = sourcecode.c.h; explicitFileType = undefined; includeInIndex = 0; };
		7C4E1586C5D04E5BAF450649 /* AppDelegate+FCMPlugin.h */ = {isa = PBXFileReference; name = "AppDelegate+FCMPlugin.h"; path = "cordova-plugin-fcm-with-dependecy-updated/AppDelegate+FCMPlugin.h"; sourceTree = "<group>"; fileEncoding = 4; lastKnownFileType = sourcecode.c.h; explicitFileType = undefined; includeInIndex = 0; };
		1BED5EE73DA74BCEA5381B0F /* Firebase.h */ = {isa = PBXFileReference; name = "Firebase.h"; path = "cordova-plugin-fcm-with-dependecy-updated/Firebase.h"; sourceTree = "<group>"; fileEncoding = 4; lastKnownFileType = sourcecode.c.h; explicitFileType = undefined; includeInIndex = 0; };
		B053953BCB36408F91253FBA /* GoogleService-Info.plist */ = {isa = PBXFileReference; name = "GoogleService-Info.plist"; path = "Resources/GoogleService-Info.plist"; sourceTree = "<group>"; fileEncoding = 4; lastKnownFileType = text.plist.xml; explicitFileType = undefined; includeInIndex = 0; };
		7F677576087A4F2389F1A9FF /* FirebaseAnalytics.framework */ = {isa = PBXFileReference; name = "FirebaseAnalytics.framework"; path = "IdeaElan/Plugins/cordova-plugin-fcm-with-dependecy-updated/FirebaseAnalytics.framework"; sourceTree = "<group>"; fileEncoding = undefined; lastKnownFileType = wrapper.framework; explicitFileType = undefined; includeInIndex = 0; };
		6B74D028DF5A4B3E94C83971 /* FirebaseCore.framework */ = {isa = PBXFileReference; name = "FirebaseCore.framework"; path = "IdeaElan/Plugins/cordova-plugin-fcm-with-dependecy-updated/FirebaseCore.framework"; sourceTree = "<group>"; fileEncoding = undefined; lastKnownFileType = wrapper.framework; explicitFileType = undefined; includeInIndex = 0; };
		A5CC4584427E41479F350649 /* FirebaseInstanceID.framework */ = {isa = PBXFileReference; name = "FirebaseInstanceID.framework"; path = "IdeaElan/Plugins/cordova-plugin-fcm-with-dependecy-updated/FirebaseInstanceID.framework"; sourceTree = "<group>"; fileEncoding = undefined; lastKnownFileType = wrapper.framework; explicitFileType = undefined; includeInIndex = 0; };
		1A92EDE0A8124C69A896D74B /* FirebaseMessaging.framework */ = {isa = PBXFileReference; name = "FirebaseMessaging.framework"; path = "IdeaElan/Plugins/cordova-plugin-fcm-with-dependecy-updated/FirebaseMessaging.framework"; sourceTree = "<group>"; fileEncoding = undefined; lastKnownFileType = wrapper.framework; explicitFileType = undefined; includeInIndex = 0; };
		379B41D4DD8A414BB24F33A0 /* GoogleInterchangeUtilities.framework */ = {isa = PBXFileReference; name = "GoogleInterchangeUtilities.framework"; path = "IdeaElan/Plugins/cordova-plugin-fcm-with-dependecy-updated/GoogleInterchangeUtilities.framework"; sourceTree = "<group>"; fileEncoding = undefined; lastKnownFileType = wrapper.framework; explicitFileType = undefined; includeInIndex = 0; };
		26855113383448F194F94126 /* GoogleIPhoneUtilities.framework */ = {isa = PBXFileReference; name = "GoogleIPhoneUtilities.framework"; path = "IdeaElan/Plugins/cordova-plugin-fcm-with-dependecy-updated/GoogleIPhoneUtilities.framework"; sourceTree = "<group>"; fileEncoding = undefined; lastKnownFileType = wrapper.framework; explicitFileType = undefined; includeInIndex = 0; };
		61858CAD26C5414CBEF3F1E8 /* GoogleSymbolUtilities.framework */ = {isa = PBXFileReference; name = "GoogleSymbolUtilities.framework"; path = "IdeaElan/Plugins/cordova-plugin-fcm-with-dependecy-updated/GoogleSymbolUtilities.framework"; sourceTree = "<group>"; fileEncoding = undefined; lastKnownFileType = wrapper.framework; explicitFileType = undefined; includeInIndex = 0; };
		EC8F67A7A27C4051B2266799 /* GoogleUtilities.framework */ = {isa = PBXFileReference; name = "GoogleUtilities.framework"; path = "IdeaElan/Plugins/cordova-plugin-fcm-with-dependecy-updated/GoogleUtilities.framework"; sourceTree = "<group>"; fileEncoding = undefined; lastKnownFileType = wrapper.framework; explicitFileType = undefined; includeInIndex = 0; };
		DB0D8E2144804A9CBB961D5B /* libc++.tbd */ = {isa = PBXFileReference; name = "libc++.tbd"; path = "usr/lib/libc++.tbd"; sourceTree = SDKROOT; fileEncoding = undefined; lastKnownFileType = sourcecode.text-based-dylib-definition; explicitFileType = undefined; includeInIndex = 0; };
		DCACD4F709D74644BD2B270A /* AddressBook.framework */ = {isa = PBXFileReference; name = "AddressBook.framework"; path = "System/Library/Frameworks/AddressBook.framework"; sourceTree = SDKROOT; fileEncoding = undefined; lastKnownFileType = wrapper.framework; explicitFileType = undefined; includeInIndex = 0; };
		F143CF14DCF946EB891C4526 /* libsqlite3.0.tbd */ = {isa = PBXFileReference; name = "libsqlite3.0.tbd"; path = "usr/lib/libsqlite3.0.tbd"; sourceTree = SDKROOT; fileEncoding = undefined; lastKnownFileType = sourcecode.text-based-dylib-definition; explicitFileType = undefined; includeInIndex = 0; };
/* End PBXFileReference section */

/* Begin PBXFrameworksBuildPhase section */
		1D60588F0D05DD3D006BFB54 /* Frameworks */ = {
			isa = PBXFrameworksBuildPhase;
			buildActionMask = 2147483647;
			files = (
				301BF552109A68D80062928A /* libCordova.a in Frameworks */,
				36AC8EF8BF4F416DB481BA14 /* ApiAI.framework in Frameworks */,
				2ADE3D7DE8D7481E8EB28017 /* Security.framework in Frameworks */,
				D375451284AB41AE8BBB2476 /* Foundation.framework in Frameworks */,
				61E1015777CC4E6BB0B51EAC /* CoreAudio.framework in Frameworks */,
				3093AD07859C4BB2A38F7F36 /* AudioToolbox.framework in Frameworks */,
				976F9764C4094B3783FB450C /* EventKit.framework in Frameworks */,
				D70C4C6561B541329E2C497D /* EventKitUI.framework in Frameworks */,
				616BA60F7C73435991E8BDEE /* ImageIO.framework in Frameworks */,
				233E412AF5F743D8A37EF682 /* CoreLocation.framework in Frameworks */,
				99E0635EA7FA4C8FBED88765 /* AVFoundation.framework in Frameworks */,
				E9A86163BD054B15A0B2F909 /* MessageUI.framework in Frameworks */,
				BA3A931037E7482FA0B2FA97 /* libz.tbd in Frameworks */,
				A1EEBBFF8E494015BE7542C5 /* Crashlytics.framework in Frameworks */,
				39FC6AA48B854A58BAD7170D /* Fabric.framework in Frameworks */,
				067E2C7DC03745F0861FB29A /* GoogleAppMeasurement.framework in Frameworks */,
				4F107921816F402B97C1D478 /* MeasurementNanoPB.framework in Frameworks */,
				BD7F39DC82A34A51A8ADF6A7 /* FirebaseCore.framework in Frameworks */,
				B3AE4F1F21704C37A8920DF4 /* FirebaseAnalytics.framework in Frameworks */,
				2C9E37147EE1491E835755C4 /* GoogleUtilities.framework in Frameworks */,
				0E2695BEDCA34CDAA8EC6C8A /* nanopb.framework in Frameworks */,
				08AC2194A0EB4FA2B090CECA /* FirebaseInstanceID.framework in Frameworks */,
				B6DC0B9653C743318A697DCD /* FirebaseCoreDiagnostics.framework in Frameworks */,
				10E0ADC64D524BE0AF16BC93 /* GTMSessionFetcher.framework in Frameworks */,
				3D5AFFE61B4040D6BA67C4FB /* FirebaseAuth.framework in Frameworks */,
				311B252B9ED44B489308C569 /* FirebaseMessaging.framework in Frameworks */,
				222060B277D54987B6804093 /* GoogleToolboxForMac.framework in Frameworks */,
				D37C5067D5824CB28E193897 /* FirebasePerformance.framework in Frameworks */,
				6698CCC2FAD6462682389364 /* Protobuf.framework in Frameworks */,
				648C18F1706D4D3FB66B8290 /* FirebaseRemoteConfig.framework in Frameworks */,
				6DF93F42318D46BDBDCDE275 /* FirebaseABTesting.framework in Frameworks */,
				5BA4757F05EB47A3959A0A11 /* WebKit.framework in Frameworks */,
				349078A16ACB4449810134A8 /* SystemConfiguration.framework in Frameworks */,
				8EE0281A9DA6422C94EB0AD2 /* CoreTelephony.framework in Frameworks */,
				8CAF4EE8EBDC4AFCB423FCFF /* QuartzCore.framework in Frameworks */,
				B79B7BC6E73E4DC4B01D1997 /* FirebaseAnalytics.framework in Frameworks */,
				4DE83CED898D41E6ABBB3534 /* FirebaseCore.framework in Frameworks */,
				DF0B369097914A6BA3381773 /* FirebaseInstanceID.framework in Frameworks */,
				990471F4200A46BA860322C2 /* FirebaseMessaging.framework in Frameworks */,
				01FDDF6D06D1471A90928930 /* GoogleInterchangeUtilities.framework in Frameworks */,
				79E80C59993F4048BBD153DA /* GoogleIPhoneUtilities.framework in Frameworks */,
				690ADE2E4246472E931EB9BB /* GoogleSymbolUtilities.framework in Frameworks */,
				3BFA90D21F4B48B894EA517F /* GoogleUtilities.framework in Frameworks */,
				F71B307AB4F24C5CAB20DF24 /* libc++.tbd in Frameworks */,
				6AC2138DB12B49ECA16D1599 /* AddressBook.framework in Frameworks */,
				C19E97619E7644CEA179FC74 /* libsqlite3.0.tbd in Frameworks */,
			);
			runOnlyForDeploymentPostprocessing = 0;
		};
/* End PBXFrameworksBuildPhase section */

/* Begin PBXGroup section */
		080E96DDFE201D6D7F000001 /* Classes */ = {
			isa = PBXGroup;
			children = (
				302D95EE14D2391D003F00A1 /* MainViewController.h */,
				302D95EF14D2391D003F00A1 /* MainViewController.m */,
				302D95F014D2391D003F00A1 /* MainViewController.xib */,
				1D3623240D0F684500981E51 /* AppDelegate.h */,
				1D3623250D0F684500981E51 /* AppDelegate.m */,
			);
			name = Classes;
			path = "IdeaElan/Classes";
			sourceTree = SOURCE_ROOT;
		};
		19C28FACFE9D520D11CA2CBB /* Products */ = {
			isa = PBXGroup;
			children = (
				1D6058910D05DD3D006BFB54 /* IdeaElan.app */,
			);
			name = Products;
			sourceTree = "<group>";
		};
		29B97314FDCFA39411CA2CEA /* CustomTemplate */ = {
			isa = PBXGroup;
			children = (
				EB87FDF41871DAF40020F90C /* config.xml */,
				EB87FDF31871DA8E0020F90C /* www */,
				EB87FDF11871DA420020F90C /* Staging */,
				301BF52D109A57CC0062928A /* CordovaLib.xcodeproj */,
				080E96DDFE201D6D7F000001 /* Classes */,
				307C750510C5A3420062BCA9 /* Plugins */,
				29B97315FDCFA39411CA2CEA /* Other Sources */,
				29B97317FDCFA39411CA2CEA /* Resources */,
				29B97323FDCFA39411CA2CEA /* Frameworks */,
				19C28FACFE9D520D11CA2CBB /* Products */,
			);
			name = CustomTemplate;
			sourceTree = "<group>";
		};
		29B97315FDCFA39411CA2CEA /* Other Sources */ = {
			isa = PBXGroup;
			children = (
				32CA4F630368D1EE00C91783 /* IdeaElan-Prefix.pch */,
				29B97316FDCFA39411CA2CEA /* main.m */,
				ED33DF2A687741AEAF9F8254 /* Bridging-Header.h */,
			);
			name = "Other Sources";
			path = "IdeaElan";
			sourceTree = "<group>";
		};
		29B97317FDCFA39411CA2CEA /* Resources */ = {
			isa = PBXGroup;
			children = (
				0207DA571B56EA530066E2B4 /* Images.xcassets */,
				3047A50E1AB8057F00498E2A /* config */,
				8D1107310486CEB800E47090 /* IdeaElan-Info.plist */,
				6AFF5BF81D6E424B00AB3073 /* CDVLaunchScreen.storyboard */,
				6B6F1214C6154F96BF5E3BDB /* beep.caf */,
				5E361D80B0254DA0B3E903E9 /* DatePicker.xib */,
				AECE0F63CD2D4F0ABA276821 /* scannerOverlay.xib */,
				146002D760D24F3E9DCDEBBF /* CDVBarcodeScanner.bundle */,
				B053953BCB36408F91253FBA /* GoogleService-Info.plist */,
			);
			name = Resources;
			path = "IdeaElan/Resources";
			sourceTree = "<group>";
		};
		29B97323FDCFA39411CA2CEA /* Frameworks */ = {
			isa = PBXGroup;
			children = (
				0B643979E2DA4BEEB6DFBB09 /* ApiAI.framework */,
				6915FFF255534C318DF4F9F2 /* Security.framework */,
				E36637928E9C49E78E7137C4 /* Foundation.framework */,
				C75CDAFA848F43B4A3E2E09F /* CoreAudio.framework */,
				60D3C791637B415B81A5032B /* AudioToolbox.framework */,
				7DD77D912A4F448E9B2CE41E /* EventKit.framework */,
				7A167E9052394C7688CA52D5 /* EventKitUI.framework */,
				8A0007E84EB74349B6DC3A27 /* ImageIO.framework */,
				961F5A649C244B73A98D8EC9 /* CoreLocation.framework */,
				ACF0027FFFBE45A6948499F0 /* AVFoundation.framework */,
				D8271201CA77461087D9EED9 /* MessageUI.framework */,
				F27BC19746F74EE7A19EAF53 /* libz.tbd */,
				BE5D8C41DACB47F3BCA2F133 /* Crashlytics.framework */,
				BBDCDF7C4D9446A29248908E /* Fabric.framework */,
				77CB8E9EF34443DABD1591B0 /* GoogleAppMeasurement.framework */,
				4DB1CCAD76F249098852083E /* MeasurementNanoPB.framework */,
				264A7C146AD04D10AA4F9EC1 /* FirebaseCore.framework */,
				B914F660E9BC4C448BC8529B /* FirebaseAnalytics.framework */,
				CA3A7DA5FA384A5C99643363 /* GoogleUtilities.framework */,
				067D010CE95748ECB099DD37 /* nanopb.framework */,
				16E15DE060954650A7D65FE4 /* FirebaseInstanceID.framework */,
				7826B5EED6BF432393192A03 /* FirebaseCoreDiagnostics.framework */,
				06142FA01A3347048FAFE51C /* GTMSessionFetcher.framework */,
				22461C9B6D0A4B74BA249AE2 /* FirebaseAuth.framework */,
				7F4652667B6343028196B6AE /* FirebaseMessaging.framework */,
				D806BD5B80E445EF8C745D84 /* GoogleToolboxForMac.framework */,
				D8C0EF8FE1E3478FB9A0CC3B /* FirebasePerformance.framework */,
				7B794D303BAE433B82F108D7 /* Protobuf.framework */,
				A683A8A72EBD4C6B8147BEE2 /* FirebaseRemoteConfig.framework */,
				4103C80B9A864722AF967E72 /* FirebaseABTesting.framework */,
				A3D2921DF944477695E6CC9A /* WebKit.framework */,
				40CE4E187339426CA4278DD2 /* SystemConfiguration.framework */,
				5EF01FC925F041E993B8851B /* CoreTelephony.framework */,
				F6A0DEC558144D27A5D19969 /* QuartzCore.framework */,
				7F677576087A4F2389F1A9FF /* FirebaseAnalytics.framework */,
				6B74D028DF5A4B3E94C83971 /* FirebaseCore.framework */,
				A5CC4584427E41479F350649 /* FirebaseInstanceID.framework */,
				1A92EDE0A8124C69A896D74B /* FirebaseMessaging.framework */,
				379B41D4DD8A414BB24F33A0 /* GoogleInterchangeUtilities.framework */,
				26855113383448F194F94126 /* GoogleIPhoneUtilities.framework */,
				61858CAD26C5414CBEF3F1E8 /* GoogleSymbolUtilities.framework */,
				EC8F67A7A27C4051B2266799 /* GoogleUtilities.framework */,
				DB0D8E2144804A9CBB961D5B /* libc++.tbd */,
				DCACD4F709D74644BD2B270A /* AddressBook.framework */,
				F143CF14DCF946EB891C4526 /* libsqlite3.0.tbd */,
			);
			name = Frameworks;
			sourceTree = "<group>";
		};
		301BF52E109A57CC0062928A /* Products */ = {
			isa = PBXGroup;
			children = (
				301BF535109A57CC0062928A /* libCordova.a */,
			);
			name = Products;
			sourceTree = "<group>";
		};
		3047A50E1AB8057F00498E2A /* config */ = {
			isa = PBXGroup;
			children = (
				3047A50F1AB8059700498E2A /* build-debug.xcconfig */,
				3047A5101AB8059700498E2A /* build-release.xcconfig */,
				3047A5111AB8059700498E2A /* build.xcconfig */,
			);
			name = config;
			sourceTree = "<group>";
		};
		307C750510C5A3420062BCA9 /* Plugins */ = {
			isa = PBXGroup;
			children = (
				944B91B3CDC0474194A8C6AF /* ApiAIPlugin.m */,
				5B3FDB1962FA46D79F8E87D2 /* ApiAIPlugin.h */,
				CEC2D0EAA3D24E2DB9F6F456 /* Calendar.m */,
				8624A7D783134275B44DBE1A /* Calendar.h */,
				D63F491BAF8A4EEA9656A69D /* UIImage+CropScaleOrientation.m */,
				C3348438D9944CA8897FA775 /* CDVCamera.m */,
				DA77DDBC63F041CF803229E4 /* CDVJpegHeaderWriter.m */,
				F58658477A484ECEB4E8A153 /* UIImage+CropScaleOrientation.h */,
				1659BA3817984C67AB3012F5 /* CDVCamera.h */,
				788A159846404C1C81261E02 /* CDVJpegHeaderWriter.h */,
				7FADE2E1077B4C5FA9CB0678 /* CDVExif.h */,
				A3AEA396B4DD40C68E51B4E2 /* DatePicker.m */,
				DFF533FDE92C48DD80774FDE /* DatePicker.h */,
				C59582B262F3470D88566EF1 /* CDVDevice.m */,
				BFD3DD8788B14F189D101A07 /* CDVDevice.h */,
				57C1C6DD718F42A6877196B3 /* APPEmailComposer.m */,
				97E986CAFA1F4F68BD8F04A6 /* APPEmailComposerImpl.m */,
				6045256012954087B0CDD7A0 /* APPEmailComposer.h */,
				D47ADE8EF4B445D688587958 /* APPEmailComposerImpl.h */,
				1DC8E78984E145E695F64487 /* AppDelegate+FirebasePlugin.m */,
				9912F836FF064DCE82C91D9C /* FirebasePlugin.m */,
				2B5E27B04B17467FBB91A862 /* AppDelegate+FirebasePlugin.h */,
				758494A80390424D8D34DEED /* FirebasePlugin.h */,
				A0433DF33BB54E1BA63963E5 /* Firebase.h */,
				84B073654F2448EDB910A4A3 /* CDVIonicKeyboard.m */,
				AEDE53DEDCD548D1AACBB869 /* CDVIonicKeyboard.h */,
				2AC10F333DA446F5A61F2818 /* CDVWKWebViewEngine.m */,
				68E335A849E345D596FD0175 /* CDVWKWebViewUIDelegate.m */,
				BF56C1EF86054582BE90AD0D /* CDVWKProcessPoolFactory.m */,
				9E392D23A88E46EDBD34529B /* GCDWebServer.m */,
				E99C656039514A3294153A68 /* GCDWebServerConnection.m */,
				417E46A5B2054FC98C10AF49 /* GCDWebServerFunctions.m */,
				60D684025F2240A193542F56 /* GCDWebServerRequest.m */,
				6AEE73C2425E4861AEC6EE61 /* GCDWebServerResponse.m */,
				5809BE04F67444C787EAA2A8 /* GCDWebServerDataRequest.m */,
				F7D0983E4A0745E2BCA0E903 /* GCDWebServerFileRequest.m */,
				C44AAE8B23CD48E59014E0DE /* GCDWebServerMultiPartFormRequest.m */,
				D0B98C7E54BF45BF9FA8A123 /* GCDWebServerURLEncodedFormRequest.m */,
				531E6ED89E2F44E79699E96D /* GCDWebServerDataResponse.m */,
				F8859121A39D4C69A43778B1 /* GCDWebServerErrorResponse.m */,
				3611500730F8430C95177B2A /* GCDWebServerFileResponse.m */,
				0191670EC243418BB22A035C /* GCDWebServerStreamedResponse.m */,
				33478AF43F2A4F2CB5C6B173 /* CDVWKWebViewEngine.h */,
				BCF9AA56EE504A7988C00901 /* CDVWKWebViewUIDelegate.h */,
				58869344B2554DDCAE8FCD69 /* CDVWKProcessPoolFactory.h */,
				564A19AA290842308818C766 /* GCDWebServer.h */,
				B443CD5B549140F2AA642D65 /* GCDWebServerConnection.h */,
				C3561A7F547F4A029FAE17A8 /* GCDWebServerFunctions.h */,
				4447733FA27F45F5AD1E37F8 /* GCDWebServerHTTPStatusCodes.h */,
				F31BCB350EB140B1A6B9939D /* GCDWebServerPrivate.h */,
				57418AE301D94F2188B29590 /* GCDWebServerRequest.h */,
				0E98563DE822400EAA814CA0 /* GCDWebServerResponse.h */,
				4A95B072297B4601A6CD3DDA /* GCDWebServerDataRequest.h */,
				9BE605FD27604D058BD662B0 /* GCDWebServerFileRequest.h */,
				6F1EAC46F88745C5A3F23D27 /* GCDWebServerMultiPartFormRequest.h */,
				5AEFFB68037F460E8E87D9DF /* GCDWebServerURLEncodedFormRequest.h */,
				2E74F64BF9904FA1B27AE720 /* GCDWebServerDataResponse.h */,
				91AA240FBA4D4F86990E2CBA /* GCDWebServerErrorResponse.h */,
				E21A9EB065734F2EB4DA71EC /* GCDWebServerFileResponse.h */,
				ACBC7ABF86704C78B55C826A /* GCDWebServerStreamedResponse.h */,
				09A4FF34F9314A2BA658D0E7 /* CDVConnection.m */,
				B9C626AA68F1486B90D59A92 /* CDVReachability.m */,
				EAE2E2C1CC5E4CDAA0DD64DA /* CDVConnection.h */,
				DFF540F7B15247D6B550BF93 /* CDVReachability.h */,
				5EE6EE3A33684ECC81BE972D /* CDVOrientation.m */,
				5B58167F98374EFE8830390F /* CDVOrientation.h */,
				77C24BCF701545AFAD53E9CC /* CDVSplashScreen.m */,
				C5C3596B79C0432DABFC7882 /* CDVViewController+SplashScreen.m */,
				621CC7D836394E75983DF434 /* CDVSplashScreen.h */,
				6023AACA52C0439E9D2FD4EC /* CDVViewController+SplashScreen.h */,
				FD81CED0BD10435F8D7DD2AB /* CDVStatusBar.m */,
				83F07DC5B2B74B868DF1FE1D /* CDVStatusBar.h */,
				72A3066952364FF0B07C4DA5 /* Toast+UIView.m */,
				784A45713B9D40A791FAA545 /* Toast.m */,
				E83862034028437988F12C37 /* Toast+UIView.h */,
				2CF458C3EF8A471DB67EB390 /* Toast.h */,
				443CFAA350FB4CA980DA21B0 /* SQLitePlugin.m */,
				227F6EC0C61D45869BE13081 /* PSPDFThreadSafeMutableDictionary.m */,
				4BE04662DB5F4D4B9FFC288F /* sqlite3.c */,
				19BA7E40B69E4BCEB581D9E1 /* SQLitePlugin.h */,
				836B81A7BCFF4FB79D539DF7 /* PSPDFThreadSafeMutableDictionary.h */,
				198E1199E94A4C3F859F2D49 /* sqlite3.h */,
				A442F666991E48ED84B940D2 /* IonicKeyboard.m */,
				C3E77FB28F4D4008B9EF40C9 /* IonicKeyboard.h */,
				E2D2B6E1AE524CDEA27B31A1 /* CDVBarcodeScanner.mm */,
				5DCC5F48ACE04EE2A1A634F2 /* FCMPlugin.m */,
				73FF2B6BDE1B40CDA75EA84B /* AppDelegate+FCMPlugin.m */,
				297A896B4C8046F4A2B3A34B /* FCMPlugin.h */,
				7C4E1586C5D04E5BAF450649 /* AppDelegate+FCMPlugin.h */,
				1BED5EE73DA74BCEA5381B0F /* Firebase.h */,
			);
			name = Plugins;
			path = "IdeaElan/Plugins";
			sourceTree = SOURCE_ROOT;
		};
		EB87FDF11871DA420020F90C /* Staging */ = {
			isa = PBXGroup;
			children = (
				F840E1F0165FE0F500CFE078 /* config.xml */,
				301BF56E109A69640062928A /* www */,
			);
			name = Staging;
			sourceTree = "<group>";
		};
/* End PBXGroup section */

/* Begin PBXNativeTarget section */
		1D6058900D05DD3D006BFB54 /* IdeaElan */ = {
			isa = PBXNativeTarget;
			buildConfigurationList = 1D6058960D05DD3E006BFB54 /* Build configuration list for PBXNativeTarget "IdeaElan" */;
			buildPhases = (
				304B58A110DAC018002A0835 /* Copy www directory */,
				1D60588D0D05DD3D006BFB54 /* Resources */,
				1D60588E0D05DD3D006BFB54 /* Sources */,
				1D60588F0D05DD3D006BFB54 /* Frameworks */,
			);
			buildRules = (
			);
			dependencies = (
				301BF551109A68C00062928A /* PBXTargetDependency */,
			);
			name = "IdeaElan";
			productName = "IdeaElan";
			productReference = 1D6058910D05DD3D006BFB54 /* IdeaElan.app */;
			productType = "com.apple.product-type.application";
		};
/* End PBXNativeTarget section */

/* Begin PBXProject section */
		29B97313FDCFA39411CA2CEA /* Project object */ = {
			isa = PBXProject;
			attributes = {
				LastUpgradeCheck = 510;
			};
			buildConfigurationList = C01FCF4E08A954540054247B /* Build configuration list for PBXProject "__NON-CLI__" */;
			compatibilityVersion = "Xcode 3.2";
			developmentRegion = English;
			hasScannedForEncodings = 1;
			mainGroup = 29B97314FDCFA39411CA2CEA /* CustomTemplate */;
			projectDirPath = "";
			projectReferences = (
				{
					ProductGroup = 301BF52E109A57CC0062928A /* Products */;
					ProjectRef = 301BF52D109A57CC0062928A /* CordovaLib.xcodeproj */;
				},
			);
			projectRoot = "";
			targets = (
				1D6058900D05DD3D006BFB54 /* IdeaElan */,
			);
		};
/* End PBXProject section */

/* Begin PBXReferenceProxy section */
		301BF535109A57CC0062928A /* libCordova.a */ = {
			isa = PBXReferenceProxy;
			fileType = archive.ar;
			path = libCordova.a;
			remoteRef = 301BF534109A57CC0062928A /* PBXContainerItemProxy */;
			sourceTree = BUILT_PRODUCTS_DIR;
		};
/* End PBXReferenceProxy section */

/* Begin PBXResourcesBuildPhase section */
		1D60588D0D05DD3D006BFB54 /* Resources */ = {
			isa = PBXResourcesBuildPhase;
			buildActionMask = 2147483647;
			files = (
				302D95F214D2391D003F00A1 /* MainViewController.xib in Resources */,
				0207DA581B56EA530066E2B4 /* Images.xcassets in Resources */,
				6AFF5BF91D6E424B00AB3073 /* CDVLaunchScreen.storyboard in Resources */,
				560F5FEC0DF9464C8C9A70A2 /* beep.caf in Resources */,
				4378E766BCFF444B83772DEF /* DatePicker.xib in Resources */,
				57DFF05D681F4F6CBFD56CBD /* scannerOverlay.xib in Resources */,
				B88672D3A14A42058FF8069D /* CDVBarcodeScanner.bundle in Resources */,
				1B88B325E26747038F3250E8 /* GoogleService-Info.plist in Resources */,
			);
			runOnlyForDeploymentPostprocessing = 0;
		};
/* End PBXResourcesBuildPhase section */

/* Begin PBXShellScriptBuildPhase section */
		304B58A110DAC018002A0835 /* Copy www directory */ = {
			isa = PBXShellScriptBuildPhase;
			buildActionMask = 2147483647;
			files = (
			);
			inputPaths = (
			);
			name = "Copy www directory";
			outputPaths = (
			);
			runOnlyForDeploymentPostprocessing = 0;
			shellPath = /bin/sh;
			shellScript = "NODEJS_PATH=/usr/local/bin; NVM_NODE_PATH=~/.nvm/versions/node/`nvm version 2>/dev/null`/bin; N_NODE_PATH=`find /usr/local/n/versions/node/* -maxdepth 0 -type d 2>/dev/null | tail -1`/bin; XCODE_NODE_PATH=`xcode-select --print-path`/usr/share/xcs/Node/bin; PATH=$NODEJS_PATH:$NVM_NODE_PATH:$N_NODE_PATH:$XCODE_NODE_PATH:$PATH && node cordova/lib/copy-www-build-step.js";
			showEnvVarsInLog = 0;
		};
/* End PBXShellScriptBuildPhase section */

/* Begin PBXSourcesBuildPhase section */
		1D60588E0D05DD3D006BFB54 /* Sources */ = {
			isa = PBXSourcesBuildPhase;
			buildActionMask = 2147483647;
			files = (
				1D60589B0D05DD56006BFB54 /* main.m in Sources */,
				1D3623260D0F684500981E51 /* AppDelegate.m in Sources */,
				302D95F114D2391D003F00A1 /* MainViewController.m in Sources */,
				C07297B1FFD542DB98C7E976 /* ApiAIPlugin.m in Sources */,
				EAEF74A4B4CB4612916BB2F3 /* Calendar.m in Sources */,
				6C2F7FD80A7B46378D2678BD /* UIImage+CropScaleOrientation.m in Sources */,
				03F3BA6C119043B2A72F3226 /* CDVCamera.m in Sources */,
				BC2B4EB92BFD4D24BFEF1396 /* CDVJpegHeaderWriter.m in Sources */,
				03C83DEB4F9A44DAB09EBC0D /* DatePicker.m in Sources */,
				AC2FF200C8DF405797950076 /* CDVDevice.m in Sources */,
				57552F9F86094C0AAC0CC585 /* APPEmailComposer.m in Sources */,
				8DBFA8FC2C0E46A2A31BFDC7 /* APPEmailComposerImpl.m in Sources */,
				BD723066B25D41C7BE1E117D /* AppDelegate+FirebasePlugin.m in Sources */,
				D36502F8E8894C779A6333BF /* FirebasePlugin.m in Sources */,
				1A4905D2F0574BD58CFC0A2E /* CDVIonicKeyboard.m in Sources */,
				B832E14630BA4FD194CAF06C /* CDVWKWebViewEngine.m in Sources */,
				F233878064D9432C88A31E6C /* CDVWKWebViewUIDelegate.m in Sources */,
				CC1D212E587E433BA5574255 /* CDVWKProcessPoolFactory.m in Sources */,
				9625C2FFBEBB4B89A30AB04D /* GCDWebServer.m in Sources */,
				E404C04B807F4DBC825008E9 /* GCDWebServerConnection.m in Sources */,
				B159C9B10C394ACC9FD6C812 /* GCDWebServerFunctions.m in Sources */,
				ABFA5C18B110452F8769DDF9 /* GCDWebServerRequest.m in Sources */,
				B2B3A23A99E94AF2835BAF19 /* GCDWebServerResponse.m in Sources */,
				B3FB0CBA4F7F4ACF87271077 /* GCDWebServerDataRequest.m in Sources */,
				D32CB518078341DF9743B91A /* GCDWebServerFileRequest.m in Sources */,
				FF973A39BF1742FD9C298B38 /* GCDWebServerMultiPartFormRequest.m in Sources */,
				23941DB9E82E4B3F9460CF9A /* GCDWebServerURLEncodedFormRequest.m in Sources */,
				A10CD8C226E943E1AD357ED2 /* GCDWebServerDataResponse.m in Sources */,
				F35A1FBF67C1456CBE563381 /* GCDWebServerErrorResponse.m in Sources */,
				7023A2400D6C4C6288E202DB /* GCDWebServerFileResponse.m in Sources */,
				0F72A3360AAF42459876ADD3 /* GCDWebServerStreamedResponse.m in Sources */,
				FAA4784844924C46B1577340 /* CDVConnection.m in Sources */,
				5327F752549F4D4982A3E469 /* CDVReachability.m in Sources */,
				331864DE156D4B5B926EA622 /* CDVOrientation.m in Sources */,
				CD079846F04B4C45A790CC17 /* CDVSplashScreen.m in Sources */,
				73A565EF8D5C423C861BDD64 /* CDVViewController+SplashScreen.m in Sources */,
				DEC58AD9EB16435DA032A782 /* CDVStatusBar.m in Sources */,
				79DD914A29F44BBAB6FEACD2 /* Toast+UIView.m in Sources */,
				AF087E8EAA3D4CAE96268D6B /* Toast.m in Sources */,
				1890D239C7C64CDA9F9D19C5 /* SQLitePlugin.m in Sources */,
				76AF589F83DA47D895D806D6 /* PSPDFThreadSafeMutableDictionary.m in Sources */,
				8E2776E519064C909EB92B08 /* sqlite3.c in Resources */,
				3455205C28C34FD09E35DBD7 /* IonicKeyboard.m in Sources */,
				D11D1DA65ACF44E486C7247D /* CDVBarcodeScanner.mm in Resources */,
				B3224C010CBF422392E43427 /* FCMPlugin.m in Sources */,
				469339D415C0424BA8E9BED6 /* AppDelegate+FCMPlugin.m in Sources */,
			);
			runOnlyForDeploymentPostprocessing = 0;
		};
/* End PBXSourcesBuildPhase section */

/* Begin PBXTargetDependency section */
		301BF551109A68C00062928A /* PBXTargetDependency */ = {
			isa = PBXTargetDependency;
			name = CordovaLib;
			targetProxy = 301BF550109A68C00062928A /* PBXContainerItemProxy */;
		};
/* End PBXTargetDependency section */

/* Begin XCBuildConfiguration section */
		1D6058940D05DD3E006BFB54 /* Debug */ = {
			isa = XCBuildConfiguration;
			baseConfigurationReference = 3047A50F1AB8059700498E2A /* build-debug.xcconfig */;
			buildSettings = {
				ALWAYS_SEARCH_USER_PATHS = NO;
				ASSETCATALOG_COMPILER_APPICON_NAME = AppIcon;
				ASSETCATALOG_COMPILER_LAUNCHIMAGE_NAME = LaunchImage;
				CLANG_ENABLE_MODULES = YES;
				CLANG_ENABLE_OBJC_ARC = YES;
				COPY_PHASE_STRIP = NO;
				GCC_DYNAMIC_NO_PIC = NO;
				GCC_OPTIMIZATION_LEVEL = 0;
				GCC_PRECOMPILE_PREFIX_HEADER = YES;
				GCC_PREFIX_HEADER = "IdeaElan/IdeaElan-Prefix.pch";
				GCC_THUMB_SUPPORT = NO;
				GCC_VERSION = "";
				INFOPLIST_FILE = "IdeaElan/IdeaElan-Info.plist";
				IPHONEOS_DEPLOYMENT_TARGET = 9.0;
				LD_RUNPATH_SEARCH_PATHS = "@executable_path/Frameworks";
				TARGETED_DEVICE_FAMILY = "1,2";
				PRODUCT_NAME = "IdeaElan";
				FRAMEWORK_SEARCH_PATHS = (
					"$(inherited)",
					"\"IdeaElan/Plugins/cordova-plugin-apiai\"",
					"\"IdeaElan/Plugins/cordova-plugin-fcm-with-dependecy-updated\"",
					"\"IdeaElan/Plugins/cordova-plugin-fcm-with-dependecy-updated\"",
					"\"IdeaElan/Plugins/cordova-plugin-fcm-with-dependecy-updated\"",
					"\"IdeaElan/Plugins/cordova-plugin-fcm-with-dependecy-updated\"",
					"\"IdeaElan/Plugins/cordova-plugin-fcm-with-dependecy-updated\"",
					"\"IdeaElan/Plugins/cordova-plugin-fcm-with-dependecy-updated\"",
					"\"IdeaElan/Plugins/cordova-plugin-fcm-with-dependecy-updated\"",
					"\"IdeaElan/Plugins/cordova-plugin-fcm-with-dependecy-updated\"",
					"\"IdeaElan/Plugins/cordova-plugin-firebase\"",
					"\"IdeaElan/Plugins/cordova-plugin-firebase\"",
					"\"IdeaElan/Plugins/cordova-plugin-firebase\"",
					"\"IdeaElan/Plugins/cordova-plugin-firebase\"",
					"\"IdeaElan/Plugins/cordova-plugin-firebase\"",
					"\"IdeaElan/Plugins/cordova-plugin-firebase\"",
					"\"IdeaElan/Plugins/cordova-plugin-firebase\"",
					"\"IdeaElan/Plugins/cordova-plugin-firebase\"",
					"\"IdeaElan/Plugins/cordova-plugin-firebase\"",
					"\"IdeaElan/Plugins/cordova-plugin-firebase\"",
					"\"IdeaElan/Plugins/cordova-plugin-firebase\"",
					"\"IdeaElan/Plugins/cordova-plugin-firebase\"",
					"\"IdeaElan/Plugins/cordova-plugin-firebase\"",
					"\"IdeaElan/Plugins/cordova-plugin-firebase\"",
					"\"IdeaElan/Plugins/cordova-plugin-firebase\"",
					"\"IdeaElan/Plugins/cordova-plugin-firebase\"",
					"\"IdeaElan/Plugins/cordova-plugin-firebase\"",
					"\"IdeaElan/Plugins/cordova-plugin-firebase\"",
					"\"IdeaElan/Plugins/cordova-plugin-fcm-with-dependecy-updated\"",
					"\"IdeaElan/Plugins/cordova-plugin-fcm-with-dependecy-updated\"",
					"\"IdeaElan/Plugins/cordova-plugin-fcm-with-dependecy-updated\"",
					"\"IdeaElan/Plugins/cordova-plugin-fcm-with-dependecy-updated\"",
					"\"IdeaElan/Plugins/cordova-plugin-fcm-with-dependecy-updated\"",
					"\"IdeaElan/Plugins/cordova-plugin-fcm-with-dependecy-updated\"",
					"\"IdeaElan/Plugins/cordova-plugin-fcm-with-dependecy-updated\"",
					"\"IdeaElan/Plugins/cordova-plugin-fcm-with-dependecy-updated\"",
				);
			};
			name = Debug;
		};
		1D6058950D05DD3E006BFB54 /* Release */ = {
			isa = XCBuildConfiguration;
			baseConfigurationReference = 3047A5101AB8059700498E2A /* build-release.xcconfig */;
			buildSettings = {
				ALWAYS_SEARCH_USER_PATHS = NO;
				ASSETCATALOG_COMPILER_APPICON_NAME = AppIcon;
				ASSETCATALOG_COMPILER_LAUNCHIMAGE_NAME = LaunchImage;
				CLANG_ENABLE_MODULES = YES;
				CLANG_ENABLE_OBJC_ARC = YES;
				COPY_PHASE_STRIP = YES;
				GCC_PRECOMPILE_PREFIX_HEADER = YES;
				GCC_PREFIX_HEADER = "IdeaElan/IdeaElan-Prefix.pch";
				GCC_THUMB_SUPPORT = NO;
				GCC_VERSION = "";
				INFOPLIST_FILE = "IdeaElan/IdeaElan-Info.plist";
				IPHONEOS_DEPLOYMENT_TARGET = 9.0;
				LD_RUNPATH_SEARCH_PATHS = "@executable_path/Frameworks";
				TARGETED_DEVICE_FAMILY = "1,2";
				PRODUCT_NAME = "IdeaElan";
				FRAMEWORK_SEARCH_PATHS = (
					"$(inherited)",
					"\"IdeaElan/Plugins/cordova-plugin-apiai\"",
					"\"IdeaElan/Plugins/cordova-plugin-fcm-with-dependecy-updated\"",
					"\"IdeaElan/Plugins/cordova-plugin-fcm-with-dependecy-updated\"",
					"\"IdeaElan/Plugins/cordova-plugin-fcm-with-dependecy-updated\"",
					"\"IdeaElan/Plugins/cordova-plugin-fcm-with-dependecy-updated\"",
					"\"IdeaElan/Plugins/cordova-plugin-fcm-with-dependecy-updated\"",
					"\"IdeaElan/Plugins/cordova-plugin-fcm-with-dependecy-updated\"",
					"\"IdeaElan/Plugins/cordova-plugin-fcm-with-dependecy-updated\"",
					"\"IdeaElan/Plugins/cordova-plugin-fcm-with-dependecy-updated\"",
					"\"IdeaElan/Plugins/cordova-plugin-firebase\"",
					"\"IdeaElan/Plugins/cordova-plugin-firebase\"",
					"\"IdeaElan/Plugins/cordova-plugin-firebase\"",
					"\"IdeaElan/Plugins/cordova-plugin-firebase\"",
					"\"IdeaElan/Plugins/cordova-plugin-firebase\"",
					"\"IdeaElan/Plugins/cordova-plugin-firebase\"",
					"\"IdeaElan/Plugins/cordova-plugin-firebase\"",
					"\"IdeaElan/Plugins/cordova-plugin-firebase\"",
					"\"IdeaElan/Plugins/cordova-plugin-firebase\"",
					"\"IdeaElan/Plugins/cordova-plugin-firebase\"",
					"\"IdeaElan/Plugins/cordova-plugin-firebase\"",
					"\"IdeaElan/Plugins/cordova-plugin-firebase\"",
					"\"IdeaElan/Plugins/cordova-plugin-firebase\"",
					"\"IdeaElan/Plugins/cordova-plugin-firebase\"",
					"\"IdeaElan/Plugins/cordova-plugin-firebase\"",
					"\"IdeaElan/Plugins/cordova-plugin-firebase\"",
					"\"IdeaElan/Plugins/cordova-plugin-firebase\"",
					"\"IdeaElan/Plugins/cordova-plugin-firebase\"",
					"\"IdeaElan/Plugins/cordova-plugin-fcm-with-dependecy-updated\"",
					"\"IdeaElan/Plugins/cordova-plugin-fcm-with-dependecy-updated\"",
					"\"IdeaElan/Plugins/cordova-plugin-fcm-with-dependecy-updated\"",
					"\"IdeaElan/Plugins/cordova-plugin-fcm-with-dependecy-updated\"",
					"\"IdeaElan/Plugins/cordova-plugin-fcm-with-dependecy-updated\"",
					"\"IdeaElan/Plugins/cordova-plugin-fcm-with-dependecy-updated\"",
					"\"IdeaElan/Plugins/cordova-plugin-fcm-with-dependecy-updated\"",
					"\"IdeaElan/Plugins/cordova-plugin-fcm-with-dependecy-updated\"",
				);
			};
			name = Release;
		};
		C01FCF4F08A954540054247B /* Debug */ = {
			isa = XCBuildConfiguration;
			baseConfigurationReference = 3047A5111AB8059700498E2A /* build.xcconfig */;
			buildSettings = {
				CLANG_ENABLE_MODULES = YES;
				CLANG_ENABLE_OBJC_ARC = YES;
				CLANG_WARN_BOOL_CONVERSION = YES;
				CLANG_WARN_CONSTANT_CONVERSION = YES;
				CLANG_WARN_EMPTY_BODY = YES;
				CLANG_WARN_ENUM_CONVERSION = YES;
				CLANG_WARN_INT_CONVERSION = YES;
				CLANG_WARN__DUPLICATE_METHOD_MATCH = YES;
				GCC_C_LANGUAGE_STANDARD = c99;
				GCC_THUMB_SUPPORT = NO;
				GCC_VERSION = "";
				GCC_WARN_ABOUT_RETURN_TYPE = YES;
				GCC_WARN_UNDECLARED_SELECTOR = YES;
				GCC_WARN_UNINITIALIZED_AUTOS = YES;
				GCC_WARN_UNUSED_FUNCTION = YES;
				GCC_WARN_UNUSED_VARIABLE = YES;
				ONLY_ACTIVE_ARCH = YES;
				SDKROOT = iphoneos;
				SKIP_INSTALL = NO;
			};
			name = Debug;
		};
		C01FCF5008A954540054247B /* Release */ = {
			isa = XCBuildConfiguration;
			baseConfigurationReference = 3047A5111AB8059700498E2A /* build.xcconfig */;
			buildSettings = {
				CLANG_ENABLE_MODULES = YES;
				CLANG_ENABLE_OBJC_ARC = YES;
				CLANG_WARN_BOOL_CONVERSION = YES;
				CLANG_WARN_CONSTANT_CONVERSION = YES;
				CLANG_WARN_EMPTY_BODY = YES;
				CLANG_WARN_ENUM_CONVERSION = YES;
				CLANG_WARN_INT_CONVERSION = YES;
				CLANG_WARN__DUPLICATE_METHOD_MATCH = YES;
				GCC_C_LANGUAGE_STANDARD = c99;
				GCC_THUMB_SUPPORT = NO;
				GCC_VERSION = "";
				GCC_WARN_ABOUT_RETURN_TYPE = YES;
				GCC_WARN_UNDECLARED_SELECTOR = YES;
				GCC_WARN_UNINITIALIZED_AUTOS = YES;
				GCC_WARN_UNUSED_FUNCTION = YES;
				GCC_WARN_UNUSED_VARIABLE = YES;
				SDKROOT = iphoneos;
				SKIP_INSTALL = NO;
			};
			name = Release;
		};
/* End XCBuildConfiguration section */

/* Begin XCConfigurationList section */
		1D6058960D05DD3E006BFB54 /* Build configuration list for PBXNativeTarget "IdeaElan" */ = {
			isa = XCConfigurationList;
			buildConfigurations = (
				1D6058940D05DD3E006BFB54 /* Debug */,
				1D6058950D05DD3E006BFB54 /* Release */,
			);
			defaultConfigurationIsVisible = 0;
			defaultConfigurationName = Release;
		};
		C01FCF4E08A954540054247B /* Build configuration list for PBXProject "__NON-CLI__" */ = {
			isa = XCConfigurationList;
			buildConfigurations = (
				C01FCF4F08A954540054247B /* Debug */,
				C01FCF5008A954540054247B /* Release */,
			);
			defaultConfigurationIsVisible = 0;
			defaultConfigurationName = Release;
		};
/* End XCConfigurationList section */
	};
	rootObject = 29B97313FDCFA39411CA2CEA /* Project object */;
}
